
Microsoft Visual Studio Solution File, Format Version 12.00
# Visual Studio 15
VisualStudioVersion = 15.0.27130.0
MinimumVisualStudioVersion = 10.0.40219.1
Project("{FAE04EC0-301F-11D3-BF4B-00C04F79EFBC}") = "CMSWeb", "CmsWeb\CMSWeb.csproj", "{FC942D51-94B5-456B-9683-0BA000A1EAF4}"
	ProjectSection(ProjectDependencies) = postProject
		{ADCF6AAD-A8DE-4304-ABCC-B9FB3908A71F} = {ADCF6AAD-A8DE-4304-ABCC-B9FB3908A71F}
	EndProjectSection
EndProject
Project("{FAE04EC0-301F-11D3-BF4B-00C04F79EFBC}") = "CmsData", "CmsData\CmsData.csproj", "{98AEE43C-4226-49E7-BD46-C1A85467ECED}"
EndProject
Project("{FAE04EC0-301F-11D3-BF4B-00C04F79EFBC}") = "UtilityExtensions", "UtilityExtensions\UtilityExtensions.csproj", "{C504E3D2-5498-451B-BF82-309623706F11}"
EndProject
Project("{FAE04EC0-301F-11D3-BF4B-00C04F79EFBC}") = "ImageData", "ImageData\ImageData.csproj", "{512DA381-E81B-4121-B978-FC850EC88353}"
EndProject
Project("{2150E333-8FDC-42A3-9474-1A3956D46DE8}") = "Libraries", "Libraries", "{2F5AFEE8-D44F-4D81-BC89-4E17A3180C58}"
EndProject
Project("{FAE04EC0-301F-11D3-BF4B-00C04F79EFBC}") = "CmsCheckin", "CmsCheckin\CmsCheckin.csproj", "{6F00AEE1-5D32-4ACF-9B58-D3B3D12A3D04}"
EndProject
Project("{2150E333-8FDC-42A3-9474-1A3956D46DE8}") = "Solution Items", "Solution Items", "{3A0B0841-CE00-4EA1-AEB8-7595CAF9E349}"
	ProjectSection(SolutionItems) = preProject
		ReadMe.md = ReadMe.md
		WE-Markdown.css = WE-Markdown.css
		WE-settings.xml = WE-settings.xml
	EndProjectSection
EndProject
Project("{2150E333-8FDC-42A3-9474-1A3956D46DE8}") = "Tests", "Tests", "{51EB7C8B-702F-4220-9D5B-3021961D4CA1}"
EndProject
Project("{FAE04EC0-301F-11D3-BF4B-00C04F79EFBC}") = "UnitTests", "UnitTests\UnitTests.csproj", "{C72EB456-BD24-4FC8-BAAC-728A641C3E20}"
EndProject
Project("{FAE04EC0-301F-11D3-BF4B-00C04F79EFBC}") = "CmsTwilio", "CmsTwilio\CmsTwilio.csproj", "{ADCF6AAD-A8DE-4304-ABCC-B9FB3908A71F}"
EndProject
Global
	GlobalSection(SolutionConfigurationPlatforms) = preSolution
		Debug|Any CPU = Debug|Any CPU
		Debug|Itanium = Debug|Itanium
		Debug|Mixed Platforms = Debug|Mixed Platforms
		Debug|x86 = Debug|x86
		Impersonate|Any CPU = Impersonate|Any CPU
		Impersonate|Itanium = Impersonate|Itanium
		Impersonate|Mixed Platforms = Impersonate|Mixed Platforms
		Impersonate|x86 = Impersonate|x86
		Release|Any CPU = Release|Any CPU
		Release|Itanium = Release|Itanium
		Release|Mixed Platforms = Release|Mixed Platforms
		Release|x86 = Release|x86
		staging|Any CPU = staging|Any CPU
		staging|Itanium = staging|Itanium
		staging|Mixed Platforms = staging|Mixed Platforms
		staging|x86 = staging|x86
		test|Any CPU = test|Any CPU
		test|Itanium = test|Itanium
		test|Mixed Platforms = test|Mixed Platforms
		test|x86 = test|x86
		test2|Any CPU = test2|Any CPU
		test2|Itanium = test2|Itanium
		test2|Mixed Platforms = test2|Mixed Platforms
		test2|x86 = test2|x86
		test3|Any CPU = test3|Any CPU
		test3|Itanium = test3|Itanium
		test3|Mixed Platforms = test3|Mixed Platforms
		test3|x86 = test3|x86
		work|Any CPU = work|Any CPU
		work|Itanium = work|Itanium
		work|Mixed Platforms = work|Mixed Platforms
		work|x86 = work|x86
	EndGlobalSection
	GlobalSection(ProjectConfigurationPlatforms) = postSolution
		{FC942D51-94B5-456B-9683-0BA000A1EAF4}.Debug|Any CPU.ActiveCfg = Debug|Any CPU
		{FC942D51-94B5-456B-9683-0BA000A1EAF4}.Debug|Any CPU.Build.0 = Debug|Any CPU
		{FC942D51-94B5-456B-9683-0BA000A1EAF4}.Debug|Itanium.ActiveCfg = Debug|Any CPU
		{FC942D51-94B5-456B-9683-0BA000A1EAF4}.Debug|Mixed Platforms.ActiveCfg = Debug|Any CPU
		{FC942D51-94B5-456B-9683-0BA000A1EAF4}.Debug|Mixed Platforms.Build.0 = Debug|Any CPU
		{FC942D51-94B5-456B-9683-0BA000A1EAF4}.Debug|x86.ActiveCfg = Debug|Any CPU
		{FC942D51-94B5-456B-9683-0BA000A1EAF4}.Impersonate|Any CPU.ActiveCfg = Impersonate|Any CPU
		{FC942D51-94B5-456B-9683-0BA000A1EAF4}.Impersonate|Any CPU.Build.0 = Impersonate|Any CPU
		{FC942D51-94B5-456B-9683-0BA000A1EAF4}.Impersonate|Itanium.ActiveCfg = Impersonate|Any CPU
		{FC942D51-94B5-456B-9683-0BA000A1EAF4}.Impersonate|Itanium.Build.0 = Impersonate|Any CPU
		{FC942D51-94B5-456B-9683-0BA000A1EAF4}.Impersonate|Mixed Platforms.ActiveCfg = Impersonate|Any CPU
		{FC942D51-94B5-456B-9683-0BA000A1EAF4}.Impersonate|Mixed Platforms.Build.0 = Impersonate|Any CPU
		{FC942D51-94B5-456B-9683-0BA000A1EAF4}.Impersonate|x86.ActiveCfg = Impersonate|Any CPU
		{FC942D51-94B5-456B-9683-0BA000A1EAF4}.Impersonate|x86.Build.0 = Impersonate|Any CPU
		{FC942D51-94B5-456B-9683-0BA000A1EAF4}.Release|Any CPU.ActiveCfg = Release|Any CPU
		{FC942D51-94B5-456B-9683-0BA000A1EAF4}.Release|Any CPU.Build.0 = Release|Any CPU
		{FC942D51-94B5-456B-9683-0BA000A1EAF4}.Release|Itanium.ActiveCfg = Release|Any CPU
		{FC942D51-94B5-456B-9683-0BA000A1EAF4}.Release|Mixed Platforms.ActiveCfg = Release|Any CPU
		{FC942D51-94B5-456B-9683-0BA000A1EAF4}.Release|Mixed Platforms.Build.0 = Release|Any CPU
		{FC942D51-94B5-456B-9683-0BA000A1EAF4}.Release|x86.ActiveCfg = Release|Any CPU
		{FC942D51-94B5-456B-9683-0BA000A1EAF4}.staging|Any CPU.ActiveCfg = staging|Any CPU
		{FC942D51-94B5-456B-9683-0BA000A1EAF4}.staging|Any CPU.Build.0 = staging|Any CPU
		{FC942D51-94B5-456B-9683-0BA000A1EAF4}.staging|Itanium.ActiveCfg = staging|Any CPU
		{FC942D51-94B5-456B-9683-0BA000A1EAF4}.staging|Itanium.Build.0 = staging|Any CPU
		{FC942D51-94B5-456B-9683-0BA000A1EAF4}.staging|Mixed Platforms.ActiveCfg = staging|Any CPU
		{FC942D51-94B5-456B-9683-0BA000A1EAF4}.staging|Mixed Platforms.Build.0 = staging|Any CPU
		{FC942D51-94B5-456B-9683-0BA000A1EAF4}.staging|x86.ActiveCfg = staging|Any CPU
		{FC942D51-94B5-456B-9683-0BA000A1EAF4}.staging|x86.Build.0 = staging|Any CPU
		{FC942D51-94B5-456B-9683-0BA000A1EAF4}.test|Any CPU.ActiveCfg = test|Any CPU
		{FC942D51-94B5-456B-9683-0BA000A1EAF4}.test|Any CPU.Build.0 = test|Any CPU
		{FC942D51-94B5-456B-9683-0BA000A1EAF4}.test|Itanium.ActiveCfg = test|Any CPU
		{FC942D51-94B5-456B-9683-0BA000A1EAF4}.test|Mixed Platforms.ActiveCfg = test|Any CPU
		{FC942D51-94B5-456B-9683-0BA000A1EAF4}.test|Mixed Platforms.Build.0 = test|Any CPU
		{FC942D51-94B5-456B-9683-0BA000A1EAF4}.test|x86.ActiveCfg = test|Any CPU
		{FC942D51-94B5-456B-9683-0BA000A1EAF4}.test2|Any CPU.ActiveCfg = test2|Any CPU
		{FC942D51-94B5-456B-9683-0BA000A1EAF4}.test2|Any CPU.Build.0 = test2|Any CPU
		{FC942D51-94B5-456B-9683-0BA000A1EAF4}.test2|Itanium.ActiveCfg = test2|Any CPU
		{FC942D51-94B5-456B-9683-0BA000A1EAF4}.test2|Mixed Platforms.ActiveCfg = test2|Any CPU
		{FC942D51-94B5-456B-9683-0BA000A1EAF4}.test2|Mixed Platforms.Build.0 = test2|Any CPU
		{FC942D51-94B5-456B-9683-0BA000A1EAF4}.test2|x86.ActiveCfg = test2|Any CPU
		{FC942D51-94B5-456B-9683-0BA000A1EAF4}.test3|Any CPU.ActiveCfg = test3|Any CPU
		{FC942D51-94B5-456B-9683-0BA000A1EAF4}.test3|Any CPU.Build.0 = test3|Any CPU
		{FC942D51-94B5-456B-9683-0BA000A1EAF4}.test3|Itanium.ActiveCfg = test3|Any CPU
		{FC942D51-94B5-456B-9683-0BA000A1EAF4}.test3|Mixed Platforms.ActiveCfg = test3|Any CPU
		{FC942D51-94B5-456B-9683-0BA000A1EAF4}.test3|Mixed Platforms.Build.0 = test3|Any CPU
		{FC942D51-94B5-456B-9683-0BA000A1EAF4}.test3|x86.ActiveCfg = test3|Any CPU
		{FC942D51-94B5-456B-9683-0BA000A1EAF4}.work|Any CPU.ActiveCfg = work|Any CPU
		{FC942D51-94B5-456B-9683-0BA000A1EAF4}.work|Any CPU.Build.0 = work|Any CPU
		{FC942D51-94B5-456B-9683-0BA000A1EAF4}.work|Itanium.ActiveCfg = work|Any CPU
		{FC942D51-94B5-456B-9683-0BA000A1EAF4}.work|Itanium.Build.0 = work|Any CPU
		{FC942D51-94B5-456B-9683-0BA000A1EAF4}.work|Mixed Platforms.ActiveCfg = work|Any CPU
		{FC942D51-94B5-456B-9683-0BA000A1EAF4}.work|Mixed Platforms.Build.0 = work|Any CPU
		{FC942D51-94B5-456B-9683-0BA000A1EAF4}.work|x86.ActiveCfg = work|Any CPU
		{FC942D51-94B5-456B-9683-0BA000A1EAF4}.work|x86.Build.0 = work|Any CPU
		{98AEE43C-4226-49E7-BD46-C1A85467ECED}.Debug|Any CPU.ActiveCfg = Debug|Any CPU
		{98AEE43C-4226-49E7-BD46-C1A85467ECED}.Debug|Any CPU.Build.0 = Debug|Any CPU
		{98AEE43C-4226-49E7-BD46-C1A85467ECED}.Debug|Itanium.ActiveCfg = Debug|x86
		{98AEE43C-4226-49E7-BD46-C1A85467ECED}.Debug|Mixed Platforms.ActiveCfg = Debug|Any CPU
		{98AEE43C-4226-49E7-BD46-C1A85467ECED}.Debug|Mixed Platforms.Build.0 = Debug|Any CPU
		{98AEE43C-4226-49E7-BD46-C1A85467ECED}.Debug|x86.ActiveCfg = Debug|x86
		{98AEE43C-4226-49E7-BD46-C1A85467ECED}.Debug|x86.Build.0 = Debug|x86
		{98AEE43C-4226-49E7-BD46-C1A85467ECED}.Impersonate|Any CPU.ActiveCfg = Impersonate|Any CPU
		{98AEE43C-4226-49E7-BD46-C1A85467ECED}.Impersonate|Any CPU.Build.0 = Impersonate|Any CPU
		{98AEE43C-4226-49E7-BD46-C1A85467ECED}.Impersonate|Itanium.ActiveCfg = Impersonate|Any CPU
		{98AEE43C-4226-49E7-BD46-C1A85467ECED}.Impersonate|Itanium.Build.0 = Impersonate|Any CPU
		{98AEE43C-4226-49E7-BD46-C1A85467ECED}.Impersonate|Mixed Platforms.ActiveCfg = Impersonate|Any CPU
		{98AEE43C-4226-49E7-BD46-C1A85467ECED}.Impersonate|Mixed Platforms.Build.0 = Impersonate|Any CPU
		{98AEE43C-4226-49E7-BD46-C1A85467ECED}.Impersonate|x86.ActiveCfg = Impersonate|x86
		{98AEE43C-4226-49E7-BD46-C1A85467ECED}.Impersonate|x86.Build.0 = Impersonate|x86
		{98AEE43C-4226-49E7-BD46-C1A85467ECED}.Release|Any CPU.ActiveCfg = Release|Any CPU
		{98AEE43C-4226-49E7-BD46-C1A85467ECED}.Release|Any CPU.Build.0 = Release|Any CPU
		{98AEE43C-4226-49E7-BD46-C1A85467ECED}.Release|Itanium.ActiveCfg = Release|x86
		{98AEE43C-4226-49E7-BD46-C1A85467ECED}.Release|Mixed Platforms.ActiveCfg = Release|Any CPU
		{98AEE43C-4226-49E7-BD46-C1A85467ECED}.Release|Mixed Platforms.Build.0 = Release|Any CPU
		{98AEE43C-4226-49E7-BD46-C1A85467ECED}.Release|x86.ActiveCfg = Release|x86
		{98AEE43C-4226-49E7-BD46-C1A85467ECED}.Release|x86.Build.0 = Release|x86
		{98AEE43C-4226-49E7-BD46-C1A85467ECED}.staging|Any CPU.ActiveCfg = staging|Any CPU
		{98AEE43C-4226-49E7-BD46-C1A85467ECED}.staging|Any CPU.Build.0 = staging|Any CPU
		{98AEE43C-4226-49E7-BD46-C1A85467ECED}.staging|Itanium.ActiveCfg = staging|Any CPU
		{98AEE43C-4226-49E7-BD46-C1A85467ECED}.staging|Itanium.Build.0 = staging|Any CPU
		{98AEE43C-4226-49E7-BD46-C1A85467ECED}.staging|Mixed Platforms.ActiveCfg = staging|x86
		{98AEE43C-4226-49E7-BD46-C1A85467ECED}.staging|Mixed Platforms.Build.0 = staging|x86
		{98AEE43C-4226-49E7-BD46-C1A85467ECED}.staging|x86.ActiveCfg = staging|x86
		{98AEE43C-4226-49E7-BD46-C1A85467ECED}.staging|x86.Build.0 = staging|x86
		{98AEE43C-4226-49E7-BD46-C1A85467ECED}.test|Any CPU.ActiveCfg = test|Any CPU
		{98AEE43C-4226-49E7-BD46-C1A85467ECED}.test|Any CPU.Build.0 = test|Any CPU
		{98AEE43C-4226-49E7-BD46-C1A85467ECED}.test|Itanium.ActiveCfg = test|Any CPU
		{98AEE43C-4226-49E7-BD46-C1A85467ECED}.test|Mixed Platforms.ActiveCfg = test|Any CPU
		{98AEE43C-4226-49E7-BD46-C1A85467ECED}.test|Mixed Platforms.Build.0 = test|Any CPU
		{98AEE43C-4226-49E7-BD46-C1A85467ECED}.test|x86.ActiveCfg = test|x86
		{98AEE43C-4226-49E7-BD46-C1A85467ECED}.test|x86.Build.0 = test|x86
		{98AEE43C-4226-49E7-BD46-C1A85467ECED}.test2|Any CPU.ActiveCfg = test2|Any CPU
		{98AEE43C-4226-49E7-BD46-C1A85467ECED}.test2|Any CPU.Build.0 = test2|Any CPU
		{98AEE43C-4226-49E7-BD46-C1A85467ECED}.test2|Itanium.ActiveCfg = test2|Any CPU
		{98AEE43C-4226-49E7-BD46-C1A85467ECED}.test2|Mixed Platforms.ActiveCfg = test2|Any CPU
		{98AEE43C-4226-49E7-BD46-C1A85467ECED}.test2|Mixed Platforms.Build.0 = test2|Any CPU
		{98AEE43C-4226-49E7-BD46-C1A85467ECED}.test2|x86.ActiveCfg = test2|x86
		{98AEE43C-4226-49E7-BD46-C1A85467ECED}.test2|x86.Build.0 = test2|x86
		{98AEE43C-4226-49E7-BD46-C1A85467ECED}.test3|Any CPU.ActiveCfg = test3|Any CPU
		{98AEE43C-4226-49E7-BD46-C1A85467ECED}.test3|Any CPU.Build.0 = test3|Any CPU
		{98AEE43C-4226-49E7-BD46-C1A85467ECED}.test3|Itanium.ActiveCfg = test3|Any CPU
		{98AEE43C-4226-49E7-BD46-C1A85467ECED}.test3|Mixed Platforms.ActiveCfg = test3|Any CPU
		{98AEE43C-4226-49E7-BD46-C1A85467ECED}.test3|Mixed Platforms.Build.0 = test3|Any CPU
		{98AEE43C-4226-49E7-BD46-C1A85467ECED}.test3|x86.ActiveCfg = test3|x86
		{98AEE43C-4226-49E7-BD46-C1A85467ECED}.test3|x86.Build.0 = test3|x86
		{98AEE43C-4226-49E7-BD46-C1A85467ECED}.work|Any CPU.ActiveCfg = work|Any CPU
		{98AEE43C-4226-49E7-BD46-C1A85467ECED}.work|Any CPU.Build.0 = work|Any CPU
		{98AEE43C-4226-49E7-BD46-C1A85467ECED}.work|Itanium.ActiveCfg = work|Any CPU
		{98AEE43C-4226-49E7-BD46-C1A85467ECED}.work|Itanium.Build.0 = work|Any CPU
		{98AEE43C-4226-49E7-BD46-C1A85467ECED}.work|Mixed Platforms.ActiveCfg = work|x86
		{98AEE43C-4226-49E7-BD46-C1A85467ECED}.work|Mixed Platforms.Build.0 = work|x86
		{98AEE43C-4226-49E7-BD46-C1A85467ECED}.work|x86.ActiveCfg = work|x86
		{98AEE43C-4226-49E7-BD46-C1A85467ECED}.work|x86.Build.0 = work|x86
		{C504E3D2-5498-451B-BF82-309623706F11}.Debug|Any CPU.ActiveCfg = Debug|Any CPU
		{C504E3D2-5498-451B-BF82-309623706F11}.Debug|Any CPU.Build.0 = Debug|Any CPU
		{C504E3D2-5498-451B-BF82-309623706F11}.Debug|Itanium.ActiveCfg = Debug|x86
		{C504E3D2-5498-451B-BF82-309623706F11}.Debug|Mixed Platforms.ActiveCfg = Debug|Any CPU
		{C504E3D2-5498-451B-BF82-309623706F11}.Debug|Mixed Platforms.Build.0 = Debug|Any CPU
		{C504E3D2-5498-451B-BF82-309623706F11}.Debug|x86.ActiveCfg = Debug|x86
		{C504E3D2-5498-451B-BF82-309623706F11}.Debug|x86.Build.0 = Debug|x86
		{C504E3D2-5498-451B-BF82-309623706F11}.Impersonate|Any CPU.ActiveCfg = Impersonate|Any CPU
		{C504E3D2-5498-451B-BF82-309623706F11}.Impersonate|Any CPU.Build.0 = Impersonate|Any CPU
		{C504E3D2-5498-451B-BF82-309623706F11}.Impersonate|Itanium.ActiveCfg = Impersonate|Any CPU
		{C504E3D2-5498-451B-BF82-309623706F11}.Impersonate|Itanium.Build.0 = Impersonate|Any CPU
		{C504E3D2-5498-451B-BF82-309623706F11}.Impersonate|Mixed Platforms.ActiveCfg = Impersonate|Any CPU
		{C504E3D2-5498-451B-BF82-309623706F11}.Impersonate|Mixed Platforms.Build.0 = Impersonate|Any CPU
		{C504E3D2-5498-451B-BF82-309623706F11}.Impersonate|x86.ActiveCfg = Impersonate|x86
		{C504E3D2-5498-451B-BF82-309623706F11}.Impersonate|x86.Build.0 = Impersonate|x86
		{C504E3D2-5498-451B-BF82-309623706F11}.Release|Any CPU.ActiveCfg = Release|Any CPU
		{C504E3D2-5498-451B-BF82-309623706F11}.Release|Any CPU.Build.0 = Release|Any CPU
		{C504E3D2-5498-451B-BF82-309623706F11}.Release|Itanium.ActiveCfg = Release|x86
		{C504E3D2-5498-451B-BF82-309623706F11}.Release|Mixed Platforms.ActiveCfg = Release|Any CPU
		{C504E3D2-5498-451B-BF82-309623706F11}.Release|Mixed Platforms.Build.0 = Release|Any CPU
		{C504E3D2-5498-451B-BF82-309623706F11}.Release|x86.ActiveCfg = Release|x86
		{C504E3D2-5498-451B-BF82-309623706F11}.Release|x86.Build.0 = Release|x86
		{C504E3D2-5498-451B-BF82-309623706F11}.staging|Any CPU.ActiveCfg = staging|Any CPU
		{C504E3D2-5498-451B-BF82-309623706F11}.staging|Any CPU.Build.0 = staging|Any CPU
		{C504E3D2-5498-451B-BF82-309623706F11}.staging|Itanium.ActiveCfg = staging|Any CPU
		{C504E3D2-5498-451B-BF82-309623706F11}.staging|Itanium.Build.0 = staging|Any CPU
		{C504E3D2-5498-451B-BF82-309623706F11}.staging|Mixed Platforms.ActiveCfg = staging|x86
		{C504E3D2-5498-451B-BF82-309623706F11}.staging|Mixed Platforms.Build.0 = staging|x86
		{C504E3D2-5498-451B-BF82-309623706F11}.staging|x86.ActiveCfg = staging|x86
		{C504E3D2-5498-451B-BF82-309623706F11}.staging|x86.Build.0 = staging|x86
		{C504E3D2-5498-451B-BF82-309623706F11}.test|Any CPU.ActiveCfg = test|Any CPU
		{C504E3D2-5498-451B-BF82-309623706F11}.test|Any CPU.Build.0 = test|Any CPU
		{C504E3D2-5498-451B-BF82-309623706F11}.test|Itanium.ActiveCfg = Release|Any CPU
		{C504E3D2-5498-451B-BF82-309623706F11}.test|Mixed Platforms.ActiveCfg = Release|Any CPU
		{C504E3D2-5498-451B-BF82-309623706F11}.test|Mixed Platforms.Build.0 = Release|Any CPU
		{C504E3D2-5498-451B-BF82-309623706F11}.test|x86.ActiveCfg = Release|x86
		{C504E3D2-5498-451B-BF82-309623706F11}.test|x86.Build.0 = Release|x86
		{C504E3D2-5498-451B-BF82-309623706F11}.test2|Any CPU.ActiveCfg = test2|Any CPU
		{C504E3D2-5498-451B-BF82-309623706F11}.test2|Any CPU.Build.0 = test2|Any CPU
		{C504E3D2-5498-451B-BF82-309623706F11}.test2|Itanium.ActiveCfg = test2|Any CPU
		{C504E3D2-5498-451B-BF82-309623706F11}.test2|Mixed Platforms.ActiveCfg = Release|Any CPU
		{C504E3D2-5498-451B-BF82-309623706F11}.test2|Mixed Platforms.Build.0 = Release|Any CPU
		{C504E3D2-5498-451B-BF82-309623706F11}.test2|x86.ActiveCfg = test2|x86
		{C504E3D2-5498-451B-BF82-309623706F11}.test2|x86.Build.0 = test2|x86
		{C504E3D2-5498-451B-BF82-309623706F11}.test3|Any CPU.ActiveCfg = test3|Any CPU
		{C504E3D2-5498-451B-BF82-309623706F11}.test3|Any CPU.Build.0 = test3|Any CPU
		{C504E3D2-5498-451B-BF82-309623706F11}.test3|Itanium.ActiveCfg = test3|Any CPU
		{C504E3D2-5498-451B-BF82-309623706F11}.test3|Mixed Platforms.ActiveCfg = Release|Any CPU
		{C504E3D2-5498-451B-BF82-309623706F11}.test3|Mixed Platforms.Build.0 = Release|Any CPU
		{C504E3D2-5498-451B-BF82-309623706F11}.test3|x86.ActiveCfg = test3|x86
		{C504E3D2-5498-451B-BF82-309623706F11}.test3|x86.Build.0 = test3|x86
		{C504E3D2-5498-451B-BF82-309623706F11}.work|Any CPU.ActiveCfg = work|Any CPU
		{C504E3D2-5498-451B-BF82-309623706F11}.work|Any CPU.Build.0 = work|Any CPU
		{C504E3D2-5498-451B-BF82-309623706F11}.work|Itanium.ActiveCfg = work|Any CPU
		{C504E3D2-5498-451B-BF82-309623706F11}.work|Itanium.Build.0 = work|Any CPU
		{C504E3D2-5498-451B-BF82-309623706F11}.work|Mixed Platforms.ActiveCfg = work|x86
		{C504E3D2-5498-451B-BF82-309623706F11}.work|Mixed Platforms.Build.0 = work|x86
		{C504E3D2-5498-451B-BF82-309623706F11}.work|x86.ActiveCfg = work|x86
		{C504E3D2-5498-451B-BF82-309623706F11}.work|x86.Build.0 = work|x86
		{512DA381-E81B-4121-B978-FC850EC88353}.Debug|Any CPU.ActiveCfg = Debug|Any CPU
		{512DA381-E81B-4121-B978-FC850EC88353}.Debug|Any CPU.Build.0 = Debug|Any CPU
		{512DA381-E81B-4121-B978-FC850EC88353}.Debug|Itanium.ActiveCfg = Debug|Any CPU
		{512DA381-E81B-4121-B978-FC850EC88353}.Debug|Mixed Platforms.ActiveCfg = Debug|Any CPU
		{512DA381-E81B-4121-B978-FC850EC88353}.Debug|Mixed Platforms.Build.0 = Debug|Any CPU
		{512DA381-E81B-4121-B978-FC850EC88353}.Debug|x86.ActiveCfg = Debug|Any CPU
		{512DA381-E81B-4121-B978-FC850EC88353}.Impersonate|Any CPU.ActiveCfg = Impersonate|Any CPU
		{512DA381-E81B-4121-B978-FC850EC88353}.Impersonate|Any CPU.Build.0 = Impersonate|Any CPU
		{512DA381-E81B-4121-B978-FC850EC88353}.Impersonate|Itanium.ActiveCfg = Impersonate|Any CPU
		{512DA381-E81B-4121-B978-FC850EC88353}.Impersonate|Itanium.Build.0 = Impersonate|Any CPU
		{512DA381-E81B-4121-B978-FC850EC88353}.Impersonate|Mixed Platforms.ActiveCfg = Impersonate|Any CPU
		{512DA381-E81B-4121-B978-FC850EC88353}.Impersonate|Mixed Platforms.Build.0 = Impersonate|Any CPU
		{512DA381-E81B-4121-B978-FC850EC88353}.Impersonate|x86.ActiveCfg = Impersonate|Any CPU
		{512DA381-E81B-4121-B978-FC850EC88353}.Impersonate|x86.Build.0 = Impersonate|Any CPU
		{512DA381-E81B-4121-B978-FC850EC88353}.Release|Any CPU.ActiveCfg = Release|Any CPU
		{512DA381-E81B-4121-B978-FC850EC88353}.Release|Any CPU.Build.0 = Release|Any CPU
		{512DA381-E81B-4121-B978-FC850EC88353}.Release|Itanium.ActiveCfg = Release|Any CPU
		{512DA381-E81B-4121-B978-FC850EC88353}.Release|Mixed Platforms.ActiveCfg = Release|Any CPU
		{512DA381-E81B-4121-B978-FC850EC88353}.Release|Mixed Platforms.Build.0 = Release|Any CPU
		{512DA381-E81B-4121-B978-FC850EC88353}.Release|x86.ActiveCfg = Release|Any CPU
		{512DA381-E81B-4121-B978-FC850EC88353}.staging|Any CPU.ActiveCfg = staging|Any CPU
		{512DA381-E81B-4121-B978-FC850EC88353}.staging|Any CPU.Build.0 = staging|Any CPU
		{512DA381-E81B-4121-B978-FC850EC88353}.staging|Itanium.ActiveCfg = staging|Any CPU
		{512DA381-E81B-4121-B978-FC850EC88353}.staging|Itanium.Build.0 = staging|Any CPU
		{512DA381-E81B-4121-B978-FC850EC88353}.staging|Mixed Platforms.ActiveCfg = staging|Any CPU
		{512DA381-E81B-4121-B978-FC850EC88353}.staging|Mixed Platforms.Build.0 = staging|Any CPU
		{512DA381-E81B-4121-B978-FC850EC88353}.staging|x86.ActiveCfg = staging|Any CPU
		{512DA381-E81B-4121-B978-FC850EC88353}.staging|x86.Build.0 = staging|Any CPU
		{512DA381-E81B-4121-B978-FC850EC88353}.test|Any CPU.ActiveCfg = test|Any CPU
		{512DA381-E81B-4121-B978-FC850EC88353}.test|Any CPU.Build.0 = test|Any CPU
		{512DA381-E81B-4121-B978-FC850EC88353}.test|Itanium.ActiveCfg = Release|Any CPU
		{512DA381-E81B-4121-B978-FC850EC88353}.test|Mixed Platforms.ActiveCfg = Release|Any CPU
		{512DA381-E81B-4121-B978-FC850EC88353}.test|Mixed Platforms.Build.0 = Release|Any CPU
		{512DA381-E81B-4121-B978-FC850EC88353}.test|x86.ActiveCfg = Release|Any CPU
		{512DA381-E81B-4121-B978-FC850EC88353}.test2|Any CPU.ActiveCfg = test2|Any CPU
		{512DA381-E81B-4121-B978-FC850EC88353}.test2|Any CPU.Build.0 = test2|Any CPU
		{512DA381-E81B-4121-B978-FC850EC88353}.test2|Itanium.ActiveCfg = test2|Any CPU
		{512DA381-E81B-4121-B978-FC850EC88353}.test2|Mixed Platforms.ActiveCfg = Release|Any CPU
		{512DA381-E81B-4121-B978-FC850EC88353}.test2|Mixed Platforms.Build.0 = Release|Any CPU
		{512DA381-E81B-4121-B978-FC850EC88353}.test2|x86.ActiveCfg = test2|Any CPU
		{512DA381-E81B-4121-B978-FC850EC88353}.test3|Any CPU.ActiveCfg = test3|Any CPU
		{512DA381-E81B-4121-B978-FC850EC88353}.test3|Any CPU.Build.0 = test3|Any CPU
		{512DA381-E81B-4121-B978-FC850EC88353}.test3|Itanium.ActiveCfg = test3|Any CPU
		{512DA381-E81B-4121-B978-FC850EC88353}.test3|Mixed Platforms.ActiveCfg = Release|Any CPU
		{512DA381-E81B-4121-B978-FC850EC88353}.test3|Mixed Platforms.Build.0 = Release|Any CPU
		{512DA381-E81B-4121-B978-FC850EC88353}.test3|x86.ActiveCfg = test3|Any CPU
		{512DA381-E81B-4121-B978-FC850EC88353}.work|Any CPU.ActiveCfg = work|Any CPU
		{512DA381-E81B-4121-B978-FC850EC88353}.work|Any CPU.Build.0 = work|Any CPU
		{512DA381-E81B-4121-B978-FC850EC88353}.work|Itanium.ActiveCfg = work|Any CPU
		{512DA381-E81B-4121-B978-FC850EC88353}.work|Itanium.Build.0 = work|Any CPU
		{512DA381-E81B-4121-B978-FC850EC88353}.work|Mixed Platforms.ActiveCfg = work|Any CPU
		{512DA381-E81B-4121-B978-FC850EC88353}.work|Mixed Platforms.Build.0 = work|Any CPU
		{512DA381-E81B-4121-B978-FC850EC88353}.work|x86.ActiveCfg = work|Any CPU
		{512DA381-E81B-4121-B978-FC850EC88353}.work|x86.Build.0 = work|Any CPU
		{6F00AEE1-5D32-4ACF-9B58-D3B3D12A3D04}.Debug|Any CPU.ActiveCfg = Debug|Any CPU
		{6F00AEE1-5D32-4ACF-9B58-D3B3D12A3D04}.Debug|Any CPU.Build.0 = Debug|Any CPU
		{6F00AEE1-5D32-4ACF-9B58-D3B3D12A3D04}.Debug|Itanium.ActiveCfg = Debug|Any CPU
		{6F00AEE1-5D32-4ACF-9B58-D3B3D12A3D04}.Debug|Mixed Platforms.ActiveCfg = Debug|Any CPU
		{6F00AEE1-5D32-4ACF-9B58-D3B3D12A3D04}.Debug|Mixed Platforms.Build.0 = Debug|Any CPU
		{6F00AEE1-5D32-4ACF-9B58-D3B3D12A3D04}.Debug|x86.ActiveCfg = Debug|Any CPU
		{6F00AEE1-5D32-4ACF-9B58-D3B3D12A3D04}.Impersonate|Any CPU.ActiveCfg = Impersonate|Any CPU
		{6F00AEE1-5D32-4ACF-9B58-D3B3D12A3D04}.Impersonate|Any CPU.Build.0 = Impersonate|Any CPU
		{6F00AEE1-5D32-4ACF-9B58-D3B3D12A3D04}.Impersonate|Itanium.ActiveCfg = Impersonate|Any CPU
		{6F00AEE1-5D32-4ACF-9B58-D3B3D12A3D04}.Impersonate|Itanium.Build.0 = Impersonate|Any CPU
		{6F00AEE1-5D32-4ACF-9B58-D3B3D12A3D04}.Impersonate|Mixed Platforms.ActiveCfg = Impersonate|Any CPU
		{6F00AEE1-5D32-4ACF-9B58-D3B3D12A3D04}.Impersonate|Mixed Platforms.Build.0 = Impersonate|Any CPU
		{6F00AEE1-5D32-4ACF-9B58-D3B3D12A3D04}.Impersonate|x86.ActiveCfg = Impersonate|Any CPU
		{6F00AEE1-5D32-4ACF-9B58-D3B3D12A3D04}.Impersonate|x86.Build.0 = Impersonate|Any CPU
		{6F00AEE1-5D32-4ACF-9B58-D3B3D12A3D04}.Release|Any CPU.ActiveCfg = Release|Any CPU
		{6F00AEE1-5D32-4ACF-9B58-D3B3D12A3D04}.Release|Any CPU.Build.0 = Release|Any CPU
		{6F00AEE1-5D32-4ACF-9B58-D3B3D12A3D04}.Release|Itanium.ActiveCfg = Release|Any CPU
		{6F00AEE1-5D32-4ACF-9B58-D3B3D12A3D04}.Release|Mixed Platforms.ActiveCfg = Release|Any CPU
		{6F00AEE1-5D32-4ACF-9B58-D3B3D12A3D04}.Release|Mixed Platforms.Build.0 = Release|Any CPU
		{6F00AEE1-5D32-4ACF-9B58-D3B3D12A3D04}.Release|x86.ActiveCfg = Release|Any CPU
		{6F00AEE1-5D32-4ACF-9B58-D3B3D12A3D04}.staging|Any CPU.ActiveCfg = staging|Any CPU
		{6F00AEE1-5D32-4ACF-9B58-D3B3D12A3D04}.staging|Any CPU.Build.0 = staging|Any CPU
		{6F00AEE1-5D32-4ACF-9B58-D3B3D12A3D04}.staging|Itanium.ActiveCfg = staging|Any CPU
		{6F00AEE1-5D32-4ACF-9B58-D3B3D12A3D04}.staging|Itanium.Build.0 = staging|Any CPU
		{6F00AEE1-5D32-4ACF-9B58-D3B3D12A3D04}.staging|Mixed Platforms.ActiveCfg = staging|Any CPU
		{6F00AEE1-5D32-4ACF-9B58-D3B3D12A3D04}.staging|Mixed Platforms.Build.0 = staging|Any CPU
		{6F00AEE1-5D32-4ACF-9B58-D3B3D12A3D04}.staging|x86.ActiveCfg = staging|Any CPU
		{6F00AEE1-5D32-4ACF-9B58-D3B3D12A3D04}.staging|x86.Build.0 = staging|Any CPU
		{6F00AEE1-5D32-4ACF-9B58-D3B3D12A3D04}.test|Any CPU.ActiveCfg = Release|Any CPU
		{6F00AEE1-5D32-4ACF-9B58-D3B3D12A3D04}.test|Any CPU.Build.0 = Release|Any CPU
		{6F00AEE1-5D32-4ACF-9B58-D3B3D12A3D04}.test|Itanium.ActiveCfg = Release|Any CPU
		{6F00AEE1-5D32-4ACF-9B58-D3B3D12A3D04}.test|Mixed Platforms.ActiveCfg = Release|Any CPU
		{6F00AEE1-5D32-4ACF-9B58-D3B3D12A3D04}.test|Mixed Platforms.Build.0 = Release|Any CPU
		{6F00AEE1-5D32-4ACF-9B58-D3B3D12A3D04}.test|x86.ActiveCfg = Release|Any CPU
		{6F00AEE1-5D32-4ACF-9B58-D3B3D12A3D04}.test2|Any CPU.ActiveCfg = test2|Any CPU
		{6F00AEE1-5D32-4ACF-9B58-D3B3D12A3D04}.test2|Any CPU.Build.0 = test2|Any CPU
		{6F00AEE1-5D32-4ACF-9B58-D3B3D12A3D04}.test2|Itanium.ActiveCfg = test2|Any CPU
		{6F00AEE1-5D32-4ACF-9B58-D3B3D12A3D04}.test2|Mixed Platforms.ActiveCfg = Release|Any CPU
		{6F00AEE1-5D32-4ACF-9B58-D3B3D12A3D04}.test2|Mixed Platforms.Build.0 = Release|Any CPU
		{6F00AEE1-5D32-4ACF-9B58-D3B3D12A3D04}.test2|x86.ActiveCfg = test2|Any CPU
		{6F00AEE1-5D32-4ACF-9B58-D3B3D12A3D04}.test3|Any CPU.ActiveCfg = test3|Any CPU
		{6F00AEE1-5D32-4ACF-9B58-D3B3D12A3D04}.test3|Any CPU.Build.0 = test3|Any CPU
		{6F00AEE1-5D32-4ACF-9B58-D3B3D12A3D04}.test3|Itanium.ActiveCfg = test3|Any CPU
		{6F00AEE1-5D32-4ACF-9B58-D3B3D12A3D04}.test3|Mixed Platforms.ActiveCfg = Release|Any CPU
		{6F00AEE1-5D32-4ACF-9B58-D3B3D12A3D04}.test3|Mixed Platforms.Build.0 = Release|Any CPU
		{6F00AEE1-5D32-4ACF-9B58-D3B3D12A3D04}.test3|x86.ActiveCfg = test3|Any CPU
		{6F00AEE1-5D32-4ACF-9B58-D3B3D12A3D04}.work|Any CPU.ActiveCfg = work|Any CPU
		{6F00AEE1-5D32-4ACF-9B58-D3B3D12A3D04}.work|Any CPU.Build.0 = work|Any CPU
		{6F00AEE1-5D32-4ACF-9B58-D3B3D12A3D04}.work|Itanium.ActiveCfg = work|Any CPU
		{6F00AEE1-5D32-4ACF-9B58-D3B3D12A3D04}.work|Itanium.Build.0 = work|Any CPU
		{6F00AEE1-5D32-4ACF-9B58-D3B3D12A3D04}.work|Mixed Platforms.ActiveCfg = work|Any CPU
		{6F00AEE1-5D32-4ACF-9B58-D3B3D12A3D04}.work|Mixed Platforms.Build.0 = work|Any CPU
		{6F00AEE1-5D32-4ACF-9B58-D3B3D12A3D04}.work|x86.ActiveCfg = work|Any CPU
		{6F00AEE1-5D32-4ACF-9B58-D3B3D12A3D04}.work|x86.Build.0 = work|Any CPU
		{C72EB456-BD24-4FC8-BAAC-728A641C3E20}.Debug|Any CPU.ActiveCfg = Debug|Any CPU
		{C72EB456-BD24-4FC8-BAAC-728A641C3E20}.Debug|Any CPU.Build.0 = Debug|Any CPU
		{C72EB456-BD24-4FC8-BAAC-728A641C3E20}.Debug|Itanium.ActiveCfg = Debug|Any CPU
		{C72EB456-BD24-4FC8-BAAC-728A641C3E20}.Debug|Itanium.Build.0 = Debug|Any CPU
		{C72EB456-BD24-4FC8-BAAC-728A641C3E20}.Debug|Mixed Platforms.ActiveCfg = Debug|Any CPU
		{C72EB456-BD24-4FC8-BAAC-728A641C3E20}.Debug|Mixed Platforms.Build.0 = Debug|Any CPU
		{C72EB456-BD24-4FC8-BAAC-728A641C3E20}.Debug|x86.ActiveCfg = Debug|Any CPU
		{C72EB456-BD24-4FC8-BAAC-728A641C3E20}.Debug|x86.Build.0 = Debug|Any CPU
		{C72EB456-BD24-4FC8-BAAC-728A641C3E20}.Impersonate|Any CPU.ActiveCfg = Release|Any CPU
		{C72EB456-BD24-4FC8-BAAC-728A641C3E20}.Impersonate|Any CPU.Build.0 = Release|Any CPU
		{C72EB456-BD24-4FC8-BAAC-728A641C3E20}.Impersonate|Itanium.ActiveCfg = Release|Any CPU
		{C72EB456-BD24-4FC8-BAAC-728A641C3E20}.Impersonate|Itanium.Build.0 = Release|Any CPU
		{C72EB456-BD24-4FC8-BAAC-728A641C3E20}.Impersonate|Mixed Platforms.ActiveCfg = Release|Any CPU
		{C72EB456-BD24-4FC8-BAAC-728A641C3E20}.Impersonate|Mixed Platforms.Build.0 = Release|Any CPU
		{C72EB456-BD24-4FC8-BAAC-728A641C3E20}.Impersonate|x86.ActiveCfg = Release|Any CPU
		{C72EB456-BD24-4FC8-BAAC-728A641C3E20}.Impersonate|x86.Build.0 = Release|Any CPU
		{C72EB456-BD24-4FC8-BAAC-728A641C3E20}.Release|Any CPU.ActiveCfg = Release|Any CPU
		{C72EB456-BD24-4FC8-BAAC-728A641C3E20}.Release|Any CPU.Build.0 = Release|Any CPU
		{C72EB456-BD24-4FC8-BAAC-728A641C3E20}.Release|Itanium.ActiveCfg = Release|Any CPU
		{C72EB456-BD24-4FC8-BAAC-728A641C3E20}.Release|Itanium.Build.0 = Release|Any CPU
		{C72EB456-BD24-4FC8-BAAC-728A641C3E20}.Release|Mixed Platforms.ActiveCfg = Release|Any CPU
		{C72EB456-BD24-4FC8-BAAC-728A641C3E20}.Release|Mixed Platforms.Build.0 = Release|Any CPU
		{C72EB456-BD24-4FC8-BAAC-728A641C3E20}.Release|x86.ActiveCfg = Release|Any CPU
		{C72EB456-BD24-4FC8-BAAC-728A641C3E20}.Release|x86.Build.0 = Release|Any CPU
		{C72EB456-BD24-4FC8-BAAC-728A641C3E20}.staging|Any CPU.ActiveCfg = Release|Any CPU
		{C72EB456-BD24-4FC8-BAAC-728A641C3E20}.staging|Any CPU.Build.0 = Release|Any CPU
		{C72EB456-BD24-4FC8-BAAC-728A641C3E20}.staging|Itanium.ActiveCfg = Release|Any CPU
		{C72EB456-BD24-4FC8-BAAC-728A641C3E20}.staging|Itanium.Build.0 = Release|Any CPU
		{C72EB456-BD24-4FC8-BAAC-728A641C3E20}.staging|Mixed Platforms.ActiveCfg = Release|Any CPU
		{C72EB456-BD24-4FC8-BAAC-728A641C3E20}.staging|Mixed Platforms.Build.0 = Release|Any CPU
		{C72EB456-BD24-4FC8-BAAC-728A641C3E20}.staging|x86.ActiveCfg = Release|Any CPU
		{C72EB456-BD24-4FC8-BAAC-728A641C3E20}.staging|x86.Build.0 = Release|Any CPU
		{C72EB456-BD24-4FC8-BAAC-728A641C3E20}.test|Any CPU.ActiveCfg = Release|Any CPU
		{C72EB456-BD24-4FC8-BAAC-728A641C3E20}.test|Any CPU.Build.0 = Release|Any CPU
		{C72EB456-BD24-4FC8-BAAC-728A641C3E20}.test|Itanium.ActiveCfg = Release|Any CPU
		{C72EB456-BD24-4FC8-BAAC-728A641C3E20}.test|Itanium.Build.0 = Release|Any CPU
		{C72EB456-BD24-4FC8-BAAC-728A641C3E20}.test|Mixed Platforms.ActiveCfg = Release|Any CPU
		{C72EB456-BD24-4FC8-BAAC-728A641C3E20}.test|Mixed Platforms.Build.0 = Release|Any CPU
		{C72EB456-BD24-4FC8-BAAC-728A641C3E20}.test|x86.ActiveCfg = Release|Any CPU
		{C72EB456-BD24-4FC8-BAAC-728A641C3E20}.test|x86.Build.0 = Release|Any CPU
		{C72EB456-BD24-4FC8-BAAC-728A641C3E20}.test2|Any CPU.ActiveCfg = Release|Any CPU
		{C72EB456-BD24-4FC8-BAAC-728A641C3E20}.test2|Any CPU.Build.0 = Release|Any CPU
		{C72EB456-BD24-4FC8-BAAC-728A641C3E20}.test2|Itanium.ActiveCfg = Release|Any CPU
		{C72EB456-BD24-4FC8-BAAC-728A641C3E20}.test2|Itanium.Build.0 = Release|Any CPU
		{C72EB456-BD24-4FC8-BAAC-728A641C3E20}.test2|Mixed Platforms.ActiveCfg = Release|Any CPU
		{C72EB456-BD24-4FC8-BAAC-728A641C3E20}.test2|Mixed Platforms.Build.0 = Release|Any CPU
		{C72EB456-BD24-4FC8-BAAC-728A641C3E20}.test2|x86.ActiveCfg = Release|Any CPU
		{C72EB456-BD24-4FC8-BAAC-728A641C3E20}.test2|x86.Build.0 = Release|Any CPU
		{C72EB456-BD24-4FC8-BAAC-728A641C3E20}.test3|Any CPU.ActiveCfg = Release|Any CPU
		{C72EB456-BD24-4FC8-BAAC-728A641C3E20}.test3|Any CPU.Build.0 = Release|Any CPU
		{C72EB456-BD24-4FC8-BAAC-728A641C3E20}.test3|Itanium.ActiveCfg = Release|Any CPU
		{C72EB456-BD24-4FC8-BAAC-728A641C3E20}.test3|Itanium.Build.0 = Release|Any CPU
		{C72EB456-BD24-4FC8-BAAC-728A641C3E20}.test3|Mixed Platforms.ActiveCfg = Release|Any CPU
		{C72EB456-BD24-4FC8-BAAC-728A641C3E20}.test3|Mixed Platforms.Build.0 = Release|Any CPU
		{C72EB456-BD24-4FC8-BAAC-728A641C3E20}.test3|x86.ActiveCfg = Release|Any CPU
		{C72EB456-BD24-4FC8-BAAC-728A641C3E20}.test3|x86.Build.0 = Release|Any CPU
		{C72EB456-BD24-4FC8-BAAC-728A641C3E20}.work|Any CPU.ActiveCfg = Release|Any CPU
		{C72EB456-BD24-4FC8-BAAC-728A641C3E20}.work|Any CPU.Build.0 = Release|Any CPU
		{C72EB456-BD24-4FC8-BAAC-728A641C3E20}.work|Itanium.ActiveCfg = Release|Any CPU
		{C72EB456-BD24-4FC8-BAAC-728A641C3E20}.work|Itanium.Build.0 = Release|Any CPU
		{C72EB456-BD24-4FC8-BAAC-728A641C3E20}.work|Mixed Platforms.ActiveCfg = Release|Any CPU
		{C72EB456-BD24-4FC8-BAAC-728A641C3E20}.work|Mixed Platforms.Build.0 = Release|Any CPU
		{C72EB456-BD24-4FC8-BAAC-728A641C3E20}.work|x86.ActiveCfg = Release|Any CPU
		{C72EB456-BD24-4FC8-BAAC-728A641C3E20}.work|x86.Build.0 = Release|Any CPU
		{ADCF6AAD-A8DE-4304-ABCC-B9FB3908A71F}.Debug|Any CPU.ActiveCfg = Debug|Any CPU
		{ADCF6AAD-A8DE-4304-ABCC-B9FB3908A71F}.Debug|Any CPU.Build.0 = Debug|Any CPU
		{ADCF6AAD-A8DE-4304-ABCC-B9FB3908A71F}.Debug|Itanium.ActiveCfg = Debug|Any CPU
		{ADCF6AAD-A8DE-4304-ABCC-B9FB3908A71F}.Debug|Itanium.Build.0 = Debug|Any CPU
		{ADCF6AAD-A8DE-4304-ABCC-B9FB3908A71F}.Debug|Mixed Platforms.ActiveCfg = Debug|Any CPU
		{ADCF6AAD-A8DE-4304-ABCC-B9FB3908A71F}.Debug|Mixed Platforms.Build.0 = Debug|Any CPU
		{ADCF6AAD-A8DE-4304-ABCC-B9FB3908A71F}.Debug|x86.ActiveCfg = Debug|Any CPU
		{ADCF6AAD-A8DE-4304-ABCC-B9FB3908A71F}.Debug|x86.Build.0 = Debug|Any CPU
		{ADCF6AAD-A8DE-4304-ABCC-B9FB3908A71F}.Impersonate|Any CPU.ActiveCfg = Release|Any CPU
		{ADCF6AAD-A8DE-4304-ABCC-B9FB3908A71F}.Impersonate|Any CPU.Build.0 = Release|Any CPU
		{ADCF6AAD-A8DE-4304-ABCC-B9FB3908A71F}.Impersonate|Itanium.ActiveCfg = Release|Any CPU
		{ADCF6AAD-A8DE-4304-ABCC-B9FB3908A71F}.Impersonate|Itanium.Build.0 = Release|Any CPU
		{ADCF6AAD-A8DE-4304-ABCC-B9FB3908A71F}.Impersonate|Mixed Platforms.ActiveCfg = Release|Any CPU
		{ADCF6AAD-A8DE-4304-ABCC-B9FB3908A71F}.Impersonate|Mixed Platforms.Build.0 = Release|Any CPU
		{ADCF6AAD-A8DE-4304-ABCC-B9FB3908A71F}.Impersonate|x86.ActiveCfg = Release|Any CPU
		{ADCF6AAD-A8DE-4304-ABCC-B9FB3908A71F}.Impersonate|x86.Build.0 = Release|Any CPU
		{ADCF6AAD-A8DE-4304-ABCC-B9FB3908A71F}.Release|Any CPU.ActiveCfg = Release|Any CPU
		{ADCF6AAD-A8DE-4304-ABCC-B9FB3908A71F}.Release|Any CPU.Build.0 = Release|Any CPU
		{ADCF6AAD-A8DE-4304-ABCC-B9FB3908A71F}.Release|Itanium.ActiveCfg = Release|Any CPU
		{ADCF6AAD-A8DE-4304-ABCC-B9FB3908A71F}.Release|Itanium.Build.0 = Release|Any CPU
		{ADCF6AAD-A8DE-4304-ABCC-B9FB3908A71F}.Release|Mixed Platforms.ActiveCfg = Release|Any CPU
		{ADCF6AAD-A8DE-4304-ABCC-B9FB3908A71F}.Release|Mixed Platforms.Build.0 = Release|Any CPU
		{ADCF6AAD-A8DE-4304-ABCC-B9FB3908A71F}.Release|x86.ActiveCfg = Release|Any CPU
		{ADCF6AAD-A8DE-4304-ABCC-B9FB3908A71F}.Release|x86.Build.0 = Release|Any CPU
		{ADCF6AAD-A8DE-4304-ABCC-B9FB3908A71F}.staging|Any CPU.ActiveCfg = Release|Any CPU
		{ADCF6AAD-A8DE-4304-ABCC-B9FB3908A71F}.staging|Any CPU.Build.0 = Release|Any CPU
		{ADCF6AAD-A8DE-4304-ABCC-B9FB3908A71F}.staging|Itanium.ActiveCfg = Release|Any CPU
		{ADCF6AAD-A8DE-4304-ABCC-B9FB3908A71F}.staging|Itanium.Build.0 = Release|Any CPU
		{ADCF6AAD-A8DE-4304-ABCC-B9FB3908A71F}.staging|Mixed Platforms.ActiveCfg = staging|Any CPU
		{ADCF6AAD-A8DE-4304-ABCC-B9FB3908A71F}.staging|Mixed Platforms.Build.0 = staging|Any CPU
		{ADCF6AAD-A8DE-4304-ABCC-B9FB3908A71F}.staging|x86.ActiveCfg = Release|Any CPU
		{ADCF6AAD-A8DE-4304-ABCC-B9FB3908A71F}.staging|x86.Build.0 = Release|Any CPU
		{ADCF6AAD-A8DE-4304-ABCC-B9FB3908A71F}.test|Any CPU.ActiveCfg = test|Any CPU
		{ADCF6AAD-A8DE-4304-ABCC-B9FB3908A71F}.test|Any CPU.Build.0 = test|Any CPU
		{ADCF6AAD-A8DE-4304-ABCC-B9FB3908A71F}.test|Itanium.ActiveCfg = Release|Any CPU
		{ADCF6AAD-A8DE-4304-ABCC-B9FB3908A71F}.test|Itanium.Build.0 = Release|Any CPU
		{ADCF6AAD-A8DE-4304-ABCC-B9FB3908A71F}.test|Mixed Platforms.ActiveCfg = Release|Any CPU
		{ADCF6AAD-A8DE-4304-ABCC-B9FB3908A71F}.test|Mixed Platforms.Build.0 = Release|Any CPU
		{ADCF6AAD-A8DE-4304-ABCC-B9FB3908A71F}.test|x86.ActiveCfg = Release|Any CPU
		{ADCF6AAD-A8DE-4304-ABCC-B9FB3908A71F}.test|x86.Build.0 = Release|Any CPU
		{ADCF6AAD-A8DE-4304-ABCC-B9FB3908A71F}.test2|Any CPU.ActiveCfg = Release|Any CPU
		{ADCF6AAD-A8DE-4304-ABCC-B9FB3908A71F}.test2|Any CPU.Build.0 = Release|Any CPU
		{ADCF6AAD-A8DE-4304-ABCC-B9FB3908A71F}.test2|Itanium.ActiveCfg = Release|Any CPU
		{ADCF6AAD-A8DE-4304-ABCC-B9FB3908A71F}.test2|Itanium.Build.0 = Release|Any CPU
		{ADCF6AAD-A8DE-4304-ABCC-B9FB3908A71F}.test2|Mixed Platforms.ActiveCfg = Release|Any CPU
		{ADCF6AAD-A8DE-4304-ABCC-B9FB3908A71F}.test2|Mixed Platforms.Build.0 = Release|Any CPU
		{ADCF6AAD-A8DE-4304-ABCC-B9FB3908A71F}.test2|x86.ActiveCfg = Release|Any CPU
		{ADCF6AAD-A8DE-4304-ABCC-B9FB3908A71F}.test2|x86.Build.0 = Release|Any CPU
		{ADCF6AAD-A8DE-4304-ABCC-B9FB3908A71F}.test3|Any CPU.ActiveCfg = Release|Any CPU
		{ADCF6AAD-A8DE-4304-ABCC-B9FB3908A71F}.test3|Any CPU.Build.0 = Release|Any CPU
		{ADCF6AAD-A8DE-4304-ABCC-B9FB3908A71F}.test3|Itanium.ActiveCfg = Release|Any CPU
		{ADCF6AAD-A8DE-4304-ABCC-B9FB3908A71F}.test3|Itanium.Build.0 = Release|Any CPU
		{ADCF6AAD-A8DE-4304-ABCC-B9FB3908A71F}.test3|Mixed Platforms.ActiveCfg = Release|Any CPU
		{ADCF6AAD-A8DE-4304-ABCC-B9FB3908A71F}.test3|Mixed Platforms.Build.0 = Release|Any CPU
		{ADCF6AAD-A8DE-4304-ABCC-B9FB3908A71F}.test3|x86.ActiveCfg = Release|Any CPU
		{ADCF6AAD-A8DE-4304-ABCC-B9FB3908A71F}.test3|x86.Build.0 = Release|Any CPU
		{ADCF6AAD-A8DE-4304-ABCC-B9FB3908A71F}.work|Any CPU.ActiveCfg = Release|Any CPU
		{ADCF6AAD-A8DE-4304-ABCC-B9FB3908A71F}.work|Any CPU.Build.0 = Release|Any CPU
		{ADCF6AAD-A8DE-4304-ABCC-B9FB3908A71F}.work|Itanium.ActiveCfg = Release|Any CPU
		{ADCF6AAD-A8DE-4304-ABCC-B9FB3908A71F}.work|Itanium.Build.0 = Release|Any CPU
		{ADCF6AAD-A8DE-4304-ABCC-B9FB3908A71F}.work|Mixed Platforms.ActiveCfg = Release|Any CPU
		{ADCF6AAD-A8DE-4304-ABCC-B9FB3908A71F}.work|Mixed Platforms.Build.0 = Release|Any CPU
		{ADCF6AAD-A8DE-4304-ABCC-B9FB3908A71F}.work|x86.ActiveCfg = Release|Any CPU
		{ADCF6AAD-A8DE-4304-ABCC-B9FB3908A71F}.work|x86.Build.0 = Release|Any CPU
	EndGlobalSection
	GlobalSection(SolutionProperties) = preSolution
		HideSolutionNode = FALSE
	EndGlobalSection
	GlobalSection(NestedProjects) = preSolution
		{98AEE43C-4226-49E7-BD46-C1A85467ECED} = {2F5AFEE8-D44F-4D81-BC89-4E17A3180C58}
		{C504E3D2-5498-451B-BF82-309623706F11} = {2F5AFEE8-D44F-4D81-BC89-4E17A3180C58}
		{512DA381-E81B-4121-B978-FC850EC88353} = {2F5AFEE8-D44F-4D81-BC89-4E17A3180C58}
		{C72EB456-BD24-4FC8-BAAC-728A641C3E20} = {51EB7C8B-702F-4220-9D5B-3021961D4CA1}
	EndGlobalSection
	GlobalSection(ExtensibilityGlobals) = postSolution
		SolutionGuid = {52519C8A-8D4A-40D1-997F-1CCC2E131A39}
	EndGlobalSection
EndGlobal
