
Microsoft Visual Studio Solution File, Format Version 12.00
# Visual Studio 15
VisualStudioVersion = 15.0.27130.0
MinimumVisualStudioVersion = 10.0.40219.1
Project("{FAE04EC0-301F-11D3-BF4B-00C04F79EFBC}") = "CMSWeb", "CmsWeb\CMSWeb.csproj", "{FC942D51-94B5-456B-9683-0BA000A1EAF4}"
	ProjectSection(ProjectDependencies) = postProject
		{DE5B0E8B-5197-4087-BF40-640BFED3B751} = {DE5B0E8B-5197-4087-BF40-640BFED3B751}
		{ADCF6AAD-A8DE-4304-ABCC-B9FB3908A71F} = {ADCF6AAD-A8DE-4304-ABCC-B9FB3908A71F}
	EndProjectSection
EndProject
Project("{FAE04EC0-301F-11D3-BF4B-00C04F79EFBC}") = "CmsData", "CmsData\CmsData.csproj", "{98AEE43C-4226-49E7-BD46-C1A85467ECED}"
EndProject
Project("{FAE04EC0-301F-11D3-BF4B-00C04F79EFBC}") = "UtilityExtensions", "UtilityExtensions\UtilityExtensions.csproj", "{C504E3D2-5498-451B-BF82-309623706F11}"
EndProject
Project("{FAE04EC0-301F-11D3-BF4B-00C04F79EFBC}") = "ImageData", "ImageData\ImageData.csproj", "{512DA381-E81B-4121-B978-FC850EC88353}"
EndProject
Project("{2150E333-8FDC-42A3-9474-1A3956D46DE8}") = "Libraries", "Libraries", "{2F5AFEE8-D44F-4D81-BC89-4E17A3180C58}"
EndProject
Project("{FAE04EC0-301F-11D3-BF4B-00C04F79EFBC}") = "CmsCheckin", "CmsCheckin\CmsCheckin.csproj", "{6F00AEE1-5D32-4ACF-9B58-D3B3D12A3D04}"
EndProject
Project("{2150E333-8FDC-42A3-9474-1A3956D46DE8}") = "Solution Items", "Solution Items", "{3A0B0841-CE00-4EA1-AEB8-7595CAF9E349}"
	ProjectSection(SolutionItems) = preProject
		ReadMe.md = ReadMe.md
		WE-Markdown.css = WE-Markdown.css
		WE-settings.xml = WE-settings.xml
	EndProjectSection
EndProject
Project("{FAE04EC0-301F-11D3-BF4B-00C04F79EFBC}") = "CmsTwilio", "CmsTwilio\CmsTwilio.csproj", "{ADCF6AAD-A8DE-4304-ABCC-B9FB3908A71F}"
EndProject
Project("{2150E333-8FDC-42A3-9474-1A3956D46DE8}") = "UnitTests", "UnitTests", "{E67027B6-AA0A-46DB-94D4-6E9F8288100C}"
EndProject
Project("{FAE04EC0-301F-11D3-BF4B-00C04F79EFBC}") = "UtilityExtensionsTests", "UnitTests\UtilityExtensionsTests\UtilityExtensionsTests.csproj", "{A9419D48-27BF-4DA4-B6BD-350FC8E887F4}"
EndProject
Project("{FAE04EC0-301F-11D3-BF4B-00C04F79EFBC}") = "TransactionGateway", "TransactionGateway\TransactionGateway.csproj", "{BC0C6E33-DFEF-4C4E-9E96-997AF3D78BCF}"
EndProject
Project("{FAE04EC0-301F-11D3-BF4B-00C04F79EFBC}") = "CmsDataTests", "CmsDataTests\CmsDataTests.csproj", "{9F19265D-148A-4C08-877D-1F686A802BE3}"
EndProject
Project("{FAE04EC0-301F-11D3-BF4B-00C04F79EFBC}") = "RepairOrg", "RepairOrg\RepairOrg.csproj", "{DE5B0E8B-5197-4087-BF40-640BFED3B751}"
EndProject
Project("{FAE04EC0-301F-11D3-BF4B-00C04F79EFBC}") = "CMSWebTests", "UnitTests\CMSWebTests\CMSWebTests.csproj", "{C72EB456-BD24-4FC8-BAAC-728A641C3E20}"
EndProject
Global
	GlobalSection(SolutionConfigurationPlatforms) = preSolution
		Debug|Any CPU = Debug|Any CPU
		Debug|x86 = Debug|x86
		Release|Any CPU = Release|Any CPU
		Release|x86 = Release|x86
		staging|Any CPU = staging|Any CPU
		staging|x86 = staging|x86
		test|Any CPU = test|Any CPU
		test|x86 = test|x86
	EndGlobalSection
	GlobalSection(ProjectConfigurationPlatforms) = postSolution
		{FC942D51-94B5-456B-9683-0BA000A1EAF4}.Debug|Any CPU.ActiveCfg = Debug|Any CPU
		{FC942D51-94B5-456B-9683-0BA000A1EAF4}.Debug|Any CPU.Build.0 = Debug|Any CPU
		{FC942D51-94B5-456B-9683-0BA000A1EAF4}.Debug|x86.ActiveCfg = Debug|Any CPU
		{FC942D51-94B5-456B-9683-0BA000A1EAF4}.Release|Any CPU.ActiveCfg = Release|Any CPU
		{FC942D51-94B5-456B-9683-0BA000A1EAF4}.Release|Any CPU.Build.0 = Release|Any CPU
		{FC942D51-94B5-456B-9683-0BA000A1EAF4}.Release|x86.ActiveCfg = Release|Any CPU
		{FC942D51-94B5-456B-9683-0BA000A1EAF4}.staging|Any CPU.ActiveCfg = staging|Any CPU
		{FC942D51-94B5-456B-9683-0BA000A1EAF4}.staging|Any CPU.Build.0 = staging|Any CPU
		{FC942D51-94B5-456B-9683-0BA000A1EAF4}.staging|x86.ActiveCfg = staging|Any CPU
		{FC942D51-94B5-456B-9683-0BA000A1EAF4}.staging|x86.Build.0 = staging|Any CPU
		{FC942D51-94B5-456B-9683-0BA000A1EAF4}.test|Any CPU.ActiveCfg = test|Any CPU
		{FC942D51-94B5-456B-9683-0BA000A1EAF4}.test|Any CPU.Build.0 = test|Any CPU
		{FC942D51-94B5-456B-9683-0BA000A1EAF4}.test|x86.ActiveCfg = test|Any CPU
		{98AEE43C-4226-49E7-BD46-C1A85467ECED}.Debug|Any CPU.ActiveCfg = Debug|Any CPU
		{98AEE43C-4226-49E7-BD46-C1A85467ECED}.Debug|Any CPU.Build.0 = Debug|Any CPU
		{98AEE43C-4226-49E7-BD46-C1A85467ECED}.Debug|x86.ActiveCfg = Debug|x86
		{98AEE43C-4226-49E7-BD46-C1A85467ECED}.Debug|x86.Build.0 = Debug|x86
		{98AEE43C-4226-49E7-BD46-C1A85467ECED}.Release|Any CPU.ActiveCfg = Release|Any CPU
		{98AEE43C-4226-49E7-BD46-C1A85467ECED}.Release|Any CPU.Build.0 = Release|Any CPU
		{98AEE43C-4226-49E7-BD46-C1A85467ECED}.Release|x86.ActiveCfg = Release|x86
		{98AEE43C-4226-49E7-BD46-C1A85467ECED}.Release|x86.Build.0 = Release|x86
		{98AEE43C-4226-49E7-BD46-C1A85467ECED}.staging|Any CPU.ActiveCfg = staging|Any CPU
		{98AEE43C-4226-49E7-BD46-C1A85467ECED}.staging|Any CPU.Build.0 = staging|Any CPU
		{98AEE43C-4226-49E7-BD46-C1A85467ECED}.staging|x86.ActiveCfg = staging|x86
		{98AEE43C-4226-49E7-BD46-C1A85467ECED}.staging|x86.Build.0 = staging|x86
		{98AEE43C-4226-49E7-BD46-C1A85467ECED}.test|Any CPU.ActiveCfg = test|Any CPU
		{98AEE43C-4226-49E7-BD46-C1A85467ECED}.test|Any CPU.Build.0 = test|Any CPU
		{98AEE43C-4226-49E7-BD46-C1A85467ECED}.test|x86.ActiveCfg = test|x86
		{98AEE43C-4226-49E7-BD46-C1A85467ECED}.test|x86.Build.0 = test|x86
		{C504E3D2-5498-451B-BF82-309623706F11}.Debug|Any CPU.ActiveCfg = Debug|Any CPU
		{C504E3D2-5498-451B-BF82-309623706F11}.Debug|Any CPU.Build.0 = Debug|Any CPU
		{C504E3D2-5498-451B-BF82-309623706F11}.Debug|x86.ActiveCfg = Debug|x86
		{C504E3D2-5498-451B-BF82-309623706F11}.Debug|x86.Build.0 = Debug|x86
		{C504E3D2-5498-451B-BF82-309623706F11}.Release|Any CPU.ActiveCfg = Release|Any CPU
		{C504E3D2-5498-451B-BF82-309623706F11}.Release|Any CPU.Build.0 = Release|Any CPU
		{C504E3D2-5498-451B-BF82-309623706F11}.Release|x86.ActiveCfg = Release|x86
		{C504E3D2-5498-451B-BF82-309623706F11}.Release|x86.Build.0 = Release|x86
		{C504E3D2-5498-451B-BF82-309623706F11}.staging|Any CPU.ActiveCfg = staging|Any CPU
		{C504E3D2-5498-451B-BF82-309623706F11}.staging|Any CPU.Build.0 = staging|Any CPU
		{C504E3D2-5498-451B-BF82-309623706F11}.staging|x86.ActiveCfg = staging|x86
		{C504E3D2-5498-451B-BF82-309623706F11}.staging|x86.Build.0 = staging|x86
		{C504E3D2-5498-451B-BF82-309623706F11}.test|Any CPU.ActiveCfg = test|Any CPU
		{C504E3D2-5498-451B-BF82-309623706F11}.test|Any CPU.Build.0 = test|Any CPU
		{C504E3D2-5498-451B-BF82-309623706F11}.test|x86.ActiveCfg = Release|x86
		{C504E3D2-5498-451B-BF82-309623706F11}.test|x86.Build.0 = Release|x86
		{512DA381-E81B-4121-B978-FC850EC88353}.Debug|Any CPU.ActiveCfg = Debug|Any CPU
		{512DA381-E81B-4121-B978-FC850EC88353}.Debug|Any CPU.Build.0 = Debug|Any CPU
		{512DA381-E81B-4121-B978-FC850EC88353}.Debug|x86.ActiveCfg = Debug|Any CPU
		{512DA381-E81B-4121-B978-FC850EC88353}.Release|Any CPU.ActiveCfg = Release|Any CPU
		{512DA381-E81B-4121-B978-FC850EC88353}.Release|Any CPU.Build.0 = Release|Any CPU
		{512DA381-E81B-4121-B978-FC850EC88353}.Release|x86.ActiveCfg = Release|Any CPU
		{512DA381-E81B-4121-B978-FC850EC88353}.staging|Any CPU.ActiveCfg = staging|Any CPU
		{512DA381-E81B-4121-B978-FC850EC88353}.staging|Any CPU.Build.0 = staging|Any CPU
		{512DA381-E81B-4121-B978-FC850EC88353}.staging|x86.ActiveCfg = staging|Any CPU
		{512DA381-E81B-4121-B978-FC850EC88353}.staging|x86.Build.0 = staging|Any CPU
		{512DA381-E81B-4121-B978-FC850EC88353}.test|Any CPU.ActiveCfg = test|Any CPU
		{512DA381-E81B-4121-B978-FC850EC88353}.test|Any CPU.Build.0 = test|Any CPU
		{512DA381-E81B-4121-B978-FC850EC88353}.test|x86.ActiveCfg = Release|Any CPU
		{6F00AEE1-5D32-4ACF-9B58-D3B3D12A3D04}.Debug|Any CPU.ActiveCfg = Debug|Any CPU
		{6F00AEE1-5D32-4ACF-9B58-D3B3D12A3D04}.Debug|Any CPU.Build.0 = Debug|Any CPU
		{6F00AEE1-5D32-4ACF-9B58-D3B3D12A3D04}.Debug|x86.ActiveCfg = Debug|Any CPU
		{6F00AEE1-5D32-4ACF-9B58-D3B3D12A3D04}.Release|Any CPU.ActiveCfg = Release|Any CPU
		{6F00AEE1-5D32-4ACF-9B58-D3B3D12A3D04}.Release|Any CPU.Build.0 = Release|Any CPU
		{6F00AEE1-5D32-4ACF-9B58-D3B3D12A3D04}.Release|x86.ActiveCfg = Release|Any CPU
		{6F00AEE1-5D32-4ACF-9B58-D3B3D12A3D04}.staging|Any CPU.ActiveCfg = staging|Any CPU
		{6F00AEE1-5D32-4ACF-9B58-D3B3D12A3D04}.staging|Any CPU.Build.0 = staging|Any CPU
		{6F00AEE1-5D32-4ACF-9B58-D3B3D12A3D04}.staging|x86.ActiveCfg = staging|Any CPU
		{6F00AEE1-5D32-4ACF-9B58-D3B3D12A3D04}.staging|x86.Build.0 = staging|Any CPU
		{6F00AEE1-5D32-4ACF-9B58-D3B3D12A3D04}.test|Any CPU.ActiveCfg = Release|Any CPU
		{6F00AEE1-5D32-4ACF-9B58-D3B3D12A3D04}.test|Any CPU.Build.0 = Release|Any CPU
		{6F00AEE1-5D32-4ACF-9B58-D3B3D12A3D04}.test|x86.ActiveCfg = Release|Any CPU
		{ADCF6AAD-A8DE-4304-ABCC-B9FB3908A71F}.Debug|Any CPU.ActiveCfg = Debug|Any CPU
		{ADCF6AAD-A8DE-4304-ABCC-B9FB3908A71F}.Debug|Any CPU.Build.0 = Debug|Any CPU
		{ADCF6AAD-A8DE-4304-ABCC-B9FB3908A71F}.Debug|x86.ActiveCfg = Debug|Any CPU
		{ADCF6AAD-A8DE-4304-ABCC-B9FB3908A71F}.Debug|x86.Build.0 = Debug|Any CPU
		{ADCF6AAD-A8DE-4304-ABCC-B9FB3908A71F}.Release|Any CPU.ActiveCfg = Release|Any CPU
		{ADCF6AAD-A8DE-4304-ABCC-B9FB3908A71F}.Release|Any CPU.Build.0 = Release|Any CPU
		{ADCF6AAD-A8DE-4304-ABCC-B9FB3908A71F}.Release|x86.ActiveCfg = Release|Any CPU
		{ADCF6AAD-A8DE-4304-ABCC-B9FB3908A71F}.Release|x86.Build.0 = Release|Any CPU
		{ADCF6AAD-A8DE-4304-ABCC-B9FB3908A71F}.staging|Any CPU.ActiveCfg = Release|Any CPU
		{ADCF6AAD-A8DE-4304-ABCC-B9FB3908A71F}.staging|Any CPU.Build.0 = Release|Any CPU
		{ADCF6AAD-A8DE-4304-ABCC-B9FB3908A71F}.staging|x86.ActiveCfg = Release|Any CPU
		{ADCF6AAD-A8DE-4304-ABCC-B9FB3908A71F}.staging|x86.Build.0 = Release|Any CPU
		{ADCF6AAD-A8DE-4304-ABCC-B9FB3908A71F}.test|Any CPU.ActiveCfg = test|Any CPU
		{ADCF6AAD-A8DE-4304-ABCC-B9FB3908A71F}.test|Any CPU.Build.0 = test|Any CPU
		{ADCF6AAD-A8DE-4304-ABCC-B9FB3908A71F}.test|x86.ActiveCfg = Release|Any CPU
		{ADCF6AAD-A8DE-4304-ABCC-B9FB3908A71F}.test|x86.Build.0 = Release|Any CPU
		{A9419D48-27BF-4DA4-B6BD-350FC8E887F4}.Debug|Any CPU.ActiveCfg = Debug|Any CPU
		{A9419D48-27BF-4DA4-B6BD-350FC8E887F4}.Debug|Any CPU.Build.0 = Debug|Any CPU
		{A9419D48-27BF-4DA4-B6BD-350FC8E887F4}.Debug|x86.ActiveCfg = Debug|Any CPU
		{A9419D48-27BF-4DA4-B6BD-350FC8E887F4}.Debug|x86.Build.0 = Debug|Any CPU
		{A9419D48-27BF-4DA4-B6BD-350FC8E887F4}.Release|Any CPU.ActiveCfg = Release|Any CPU
		{A9419D48-27BF-4DA4-B6BD-350FC8E887F4}.Release|Any CPU.Build.0 = Release|Any CPU
		{A9419D48-27BF-4DA4-B6BD-350FC8E887F4}.Release|x86.ActiveCfg = Release|Any CPU
		{A9419D48-27BF-4DA4-B6BD-350FC8E887F4}.Release|x86.Build.0 = Release|Any CPU
		{A9419D48-27BF-4DA4-B6BD-350FC8E887F4}.staging|Any CPU.ActiveCfg = Release|Any CPU
		{A9419D48-27BF-4DA4-B6BD-350FC8E887F4}.staging|Any CPU.Build.0 = Release|Any CPU
		{A9419D48-27BF-4DA4-B6BD-350FC8E887F4}.staging|x86.ActiveCfg = Release|Any CPU
		{A9419D48-27BF-4DA4-B6BD-350FC8E887F4}.staging|x86.Build.0 = Release|Any CPU
		{A9419D48-27BF-4DA4-B6BD-350FC8E887F4}.test|Any CPU.ActiveCfg = Release|Any CPU
		{A9419D48-27BF-4DA4-B6BD-350FC8E887F4}.test|Any CPU.Build.0 = Release|Any CPU
		{A9419D48-27BF-4DA4-B6BD-350FC8E887F4}.test|x86.ActiveCfg = Release|Any CPU
		{A9419D48-27BF-4DA4-B6BD-350FC8E887F4}.test|x86.Build.0 = Release|Any CPU
		{BC0C6E33-DFEF-4C4E-9E96-997AF3D78BCF}.Debug|Any CPU.ActiveCfg = Debug|Any CPU
		{BC0C6E33-DFEF-4C4E-9E96-997AF3D78BCF}.Debug|Any CPU.Build.0 = Debug|Any CPU
		{BC0C6E33-DFEF-4C4E-9E96-997AF3D78BCF}.Debug|x86.ActiveCfg = Debug|Any CPU
		{BC0C6E33-DFEF-4C4E-9E96-997AF3D78BCF}.Debug|x86.Build.0 = Debug|Any CPU
		{BC0C6E33-DFEF-4C4E-9E96-997AF3D78BCF}.Release|Any CPU.ActiveCfg = Release|Any CPU
		{BC0C6E33-DFEF-4C4E-9E96-997AF3D78BCF}.Release|Any CPU.Build.0 = Release|Any CPU
		{BC0C6E33-DFEF-4C4E-9E96-997AF3D78BCF}.Release|x86.ActiveCfg = Release|Any CPU
		{BC0C6E33-DFEF-4C4E-9E96-997AF3D78BCF}.Release|x86.Build.0 = Release|Any CPU
		{BC0C6E33-DFEF-4C4E-9E96-997AF3D78BCF}.staging|Any CPU.ActiveCfg = Release|Any CPU
		{BC0C6E33-DFEF-4C4E-9E96-997AF3D78BCF}.staging|Any CPU.Build.0 = Release|Any CPU
		{BC0C6E33-DFEF-4C4E-9E96-997AF3D78BCF}.staging|x86.ActiveCfg = Release|Any CPU
		{BC0C6E33-DFEF-4C4E-9E96-997AF3D78BCF}.staging|x86.Build.0 = Release|Any CPU
		{BC0C6E33-DFEF-4C4E-9E96-997AF3D78BCF}.test|Any CPU.ActiveCfg = Release|Any CPU
		{BC0C6E33-DFEF-4C4E-9E96-997AF3D78BCF}.test|Any CPU.Build.0 = Release|Any CPU
		{BC0C6E33-DFEF-4C4E-9E96-997AF3D78BCF}.test|x86.ActiveCfg = Release|Any CPU
		{BC0C6E33-DFEF-4C4E-9E96-997AF3D78BCF}.test|x86.Build.0 = Release|Any CPU
		{9F19265D-148A-4C08-877D-1F686A802BE3}.Debug|Any CPU.ActiveCfg = Debug|Any CPU
		{9F19265D-148A-4C08-877D-1F686A802BE3}.Debug|Any CPU.Build.0 = Debug|Any CPU
		{9F19265D-148A-4C08-877D-1F686A802BE3}.Debug|x86.ActiveCfg = Debug|Any CPU
		{9F19265D-148A-4C08-877D-1F686A802BE3}.Debug|x86.Build.0 = Debug|Any CPU
		{9F19265D-148A-4C08-877D-1F686A802BE3}.Release|Any CPU.ActiveCfg = Release|Any CPU
		{9F19265D-148A-4C08-877D-1F686A802BE3}.Release|Any CPU.Build.0 = Release|Any CPU
		{9F19265D-148A-4C08-877D-1F686A802BE3}.Release|x86.ActiveCfg = Release|Any CPU
		{9F19265D-148A-4C08-877D-1F686A802BE3}.Release|x86.Build.0 = Release|Any CPU
		{9F19265D-148A-4C08-877D-1F686A802BE3}.staging|Any CPU.ActiveCfg = Release|Any CPU
		{9F19265D-148A-4C08-877D-1F686A802BE3}.staging|Any CPU.Build.0 = Release|Any CPU
		{9F19265D-148A-4C08-877D-1F686A802BE3}.staging|x86.ActiveCfg = Release|Any CPU
		{9F19265D-148A-4C08-877D-1F686A802BE3}.staging|x86.Build.0 = Release|Any CPU
		{9F19265D-148A-4C08-877D-1F686A802BE3}.test|Any CPU.ActiveCfg = Release|Any CPU
		{9F19265D-148A-4C08-877D-1F686A802BE3}.test|Any CPU.Build.0 = Release|Any CPU
		{9F19265D-148A-4C08-877D-1F686A802BE3}.test|x86.ActiveCfg = Release|Any CPU
		{9F19265D-148A-4C08-877D-1F686A802BE3}.test|x86.Build.0 = Release|Any CPU
		{DE5B0E8B-5197-4087-BF40-640BFED3B751}.Debug|Any CPU.ActiveCfg = Debug|Any CPU
		{DE5B0E8B-5197-4087-BF40-640BFED3B751}.Debug|Any CPU.Build.0 = Debug|Any CPU
		{DE5B0E8B-5197-4087-BF40-640BFED3B751}.Debug|x86.ActiveCfg = Debug|Any CPU
		{DE5B0E8B-5197-4087-BF40-640BFED3B751}.Debug|x86.Build.0 = Debug|Any CPU
		{DE5B0E8B-5197-4087-BF40-640BFED3B751}.Release|Any CPU.ActiveCfg = Release|Any CPU
		{DE5B0E8B-5197-4087-BF40-640BFED3B751}.Release|Any CPU.Build.0 = Release|Any CPU
		{DE5B0E8B-5197-4087-BF40-640BFED3B751}.Release|x86.ActiveCfg = Release|Any CPU
		{DE5B0E8B-5197-4087-BF40-640BFED3B751}.Release|x86.Build.0 = Release|Any CPU
		{DE5B0E8B-5197-4087-BF40-640BFED3B751}.staging|Any CPU.ActiveCfg = Release|Any CPU
		{DE5B0E8B-5197-4087-BF40-640BFED3B751}.staging|Any CPU.Build.0 = Release|Any CPU
		{DE5B0E8B-5197-4087-BF40-640BFED3B751}.staging|x86.ActiveCfg = Release|Any CPU
		{DE5B0E8B-5197-4087-BF40-640BFED3B751}.staging|x86.Build.0 = Release|Any CPU
		{DE5B0E8B-5197-4087-BF40-640BFED3B751}.test|Any CPU.ActiveCfg = Release|Any CPU
		{DE5B0E8B-5197-4087-BF40-640BFED3B751}.test|Any CPU.Build.0 = Release|Any CPU
		{DE5B0E8B-5197-4087-BF40-640BFED3B751}.test|x86.ActiveCfg = Release|Any CPU
		{DE5B0E8B-5197-4087-BF40-640BFED3B751}.test|x86.Build.0 = Release|Any CPU
		{C72EB456-BD24-4FC8-BAAC-728A641C3E20}.Debug|Any CPU.ActiveCfg = Debug|Any CPU
		{C72EB456-BD24-4FC8-BAAC-728A641C3E20}.Debug|Any CPU.Build.0 = Debug|Any CPU
		{C72EB456-BD24-4FC8-BAAC-728A641C3E20}.Debug|x86.ActiveCfg = Debug|Any CPU
		{C72EB456-BD24-4FC8-BAAC-728A641C3E20}.Debug|x86.Build.0 = Debug|Any CPU
		{C72EB456-BD24-4FC8-BAAC-728A641C3E20}.Release|Any CPU.ActiveCfg = Release|Any CPU
		{C72EB456-BD24-4FC8-BAAC-728A641C3E20}.Release|Any CPU.Build.0 = Release|Any CPU
		{C72EB456-BD24-4FC8-BAAC-728A641C3E20}.Release|x86.ActiveCfg = Release|Any CPU
		{C72EB456-BD24-4FC8-BAAC-728A641C3E20}.Release|x86.Build.0 = Release|Any CPU
		{C72EB456-BD24-4FC8-BAAC-728A641C3E20}.staging|Any CPU.ActiveCfg = Release|Any CPU
		{C72EB456-BD24-4FC8-BAAC-728A641C3E20}.staging|Any CPU.Build.0 = Release|Any CPU
		{C72EB456-BD24-4FC8-BAAC-728A641C3E20}.staging|x86.ActiveCfg = Release|Any CPU
		{C72EB456-BD24-4FC8-BAAC-728A641C3E20}.staging|x86.Build.0 = Release|Any CPU
		{C72EB456-BD24-4FC8-BAAC-728A641C3E20}.test|Any CPU.ActiveCfg = Release|Any CPU
		{C72EB456-BD24-4FC8-BAAC-728A641C3E20}.test|Any CPU.Build.0 = Release|Any CPU
		{C72EB456-BD24-4FC8-BAAC-728A641C3E20}.test|x86.ActiveCfg = Release|Any CPU
		{C72EB456-BD24-4FC8-BAAC-728A641C3E20}.test|x86.Build.0 = Release|Any CPU
	EndGlobalSection
	GlobalSection(SolutionProperties) = preSolution
		HideSolutionNode = FALSE
	EndGlobalSection
	GlobalSection(NestedProjects) = preSolution
		{98AEE43C-4226-49E7-BD46-C1A85467ECED} = {2F5AFEE8-D44F-4D81-BC89-4E17A3180C58}
		{C504E3D2-5498-451B-BF82-309623706F11} = {2F5AFEE8-D44F-4D81-BC89-4E17A3180C58}
		{512DA381-E81B-4121-B978-FC850EC88353} = {2F5AFEE8-D44F-4D81-BC89-4E17A3180C58}
		{A9419D48-27BF-4DA4-B6BD-350FC8E887F4} = {E67027B6-AA0A-46DB-94D4-6E9F8288100C}
		{BC0C6E33-DFEF-4C4E-9E96-997AF3D78BCF} = {2F5AFEE8-D44F-4D81-BC89-4E17A3180C58}
		{9F19265D-148A-4C08-877D-1F686A802BE3} = {E67027B6-AA0A-46DB-94D4-6E9F8288100C}
		{C72EB456-BD24-4FC8-BAAC-728A641C3E20} = {E67027B6-AA0A-46DB-94D4-6E9F8288100C}
	EndGlobalSection
	GlobalSection(ExtensibilityGlobals) = postSolution
		SolutionGuid = {52519C8A-8D4A-40D1-997F-1CCC2E131A39}
	EndGlobalSection
EndGlobal
