
Microsoft Visual Studio Solution File, Format Version 12.00
# Visual Studio 15
VisualStudioVersion = 15.0.27130.0
MinimumVisualStudioVersion = 10.0.40219.1
Project("{FAE04EC0-301F-11D3-BF4B-00C04F79EFBC}") = "CMSWeb", "CmsWeb\CMSWeb.csproj", "{FC942D51-94B5-456B-9683-0BA000A1EAF4}"
	ProjectSection(ProjectDependencies) = postProject
		{DE5B0E8B-5197-4087-BF40-640BFED3B751} = {DE5B0E8B-5197-4087-BF40-640BFED3B751}
		{ADCF6AAD-A8DE-4304-ABCC-B9FB3908A71F} = {ADCF6AAD-A8DE-4304-ABCC-B9FB3908A71F}
	EndProjectSection
EndProject
Project("{FAE04EC0-301F-11D3-BF4B-00C04F79EFBC}") = "CmsData", "CmsData\CmsData.csproj", "{98AEE43C-4226-49E7-BD46-C1A85467ECED}"
EndProject
Project("{FAE04EC0-301F-11D3-BF4B-00C04F79EFBC}") = "UtilityExtensions", "UtilityExtensions\UtilityExtensions.csproj", "{C504E3D2-5498-451B-BF82-309623706F11}"
EndProject
Project("{FAE04EC0-301F-11D3-BF4B-00C04F79EFBC}") = "ImageData", "ImageData\ImageData.csproj", "{512DA381-E81B-4121-B978-FC850EC88353}"
EndProject
Project("{2150E333-8FDC-42A3-9474-1A3956D46DE8}") = "Libraries", "Libraries", "{2F5AFEE8-D44F-4D81-BC89-4E17A3180C58}"
EndProject
Project("{FAE04EC0-301F-11D3-BF4B-00C04F79EFBC}") = "CmsCheckin", "CmsCheckin\CmsCheckin.csproj", "{6F00AEE1-5D32-4ACF-9B58-D3B3D12A3D04}"
EndProject
Project("{2150E333-8FDC-42A3-9474-1A3956D46DE8}") = "Solution Items", "Solution Items", "{3A0B0841-CE00-4EA1-AEB8-7595CAF9E349}"
	ProjectSection(SolutionItems) = preProject
		ReadMe.md = ReadMe.md
		WE-Markdown.css = WE-Markdown.css
		WE-settings.xml = WE-settings.xml
	EndProjectSection
EndProject
Project("{FAE04EC0-301F-11D3-BF4B-00C04F79EFBC}") = "CmsTwilio", "CmsTwilio\CmsTwilio.csproj", "{ADCF6AAD-A8DE-4304-ABCC-B9FB3908A71F}"
EndProject
Project("{2150E333-8FDC-42A3-9474-1A3956D46DE8}") = "UnitTests", "UnitTests", "{E67027B6-AA0A-46DB-94D4-6E9F8288100C}"
EndProject
Project("{FAE04EC0-301F-11D3-BF4B-00C04F79EFBC}") = "UtilityExtensionsTests", "UnitTests\UtilityExtensionsTests\UtilityExtensionsTests.csproj", "{A9419D48-27BF-4DA4-B6BD-350FC8E887F4}"
EndProject
Project("{FAE04EC0-301F-11D3-BF4B-00C04F79EFBC}") = "TransactionGateway", "TransactionGateway\TransactionGateway.csproj", "{BC0C6E33-DFEF-4C4E-9E96-997AF3D78BCF}"
EndProject
Project("{FAE04EC0-301F-11D3-BF4B-00C04F79EFBC}") = "CmsDataTests", "UnitTests\CmsDataTests\CmsDataTests.csproj", "{9F19265D-148A-4C08-877D-1F686A802BE3}"
EndProject
Project("{FAE04EC0-301F-11D3-BF4B-00C04F79EFBC}") = "RepairOrg", "RepairOrg\RepairOrg.csproj", "{DE5B0E8B-5197-4087-BF40-640BFED3B751}"
EndProject
Project("{FAE04EC0-301F-11D3-BF4B-00C04F79EFBC}") = "IntegrationTests", "IntegrationTests\IntegrationTests.csproj", "{298AF160-14F1-4CA2-8413-F74E100DF3EB}"
EndProject
Project("{FAE04EC0-301F-11D3-BF4B-00C04F79EFBC}") = "CMSWebTests", "UnitTests\CMSWebTests\CMSWebTests.csproj", "{AA7EC494-B0CD-41DB-8BCF-76835AF223B8}"
EndProject
Project("{FAE04EC0-301F-11D3-BF4B-00C04F79EFBC}") = "SharedTestFixtures", "UnitTests\SharedTestFixtures\SharedTestFixtures.csproj", "{37B7DD60-A2CE-4E69-8CC5-4370B95AD908}"
EndProject
Global
	GlobalSection(SolutionConfigurationPlatforms) = preSolution
		bellevue|Any CPU = bellevue|Any CPU
		bellevue|x86 = bellevue|x86
		Bellevue3|Any CPU = Bellevue3|Any CPU
		Bellevue3|x86 = Bellevue3|x86
		bvcms|Any CPU = bvcms|Any CPU
		bvcms|x86 = bvcms|x86
		bvcms2|Any CPU = bvcms2|Any CPU
		bvcms2|x86 = bvcms2|x86
		BVCMSProduction|Any CPU = BVCMSProduction|Any CPU
		BVCMSProduction|x86 = BVCMSProduction|x86
		CMS2Production|Any CPU = CMS2Production|Any CPU
		CMS2Production|x86 = CMS2Production|x86
		CMSTest|Any CPU = CMSTest|Any CPU
		CMSTest|x86 = CMSTest|x86
		CMSWebProduction|Any CPU = CMSWebProduction|Any CPU
		CMSWebProduction|x86 = CMSWebProduction|x86
		Debug|Any CPU = Debug|Any CPU
		Debug|x86 = Debug|x86
		Impersonate|Any CPU = Impersonate|Any CPU
		Impersonate|x86 = Impersonate|x86
		Rackspace|Any CPU = Rackspace|Any CPU
		Rackspace|x86 = Rackspace|x86
		Release|Any CPU = Release|Any CPU
		Release|x86 = Release|x86
		Release2|Any CPU = Release2|Any CPU
		Release2|x86 = Release2|x86
		staging|Any CPU = staging|Any CPU
		staging|x86 = staging|x86
		TeamCity|Any CPU = TeamCity|Any CPU
		TeamCity|x86 = TeamCity|x86
		test|Any CPU = test|Any CPU
		test|x86 = test|x86
		test2|Any CPU = test2|Any CPU
		test2|x86 = test2|x86
		test3|Any CPU = test3|Any CPU
		test3|x86 = test3|x86
		work|Any CPU = work|Any CPU
		work|x86 = work|x86
	EndGlobalSection
	GlobalSection(ProjectConfigurationPlatforms) = postSolution
		{FC942D51-94B5-456B-9683-0BA000A1EAF4}.bellevue|Any CPU.ActiveCfg = work|Any CPU
		{FC942D51-94B5-456B-9683-0BA000A1EAF4}.bellevue|Any CPU.Build.0 = work|Any CPU
		{FC942D51-94B5-456B-9683-0BA000A1EAF4}.bellevue|x86.ActiveCfg = work|Any CPU
		{FC942D51-94B5-456B-9683-0BA000A1EAF4}.bellevue|x86.Build.0 = work|Any CPU
		{FC942D51-94B5-456B-9683-0BA000A1EAF4}.Bellevue3|Any CPU.ActiveCfg = work|Any CPU
		{FC942D51-94B5-456B-9683-0BA000A1EAF4}.Bellevue3|Any CPU.Build.0 = work|Any CPU
		{FC942D51-94B5-456B-9683-0BA000A1EAF4}.Bellevue3|x86.ActiveCfg = work|Any CPU
		{FC942D51-94B5-456B-9683-0BA000A1EAF4}.Bellevue3|x86.Build.0 = work|Any CPU
		{FC942D51-94B5-456B-9683-0BA000A1EAF4}.bvcms|Any CPU.ActiveCfg = work|Any CPU
		{FC942D51-94B5-456B-9683-0BA000A1EAF4}.bvcms|Any CPU.Build.0 = work|Any CPU
		{FC942D51-94B5-456B-9683-0BA000A1EAF4}.bvcms|x86.ActiveCfg = work|Any CPU
		{FC942D51-94B5-456B-9683-0BA000A1EAF4}.bvcms|x86.Build.0 = work|Any CPU
		{FC942D51-94B5-456B-9683-0BA000A1EAF4}.bvcms2|Any CPU.ActiveCfg = work|Any CPU
		{FC942D51-94B5-456B-9683-0BA000A1EAF4}.bvcms2|Any CPU.Build.0 = work|Any CPU
		{FC942D51-94B5-456B-9683-0BA000A1EAF4}.bvcms2|x86.ActiveCfg = work|Any CPU
		{FC942D51-94B5-456B-9683-0BA000A1EAF4}.bvcms2|x86.Build.0 = work|Any CPU
		{FC942D51-94B5-456B-9683-0BA000A1EAF4}.BVCMSProduction|Any CPU.ActiveCfg = work|Any CPU
		{FC942D51-94B5-456B-9683-0BA000A1EAF4}.BVCMSProduction|Any CPU.Build.0 = work|Any CPU
		{FC942D51-94B5-456B-9683-0BA000A1EAF4}.BVCMSProduction|x86.ActiveCfg = work|Any CPU
		{FC942D51-94B5-456B-9683-0BA000A1EAF4}.BVCMSProduction|x86.Build.0 = work|Any CPU
		{FC942D51-94B5-456B-9683-0BA000A1EAF4}.CMS2Production|Any CPU.ActiveCfg = work|Any CPU
		{FC942D51-94B5-456B-9683-0BA000A1EAF4}.CMS2Production|Any CPU.Build.0 = work|Any CPU
		{FC942D51-94B5-456B-9683-0BA000A1EAF4}.CMS2Production|x86.ActiveCfg = work|Any CPU
		{FC942D51-94B5-456B-9683-0BA000A1EAF4}.CMS2Production|x86.Build.0 = work|Any CPU
		{FC942D51-94B5-456B-9683-0BA000A1EAF4}.CMSTest|Any CPU.ActiveCfg = work|Any CPU
		{FC942D51-94B5-456B-9683-0BA000A1EAF4}.CMSTest|Any CPU.Build.0 = work|Any CPU
		{FC942D51-94B5-456B-9683-0BA000A1EAF4}.CMSTest|x86.ActiveCfg = work|Any CPU
		{FC942D51-94B5-456B-9683-0BA000A1EAF4}.CMSTest|x86.Build.0 = work|Any CPU
		{FC942D51-94B5-456B-9683-0BA000A1EAF4}.CMSWebProduction|Any CPU.ActiveCfg = work|Any CPU
		{FC942D51-94B5-456B-9683-0BA000A1EAF4}.CMSWebProduction|Any CPU.Build.0 = work|Any CPU
		{FC942D51-94B5-456B-9683-0BA000A1EAF4}.CMSWebProduction|x86.ActiveCfg = work|Any CPU
		{FC942D51-94B5-456B-9683-0BA000A1EAF4}.CMSWebProduction|x86.Build.0 = work|Any CPU
		{FC942D51-94B5-456B-9683-0BA000A1EAF4}.Debug|Any CPU.ActiveCfg = Debug|Any CPU
		{FC942D51-94B5-456B-9683-0BA000A1EAF4}.Debug|Any CPU.Build.0 = Debug|Any CPU
		{FC942D51-94B5-456B-9683-0BA000A1EAF4}.Debug|x86.ActiveCfg = Debug|Any CPU
		{FC942D51-94B5-456B-9683-0BA000A1EAF4}.Impersonate|Any CPU.ActiveCfg = Impersonate|Any CPU
		{FC942D51-94B5-456B-9683-0BA000A1EAF4}.Impersonate|Any CPU.Build.0 = Impersonate|Any CPU
		{FC942D51-94B5-456B-9683-0BA000A1EAF4}.Impersonate|x86.ActiveCfg = Impersonate|Any CPU
		{FC942D51-94B5-456B-9683-0BA000A1EAF4}.Impersonate|x86.Build.0 = Impersonate|Any CPU
		{FC942D51-94B5-456B-9683-0BA000A1EAF4}.Rackspace|Any CPU.ActiveCfg = Release|Any CPU
		{FC942D51-94B5-456B-9683-0BA000A1EAF4}.Rackspace|Any CPU.Build.0 = Release|Any CPU
		{FC942D51-94B5-456B-9683-0BA000A1EAF4}.Rackspace|x86.ActiveCfg = Release|Any CPU
		{FC942D51-94B5-456B-9683-0BA000A1EAF4}.Rackspace|x86.Build.0 = Release|Any CPU
		{FC942D51-94B5-456B-9683-0BA000A1EAF4}.Release|Any CPU.ActiveCfg = Release|Any CPU
		{FC942D51-94B5-456B-9683-0BA000A1EAF4}.Release|Any CPU.Build.0 = Release|Any CPU
		{FC942D51-94B5-456B-9683-0BA000A1EAF4}.Release|x86.ActiveCfg = Release|Any CPU
		{FC942D51-94B5-456B-9683-0BA000A1EAF4}.Release2|Any CPU.ActiveCfg = Release|Any CPU
		{FC942D51-94B5-456B-9683-0BA000A1EAF4}.Release2|Any CPU.Build.0 = Release|Any CPU
		{FC942D51-94B5-456B-9683-0BA000A1EAF4}.Release2|x86.ActiveCfg = Release|Any CPU
		{FC942D51-94B5-456B-9683-0BA000A1EAF4}.Release2|x86.Build.0 = Release|Any CPU
		{FC942D51-94B5-456B-9683-0BA000A1EAF4}.staging|Any CPU.ActiveCfg = staging|Any CPU
		{FC942D51-94B5-456B-9683-0BA000A1EAF4}.staging|Any CPU.Build.0 = staging|Any CPU
		{FC942D51-94B5-456B-9683-0BA000A1EAF4}.staging|x86.ActiveCfg = staging|Any CPU
		{FC942D51-94B5-456B-9683-0BA000A1EAF4}.staging|x86.Build.0 = staging|Any CPU
		{FC942D51-94B5-456B-9683-0BA000A1EAF4}.TeamCity|Any CPU.ActiveCfg = test3|Any CPU
		{FC942D51-94B5-456B-9683-0BA000A1EAF4}.TeamCity|Any CPU.Build.0 = test3|Any CPU
		{FC942D51-94B5-456B-9683-0BA000A1EAF4}.TeamCity|x86.ActiveCfg = test3|Any CPU
		{FC942D51-94B5-456B-9683-0BA000A1EAF4}.TeamCity|x86.Build.0 = test3|Any CPU
		{FC942D51-94B5-456B-9683-0BA000A1EAF4}.test|Any CPU.ActiveCfg = test|Any CPU
		{FC942D51-94B5-456B-9683-0BA000A1EAF4}.test|Any CPU.Build.0 = test|Any CPU
		{FC942D51-94B5-456B-9683-0BA000A1EAF4}.test|x86.ActiveCfg = test|Any CPU
		{FC942D51-94B5-456B-9683-0BA000A1EAF4}.test2|Any CPU.ActiveCfg = test2|Any CPU
		{FC942D51-94B5-456B-9683-0BA000A1EAF4}.test2|Any CPU.Build.0 = test2|Any CPU
		{FC942D51-94B5-456B-9683-0BA000A1EAF4}.test2|x86.ActiveCfg = test2|Any CPU
		{FC942D51-94B5-456B-9683-0BA000A1EAF4}.test2|x86.Build.0 = test2|Any CPU
		{FC942D51-94B5-456B-9683-0BA000A1EAF4}.test3|Any CPU.ActiveCfg = test3|Any CPU
		{FC942D51-94B5-456B-9683-0BA000A1EAF4}.test3|Any CPU.Build.0 = test3|Any CPU
		{FC942D51-94B5-456B-9683-0BA000A1EAF4}.test3|x86.ActiveCfg = test3|Any CPU
		{FC942D51-94B5-456B-9683-0BA000A1EAF4}.test3|x86.Build.0 = test3|Any CPU
		{FC942D51-94B5-456B-9683-0BA000A1EAF4}.work|Any CPU.ActiveCfg = work|Any CPU
		{FC942D51-94B5-456B-9683-0BA000A1EAF4}.work|Any CPU.Build.0 = work|Any CPU
		{FC942D51-94B5-456B-9683-0BA000A1EAF4}.work|x86.ActiveCfg = work|Any CPU
		{FC942D51-94B5-456B-9683-0BA000A1EAF4}.work|x86.Build.0 = work|Any CPU
		{98AEE43C-4226-49E7-BD46-C1A85467ECED}.bellevue|Any CPU.ActiveCfg = bellevue|Any CPU
		{98AEE43C-4226-49E7-BD46-C1A85467ECED}.bellevue|Any CPU.Build.0 = bellevue|Any CPU
		{98AEE43C-4226-49E7-BD46-C1A85467ECED}.bellevue|x86.ActiveCfg = bellevue|x86
		{98AEE43C-4226-49E7-BD46-C1A85467ECED}.bellevue|x86.Build.0 = bellevue|x86
		{98AEE43C-4226-49E7-BD46-C1A85467ECED}.Bellevue3|Any CPU.ActiveCfg = Bellevue3|Any CPU
		{98AEE43C-4226-49E7-BD46-C1A85467ECED}.Bellevue3|Any CPU.Build.0 = Bellevue3|Any CPU
		{98AEE43C-4226-49E7-BD46-C1A85467ECED}.Bellevue3|x86.ActiveCfg = Bellevue3|x86
		{98AEE43C-4226-49E7-BD46-C1A85467ECED}.Bellevue3|x86.Build.0 = Bellevue3|x86
		{98AEE43C-4226-49E7-BD46-C1A85467ECED}.bvcms|Any CPU.ActiveCfg = bvcms|Any CPU
		{98AEE43C-4226-49E7-BD46-C1A85467ECED}.bvcms|Any CPU.Build.0 = bvcms|Any CPU
		{98AEE43C-4226-49E7-BD46-C1A85467ECED}.bvcms|x86.ActiveCfg = bvcms|x86
		{98AEE43C-4226-49E7-BD46-C1A85467ECED}.bvcms|x86.Build.0 = bvcms|x86
		{98AEE43C-4226-49E7-BD46-C1A85467ECED}.bvcms2|Any CPU.ActiveCfg = bvcms2|Any CPU
		{98AEE43C-4226-49E7-BD46-C1A85467ECED}.bvcms2|Any CPU.Build.0 = bvcms2|Any CPU
		{98AEE43C-4226-49E7-BD46-C1A85467ECED}.bvcms2|x86.ActiveCfg = bvcms2|x86
		{98AEE43C-4226-49E7-BD46-C1A85467ECED}.bvcms2|x86.Build.0 = bvcms2|x86
		{98AEE43C-4226-49E7-BD46-C1A85467ECED}.BVCMSProduction|Any CPU.ActiveCfg = BVCMSProduction|Any CPU
		{98AEE43C-4226-49E7-BD46-C1A85467ECED}.BVCMSProduction|Any CPU.Build.0 = BVCMSProduction|Any CPU
		{98AEE43C-4226-49E7-BD46-C1A85467ECED}.BVCMSProduction|x86.ActiveCfg = BVCMSProduction|x86
		{98AEE43C-4226-49E7-BD46-C1A85467ECED}.BVCMSProduction|x86.Build.0 = BVCMSProduction|x86
		{98AEE43C-4226-49E7-BD46-C1A85467ECED}.CMS2Production|Any CPU.ActiveCfg = CMS2Production|Any CPU
		{98AEE43C-4226-49E7-BD46-C1A85467ECED}.CMS2Production|Any CPU.Build.0 = CMS2Production|Any CPU
		{98AEE43C-4226-49E7-BD46-C1A85467ECED}.CMS2Production|x86.ActiveCfg = CMS2Production|x86
		{98AEE43C-4226-49E7-BD46-C1A85467ECED}.CMS2Production|x86.Build.0 = CMS2Production|x86
		{98AEE43C-4226-49E7-BD46-C1A85467ECED}.CMSTest|Any CPU.ActiveCfg = CMSTest|Any CPU
		{98AEE43C-4226-49E7-BD46-C1A85467ECED}.CMSTest|Any CPU.Build.0 = CMSTest|Any CPU
		{98AEE43C-4226-49E7-BD46-C1A85467ECED}.CMSTest|x86.ActiveCfg = CMSTest|x86
		{98AEE43C-4226-49E7-BD46-C1A85467ECED}.CMSTest|x86.Build.0 = CMSTest|x86
		{98AEE43C-4226-49E7-BD46-C1A85467ECED}.CMSWebProduction|Any CPU.ActiveCfg = CMSWebProduction|Any CPU
		{98AEE43C-4226-49E7-BD46-C1A85467ECED}.CMSWebProduction|Any CPU.Build.0 = CMSWebProduction|Any CPU
		{98AEE43C-4226-49E7-BD46-C1A85467ECED}.CMSWebProduction|x86.ActiveCfg = CMSWebProduction|x86
		{98AEE43C-4226-49E7-BD46-C1A85467ECED}.CMSWebProduction|x86.Build.0 = CMSWebProduction|x86
		{98AEE43C-4226-49E7-BD46-C1A85467ECED}.Debug|Any CPU.ActiveCfg = Debug|Any CPU
		{98AEE43C-4226-49E7-BD46-C1A85467ECED}.Debug|Any CPU.Build.0 = Debug|Any CPU
		{98AEE43C-4226-49E7-BD46-C1A85467ECED}.Debug|x86.ActiveCfg = Debug|x86
		{98AEE43C-4226-49E7-BD46-C1A85467ECED}.Debug|x86.Build.0 = Debug|x86
		{98AEE43C-4226-49E7-BD46-C1A85467ECED}.Impersonate|Any CPU.ActiveCfg = Impersonate|Any CPU
		{98AEE43C-4226-49E7-BD46-C1A85467ECED}.Impersonate|Any CPU.Build.0 = Impersonate|Any CPU
		{98AEE43C-4226-49E7-BD46-C1A85467ECED}.Impersonate|x86.ActiveCfg = Impersonate|x86
		{98AEE43C-4226-49E7-BD46-C1A85467ECED}.Impersonate|x86.Build.0 = Impersonate|x86
		{98AEE43C-4226-49E7-BD46-C1A85467ECED}.Rackspace|Any CPU.ActiveCfg = Rackspace|Any CPU
		{98AEE43C-4226-49E7-BD46-C1A85467ECED}.Rackspace|Any CPU.Build.0 = Rackspace|Any CPU
		{98AEE43C-4226-49E7-BD46-C1A85467ECED}.Rackspace|x86.ActiveCfg = Rackspace|x86
		{98AEE43C-4226-49E7-BD46-C1A85467ECED}.Rackspace|x86.Build.0 = Rackspace|x86
		{98AEE43C-4226-49E7-BD46-C1A85467ECED}.Release|Any CPU.ActiveCfg = Release|Any CPU
		{98AEE43C-4226-49E7-BD46-C1A85467ECED}.Release|Any CPU.Build.0 = Release|Any CPU
		{98AEE43C-4226-49E7-BD46-C1A85467ECED}.Release|x86.ActiveCfg = Release|x86
		{98AEE43C-4226-49E7-BD46-C1A85467ECED}.Release|x86.Build.0 = Release|x86
		{98AEE43C-4226-49E7-BD46-C1A85467ECED}.Release2|Any CPU.ActiveCfg = Release2|Any CPU
		{98AEE43C-4226-49E7-BD46-C1A85467ECED}.Release2|Any CPU.Build.0 = Release2|Any CPU
		{98AEE43C-4226-49E7-BD46-C1A85467ECED}.Release2|x86.ActiveCfg = Release2|x86
		{98AEE43C-4226-49E7-BD46-C1A85467ECED}.Release2|x86.Build.0 = Release2|x86
		{98AEE43C-4226-49E7-BD46-C1A85467ECED}.staging|Any CPU.ActiveCfg = staging|Any CPU
		{98AEE43C-4226-49E7-BD46-C1A85467ECED}.staging|Any CPU.Build.0 = staging|Any CPU
		{98AEE43C-4226-49E7-BD46-C1A85467ECED}.staging|x86.ActiveCfg = staging|x86
		{98AEE43C-4226-49E7-BD46-C1A85467ECED}.staging|x86.Build.0 = staging|x86
		{98AEE43C-4226-49E7-BD46-C1A85467ECED}.TeamCity|Any CPU.ActiveCfg = TeamCity|Any CPU
		{98AEE43C-4226-49E7-BD46-C1A85467ECED}.TeamCity|Any CPU.Build.0 = TeamCity|Any CPU
		{98AEE43C-4226-49E7-BD46-C1A85467ECED}.TeamCity|x86.ActiveCfg = TeamCity|x86
		{98AEE43C-4226-49E7-BD46-C1A85467ECED}.TeamCity|x86.Build.0 = TeamCity|x86
		{98AEE43C-4226-49E7-BD46-C1A85467ECED}.test|Any CPU.ActiveCfg = test|Any CPU
		{98AEE43C-4226-49E7-BD46-C1A85467ECED}.test|Any CPU.Build.0 = test|Any CPU
		{98AEE43C-4226-49E7-BD46-C1A85467ECED}.test|x86.ActiveCfg = test|x86
		{98AEE43C-4226-49E7-BD46-C1A85467ECED}.test|x86.Build.0 = test|x86
		{98AEE43C-4226-49E7-BD46-C1A85467ECED}.test2|Any CPU.ActiveCfg = test2|Any CPU
		{98AEE43C-4226-49E7-BD46-C1A85467ECED}.test2|Any CPU.Build.0 = test2|Any CPU
		{98AEE43C-4226-49E7-BD46-C1A85467ECED}.test2|x86.ActiveCfg = test2|x86
		{98AEE43C-4226-49E7-BD46-C1A85467ECED}.test2|x86.Build.0 = test2|x86
		{98AEE43C-4226-49E7-BD46-C1A85467ECED}.test3|Any CPU.ActiveCfg = test3|Any CPU
		{98AEE43C-4226-49E7-BD46-C1A85467ECED}.test3|Any CPU.Build.0 = test3|Any CPU
		{98AEE43C-4226-49E7-BD46-C1A85467ECED}.test3|x86.ActiveCfg = test3|x86
		{98AEE43C-4226-49E7-BD46-C1A85467ECED}.test3|x86.Build.0 = test3|x86
		{98AEE43C-4226-49E7-BD46-C1A85467ECED}.work|Any CPU.ActiveCfg = work|Any CPU
		{98AEE43C-4226-49E7-BD46-C1A85467ECED}.work|Any CPU.Build.0 = work|Any CPU
		{98AEE43C-4226-49E7-BD46-C1A85467ECED}.work|x86.ActiveCfg = work|x86
		{98AEE43C-4226-49E7-BD46-C1A85467ECED}.work|x86.Build.0 = work|x86
		{C504E3D2-5498-451B-BF82-309623706F11}.bellevue|Any CPU.ActiveCfg = work|Any CPU
		{C504E3D2-5498-451B-BF82-309623706F11}.bellevue|Any CPU.Build.0 = work|Any CPU
		{C504E3D2-5498-451B-BF82-309623706F11}.bellevue|x86.ActiveCfg = test|x86
		{C504E3D2-5498-451B-BF82-309623706F11}.bellevue|x86.Build.0 = test|x86
		{C504E3D2-5498-451B-BF82-309623706F11}.Bellevue3|Any CPU.ActiveCfg = work|Any CPU
		{C504E3D2-5498-451B-BF82-309623706F11}.Bellevue3|Any CPU.Build.0 = work|Any CPU
		{C504E3D2-5498-451B-BF82-309623706F11}.Bellevue3|x86.ActiveCfg = test|x86
		{C504E3D2-5498-451B-BF82-309623706F11}.Bellevue3|x86.Build.0 = test|x86
		{C504E3D2-5498-451B-BF82-309623706F11}.bvcms|Any CPU.ActiveCfg = work|Any CPU
		{C504E3D2-5498-451B-BF82-309623706F11}.bvcms|Any CPU.Build.0 = work|Any CPU
		{C504E3D2-5498-451B-BF82-309623706F11}.bvcms|x86.ActiveCfg = test|x86
		{C504E3D2-5498-451B-BF82-309623706F11}.bvcms|x86.Build.0 = test|x86
		{C504E3D2-5498-451B-BF82-309623706F11}.bvcms2|Any CPU.ActiveCfg = work|Any CPU
		{C504E3D2-5498-451B-BF82-309623706F11}.bvcms2|Any CPU.Build.0 = work|Any CPU
		{C504E3D2-5498-451B-BF82-309623706F11}.bvcms2|x86.ActiveCfg = test|x86
		{C504E3D2-5498-451B-BF82-309623706F11}.bvcms2|x86.Build.0 = test|x86
		{C504E3D2-5498-451B-BF82-309623706F11}.BVCMSProduction|Any CPU.ActiveCfg = work|Any CPU
		{C504E3D2-5498-451B-BF82-309623706F11}.BVCMSProduction|Any CPU.Build.0 = work|Any CPU
		{C504E3D2-5498-451B-BF82-309623706F11}.BVCMSProduction|x86.ActiveCfg = test|x86
		{C504E3D2-5498-451B-BF82-309623706F11}.BVCMSProduction|x86.Build.0 = test|x86
		{C504E3D2-5498-451B-BF82-309623706F11}.CMS2Production|Any CPU.ActiveCfg = work|Any CPU
		{C504E3D2-5498-451B-BF82-309623706F11}.CMS2Production|Any CPU.Build.0 = work|Any CPU
		{C504E3D2-5498-451B-BF82-309623706F11}.CMS2Production|x86.ActiveCfg = test|x86
		{C504E3D2-5498-451B-BF82-309623706F11}.CMS2Production|x86.Build.0 = test|x86
		{C504E3D2-5498-451B-BF82-309623706F11}.CMSTest|Any CPU.ActiveCfg = work|Any CPU
		{C504E3D2-5498-451B-BF82-309623706F11}.CMSTest|Any CPU.Build.0 = work|Any CPU
		{C504E3D2-5498-451B-BF82-309623706F11}.CMSTest|x86.ActiveCfg = test|x86
		{C504E3D2-5498-451B-BF82-309623706F11}.CMSTest|x86.Build.0 = test|x86
		{C504E3D2-5498-451B-BF82-309623706F11}.CMSWebProduction|Any CPU.ActiveCfg = work|Any CPU
		{C504E3D2-5498-451B-BF82-309623706F11}.CMSWebProduction|Any CPU.Build.0 = work|Any CPU
		{C504E3D2-5498-451B-BF82-309623706F11}.CMSWebProduction|x86.ActiveCfg = test|x86
		{C504E3D2-5498-451B-BF82-309623706F11}.CMSWebProduction|x86.Build.0 = test|x86
		{C504E3D2-5498-451B-BF82-309623706F11}.Debug|Any CPU.ActiveCfg = Debug|Any CPU
		{C504E3D2-5498-451B-BF82-309623706F11}.Debug|Any CPU.Build.0 = Debug|Any CPU
		{C504E3D2-5498-451B-BF82-309623706F11}.Debug|x86.ActiveCfg = Debug|x86
		{C504E3D2-5498-451B-BF82-309623706F11}.Debug|x86.Build.0 = Debug|x86
		{C504E3D2-5498-451B-BF82-309623706F11}.Impersonate|Any CPU.ActiveCfg = Impersonate|Any CPU
		{C504E3D2-5498-451B-BF82-309623706F11}.Impersonate|Any CPU.Build.0 = Impersonate|Any CPU
		{C504E3D2-5498-451B-BF82-309623706F11}.Impersonate|x86.ActiveCfg = Impersonate|x86
		{C504E3D2-5498-451B-BF82-309623706F11}.Impersonate|x86.Build.0 = Impersonate|x86
		{C504E3D2-5498-451B-BF82-309623706F11}.Rackspace|Any CPU.ActiveCfg = Release|Any CPU
		{C504E3D2-5498-451B-BF82-309623706F11}.Rackspace|Any CPU.Build.0 = Release|Any CPU
		{C504E3D2-5498-451B-BF82-309623706F11}.Rackspace|x86.ActiveCfg = Release|x86
		{C504E3D2-5498-451B-BF82-309623706F11}.Rackspace|x86.Build.0 = Release|x86
		{C504E3D2-5498-451B-BF82-309623706F11}.Release|Any CPU.ActiveCfg = Release|Any CPU
		{C504E3D2-5498-451B-BF82-309623706F11}.Release|Any CPU.Build.0 = Release|Any CPU
		{C504E3D2-5498-451B-BF82-309623706F11}.Release|x86.ActiveCfg = Release|x86
		{C504E3D2-5498-451B-BF82-309623706F11}.Release|x86.Build.0 = Release|x86
		{C504E3D2-5498-451B-BF82-309623706F11}.Release2|Any CPU.ActiveCfg = Release|Any CPU
		{C504E3D2-5498-451B-BF82-309623706F11}.Release2|Any CPU.Build.0 = Release|Any CPU
		{C504E3D2-5498-451B-BF82-309623706F11}.Release2|x86.ActiveCfg = Release|x86
		{C504E3D2-5498-451B-BF82-309623706F11}.Release2|x86.Build.0 = Release|x86
		{C504E3D2-5498-451B-BF82-309623706F11}.staging|Any CPU.ActiveCfg = staging|Any CPU
		{C504E3D2-5498-451B-BF82-309623706F11}.staging|Any CPU.Build.0 = staging|Any CPU
		{C504E3D2-5498-451B-BF82-309623706F11}.staging|x86.ActiveCfg = staging|x86
		{C504E3D2-5498-451B-BF82-309623706F11}.staging|x86.Build.0 = staging|x86
		{C504E3D2-5498-451B-BF82-309623706F11}.TeamCity|Any CPU.ActiveCfg = TeamCity|Any CPU
		{C504E3D2-5498-451B-BF82-309623706F11}.TeamCity|Any CPU.Build.0 = TeamCity|Any CPU
		{C504E3D2-5498-451B-BF82-309623706F11}.TeamCity|x86.ActiveCfg = TeamCity|x86
		{C504E3D2-5498-451B-BF82-309623706F11}.TeamCity|x86.Build.0 = TeamCity|x86
		{C504E3D2-5498-451B-BF82-309623706F11}.test|Any CPU.ActiveCfg = test|Any CPU
		{C504E3D2-5498-451B-BF82-309623706F11}.test|Any CPU.Build.0 = test|Any CPU
		{C504E3D2-5498-451B-BF82-309623706F11}.test|x86.ActiveCfg = Release|x86
		{C504E3D2-5498-451B-BF82-309623706F11}.test|x86.Build.0 = Release|x86
		{C504E3D2-5498-451B-BF82-309623706F11}.test2|Any CPU.ActiveCfg = test2|Any CPU
		{C504E3D2-5498-451B-BF82-309623706F11}.test2|Any CPU.Build.0 = test2|Any CPU
		{C504E3D2-5498-451B-BF82-309623706F11}.test2|x86.ActiveCfg = test2|x86
		{C504E3D2-5498-451B-BF82-309623706F11}.test2|x86.Build.0 = test2|x86
		{C504E3D2-5498-451B-BF82-309623706F11}.test3|Any CPU.ActiveCfg = test3|Any CPU
		{C504E3D2-5498-451B-BF82-309623706F11}.test3|Any CPU.Build.0 = test3|Any CPU
		{C504E3D2-5498-451B-BF82-309623706F11}.test3|x86.ActiveCfg = test3|x86
		{C504E3D2-5498-451B-BF82-309623706F11}.test3|x86.Build.0 = test3|x86
		{C504E3D2-5498-451B-BF82-309623706F11}.work|Any CPU.ActiveCfg = work|Any CPU
		{C504E3D2-5498-451B-BF82-309623706F11}.work|Any CPU.Build.0 = work|Any CPU
		{C504E3D2-5498-451B-BF82-309623706F11}.work|x86.ActiveCfg = work|x86
		{C504E3D2-5498-451B-BF82-309623706F11}.work|x86.Build.0 = work|x86
		{512DA381-E81B-4121-B978-FC850EC88353}.bellevue|Any CPU.ActiveCfg = work|Any CPU
		{512DA381-E81B-4121-B978-FC850EC88353}.bellevue|Any CPU.Build.0 = work|Any CPU
		{512DA381-E81B-4121-B978-FC850EC88353}.bellevue|x86.ActiveCfg = work|Any CPU
		{512DA381-E81B-4121-B978-FC850EC88353}.bellevue|x86.Build.0 = work|Any CPU
		{512DA381-E81B-4121-B978-FC850EC88353}.Bellevue3|Any CPU.ActiveCfg = work|Any CPU
		{512DA381-E81B-4121-B978-FC850EC88353}.Bellevue3|Any CPU.Build.0 = work|Any CPU
		{512DA381-E81B-4121-B978-FC850EC88353}.Bellevue3|x86.ActiveCfg = work|Any CPU
		{512DA381-E81B-4121-B978-FC850EC88353}.Bellevue3|x86.Build.0 = work|Any CPU
		{512DA381-E81B-4121-B978-FC850EC88353}.bvcms|Any CPU.ActiveCfg = work|Any CPU
		{512DA381-E81B-4121-B978-FC850EC88353}.bvcms|Any CPU.Build.0 = work|Any CPU
		{512DA381-E81B-4121-B978-FC850EC88353}.bvcms|x86.ActiveCfg = work|Any CPU
		{512DA381-E81B-4121-B978-FC850EC88353}.bvcms|x86.Build.0 = work|Any CPU
		{512DA381-E81B-4121-B978-FC850EC88353}.bvcms2|Any CPU.ActiveCfg = work|Any CPU
		{512DA381-E81B-4121-B978-FC850EC88353}.bvcms2|Any CPU.Build.0 = work|Any CPU
		{512DA381-E81B-4121-B978-FC850EC88353}.bvcms2|x86.ActiveCfg = work|Any CPU
		{512DA381-E81B-4121-B978-FC850EC88353}.bvcms2|x86.Build.0 = work|Any CPU
		{512DA381-E81B-4121-B978-FC850EC88353}.BVCMSProduction|Any CPU.ActiveCfg = work|Any CPU
		{512DA381-E81B-4121-B978-FC850EC88353}.BVCMSProduction|Any CPU.Build.0 = work|Any CPU
		{512DA381-E81B-4121-B978-FC850EC88353}.BVCMSProduction|x86.ActiveCfg = work|Any CPU
		{512DA381-E81B-4121-B978-FC850EC88353}.BVCMSProduction|x86.Build.0 = work|Any CPU
		{512DA381-E81B-4121-B978-FC850EC88353}.CMS2Production|Any CPU.ActiveCfg = work|Any CPU
		{512DA381-E81B-4121-B978-FC850EC88353}.CMS2Production|Any CPU.Build.0 = work|Any CPU
		{512DA381-E81B-4121-B978-FC850EC88353}.CMS2Production|x86.ActiveCfg = work|Any CPU
		{512DA381-E81B-4121-B978-FC850EC88353}.CMS2Production|x86.Build.0 = work|Any CPU
		{512DA381-E81B-4121-B978-FC850EC88353}.CMSTest|Any CPU.ActiveCfg = work|Any CPU
		{512DA381-E81B-4121-B978-FC850EC88353}.CMSTest|Any CPU.Build.0 = work|Any CPU
		{512DA381-E81B-4121-B978-FC850EC88353}.CMSTest|x86.ActiveCfg = work|Any CPU
		{512DA381-E81B-4121-B978-FC850EC88353}.CMSTest|x86.Build.0 = work|Any CPU
		{512DA381-E81B-4121-B978-FC850EC88353}.CMSWebProduction|Any CPU.ActiveCfg = work|Any CPU
		{512DA381-E81B-4121-B978-FC850EC88353}.CMSWebProduction|Any CPU.Build.0 = work|Any CPU
		{512DA381-E81B-4121-B978-FC850EC88353}.CMSWebProduction|x86.ActiveCfg = work|Any CPU
		{512DA381-E81B-4121-B978-FC850EC88353}.CMSWebProduction|x86.Build.0 = work|Any CPU
		{512DA381-E81B-4121-B978-FC850EC88353}.Debug|Any CPU.ActiveCfg = Debug|Any CPU
		{512DA381-E81B-4121-B978-FC850EC88353}.Debug|Any CPU.Build.0 = Debug|Any CPU
		{512DA381-E81B-4121-B978-FC850EC88353}.Debug|x86.ActiveCfg = Debug|Any CPU
		{512DA381-E81B-4121-B978-FC850EC88353}.Impersonate|Any CPU.ActiveCfg = Impersonate|Any CPU
		{512DA381-E81B-4121-B978-FC850EC88353}.Impersonate|Any CPU.Build.0 = Impersonate|Any CPU
		{512DA381-E81B-4121-B978-FC850EC88353}.Impersonate|x86.ActiveCfg = Impersonate|Any CPU
		{512DA381-E81B-4121-B978-FC850EC88353}.Impersonate|x86.Build.0 = Impersonate|Any CPU
		{512DA381-E81B-4121-B978-FC850EC88353}.Rackspace|Any CPU.ActiveCfg = Release|Any CPU
		{512DA381-E81B-4121-B978-FC850EC88353}.Rackspace|Any CPU.Build.0 = Release|Any CPU
		{512DA381-E81B-4121-B978-FC850EC88353}.Rackspace|x86.ActiveCfg = Release|Any CPU
		{512DA381-E81B-4121-B978-FC850EC88353}.Rackspace|x86.Build.0 = Release|Any CPU
		{512DA381-E81B-4121-B978-FC850EC88353}.Release|Any CPU.ActiveCfg = Release|Any CPU
		{512DA381-E81B-4121-B978-FC850EC88353}.Release|Any CPU.Build.0 = Release|Any CPU
		{512DA381-E81B-4121-B978-FC850EC88353}.Release|x86.ActiveCfg = Release|Any CPU
		{512DA381-E81B-4121-B978-FC850EC88353}.Release2|Any CPU.ActiveCfg = Release|Any CPU
		{512DA381-E81B-4121-B978-FC850EC88353}.Release2|Any CPU.Build.0 = Release|Any CPU
		{512DA381-E81B-4121-B978-FC850EC88353}.Release2|x86.ActiveCfg = Release|Any CPU
		{512DA381-E81B-4121-B978-FC850EC88353}.Release2|x86.Build.0 = Release|Any CPU
		{512DA381-E81B-4121-B978-FC850EC88353}.staging|Any CPU.ActiveCfg = staging|Any CPU
		{512DA381-E81B-4121-B978-FC850EC88353}.staging|Any CPU.Build.0 = staging|Any CPU
		{512DA381-E81B-4121-B978-FC850EC88353}.staging|x86.ActiveCfg = staging|Any CPU
		{512DA381-E81B-4121-B978-FC850EC88353}.staging|x86.Build.0 = staging|Any CPU
		{512DA381-E81B-4121-B978-FC850EC88353}.TeamCity|Any CPU.ActiveCfg = TeamCity|Any CPU
		{512DA381-E81B-4121-B978-FC850EC88353}.TeamCity|Any CPU.Build.0 = TeamCity|Any CPU
		{512DA381-E81B-4121-B978-FC850EC88353}.TeamCity|x86.ActiveCfg = TeamCity|Any CPU
		{512DA381-E81B-4121-B978-FC850EC88353}.TeamCity|x86.Build.0 = TeamCity|Any CPU
		{512DA381-E81B-4121-B978-FC850EC88353}.test|Any CPU.ActiveCfg = test|Any CPU
		{512DA381-E81B-4121-B978-FC850EC88353}.test|Any CPU.Build.0 = test|Any CPU
		{512DA381-E81B-4121-B978-FC850EC88353}.test|x86.ActiveCfg = Release|Any CPU
		{512DA381-E81B-4121-B978-FC850EC88353}.test2|Any CPU.ActiveCfg = test2|Any CPU
		{512DA381-E81B-4121-B978-FC850EC88353}.test2|Any CPU.Build.0 = test2|Any CPU
		{512DA381-E81B-4121-B978-FC850EC88353}.test2|x86.ActiveCfg = test2|Any CPU
		{512DA381-E81B-4121-B978-FC850EC88353}.test2|x86.Build.0 = test2|Any CPU
		{512DA381-E81B-4121-B978-FC850EC88353}.test3|Any CPU.ActiveCfg = test3|Any CPU
		{512DA381-E81B-4121-B978-FC850EC88353}.test3|Any CPU.Build.0 = test3|Any CPU
		{512DA381-E81B-4121-B978-FC850EC88353}.test3|x86.ActiveCfg = test3|Any CPU
		{512DA381-E81B-4121-B978-FC850EC88353}.test3|x86.Build.0 = test3|Any CPU
		{512DA381-E81B-4121-B978-FC850EC88353}.work|Any CPU.ActiveCfg = work|Any CPU
		{512DA381-E81B-4121-B978-FC850EC88353}.work|Any CPU.Build.0 = work|Any CPU
		{512DA381-E81B-4121-B978-FC850EC88353}.work|x86.ActiveCfg = work|Any CPU
		{512DA381-E81B-4121-B978-FC850EC88353}.work|x86.Build.0 = work|Any CPU
		{6F00AEE1-5D32-4ACF-9B58-D3B3D12A3D04}.bellevue|Any CPU.ActiveCfg = work|Any CPU
		{6F00AEE1-5D32-4ACF-9B58-D3B3D12A3D04}.bellevue|Any CPU.Build.0 = work|Any CPU
		{6F00AEE1-5D32-4ACF-9B58-D3B3D12A3D04}.bellevue|x86.ActiveCfg = work|Any CPU
		{6F00AEE1-5D32-4ACF-9B58-D3B3D12A3D04}.bellevue|x86.Build.0 = work|Any CPU
		{6F00AEE1-5D32-4ACF-9B58-D3B3D12A3D04}.Bellevue3|Any CPU.ActiveCfg = work|Any CPU
		{6F00AEE1-5D32-4ACF-9B58-D3B3D12A3D04}.Bellevue3|Any CPU.Build.0 = work|Any CPU
		{6F00AEE1-5D32-4ACF-9B58-D3B3D12A3D04}.Bellevue3|x86.ActiveCfg = work|Any CPU
		{6F00AEE1-5D32-4ACF-9B58-D3B3D12A3D04}.Bellevue3|x86.Build.0 = work|Any CPU
		{6F00AEE1-5D32-4ACF-9B58-D3B3D12A3D04}.bvcms|Any CPU.ActiveCfg = work|Any CPU
		{6F00AEE1-5D32-4ACF-9B58-D3B3D12A3D04}.bvcms|Any CPU.Build.0 = work|Any CPU
		{6F00AEE1-5D32-4ACF-9B58-D3B3D12A3D04}.bvcms|x86.ActiveCfg = work|Any CPU
		{6F00AEE1-5D32-4ACF-9B58-D3B3D12A3D04}.bvcms|x86.Build.0 = work|Any CPU
		{6F00AEE1-5D32-4ACF-9B58-D3B3D12A3D04}.bvcms2|Any CPU.ActiveCfg = work|Any CPU
		{6F00AEE1-5D32-4ACF-9B58-D3B3D12A3D04}.bvcms2|Any CPU.Build.0 = work|Any CPU
		{6F00AEE1-5D32-4ACF-9B58-D3B3D12A3D04}.bvcms2|x86.ActiveCfg = work|Any CPU
		{6F00AEE1-5D32-4ACF-9B58-D3B3D12A3D04}.bvcms2|x86.Build.0 = work|Any CPU
		{6F00AEE1-5D32-4ACF-9B58-D3B3D12A3D04}.BVCMSProduction|Any CPU.ActiveCfg = work|Any CPU
		{6F00AEE1-5D32-4ACF-9B58-D3B3D12A3D04}.BVCMSProduction|Any CPU.Build.0 = work|Any CPU
		{6F00AEE1-5D32-4ACF-9B58-D3B3D12A3D04}.BVCMSProduction|x86.ActiveCfg = work|Any CPU
		{6F00AEE1-5D32-4ACF-9B58-D3B3D12A3D04}.BVCMSProduction|x86.Build.0 = work|Any CPU
		{6F00AEE1-5D32-4ACF-9B58-D3B3D12A3D04}.CMS2Production|Any CPU.ActiveCfg = work|Any CPU
		{6F00AEE1-5D32-4ACF-9B58-D3B3D12A3D04}.CMS2Production|Any CPU.Build.0 = work|Any CPU
		{6F00AEE1-5D32-4ACF-9B58-D3B3D12A3D04}.CMS2Production|x86.ActiveCfg = work|Any CPU
		{6F00AEE1-5D32-4ACF-9B58-D3B3D12A3D04}.CMS2Production|x86.Build.0 = work|Any CPU
		{6F00AEE1-5D32-4ACF-9B58-D3B3D12A3D04}.CMSTest|Any CPU.ActiveCfg = work|Any CPU
		{6F00AEE1-5D32-4ACF-9B58-D3B3D12A3D04}.CMSTest|Any CPU.Build.0 = work|Any CPU
		{6F00AEE1-5D32-4ACF-9B58-D3B3D12A3D04}.CMSTest|x86.ActiveCfg = work|Any CPU
		{6F00AEE1-5D32-4ACF-9B58-D3B3D12A3D04}.CMSTest|x86.Build.0 = work|Any CPU
		{6F00AEE1-5D32-4ACF-9B58-D3B3D12A3D04}.CMSWebProduction|Any CPU.ActiveCfg = work|Any CPU
		{6F00AEE1-5D32-4ACF-9B58-D3B3D12A3D04}.CMSWebProduction|Any CPU.Build.0 = work|Any CPU
		{6F00AEE1-5D32-4ACF-9B58-D3B3D12A3D04}.CMSWebProduction|x86.ActiveCfg = work|Any CPU
		{6F00AEE1-5D32-4ACF-9B58-D3B3D12A3D04}.CMSWebProduction|x86.Build.0 = work|Any CPU
		{6F00AEE1-5D32-4ACF-9B58-D3B3D12A3D04}.Debug|Any CPU.ActiveCfg = Debug|Any CPU
		{6F00AEE1-5D32-4ACF-9B58-D3B3D12A3D04}.Debug|Any CPU.Build.0 = Debug|Any CPU
		{6F00AEE1-5D32-4ACF-9B58-D3B3D12A3D04}.Debug|x86.ActiveCfg = Debug|Any CPU
		{6F00AEE1-5D32-4ACF-9B58-D3B3D12A3D04}.Impersonate|Any CPU.ActiveCfg = Impersonate|Any CPU
		{6F00AEE1-5D32-4ACF-9B58-D3B3D12A3D04}.Impersonate|Any CPU.Build.0 = Impersonate|Any CPU
		{6F00AEE1-5D32-4ACF-9B58-D3B3D12A3D04}.Impersonate|x86.ActiveCfg = Impersonate|Any CPU
		{6F00AEE1-5D32-4ACF-9B58-D3B3D12A3D04}.Impersonate|x86.Build.0 = Impersonate|Any CPU
		{6F00AEE1-5D32-4ACF-9B58-D3B3D12A3D04}.Rackspace|Any CPU.ActiveCfg = Release|Any CPU
		{6F00AEE1-5D32-4ACF-9B58-D3B3D12A3D04}.Rackspace|Any CPU.Build.0 = Release|Any CPU
		{6F00AEE1-5D32-4ACF-9B58-D3B3D12A3D04}.Rackspace|x86.ActiveCfg = Release|Any CPU
		{6F00AEE1-5D32-4ACF-9B58-D3B3D12A3D04}.Rackspace|x86.Build.0 = Release|Any CPU
		{6F00AEE1-5D32-4ACF-9B58-D3B3D12A3D04}.Release|Any CPU.ActiveCfg = Release|Any CPU
		{6F00AEE1-5D32-4ACF-9B58-D3B3D12A3D04}.Release|Any CPU.Build.0 = Release|Any CPU
		{6F00AEE1-5D32-4ACF-9B58-D3B3D12A3D04}.Release|x86.ActiveCfg = Release|Any CPU
		{6F00AEE1-5D32-4ACF-9B58-D3B3D12A3D04}.Release2|Any CPU.ActiveCfg = Release|Any CPU
		{6F00AEE1-5D32-4ACF-9B58-D3B3D12A3D04}.Release2|Any CPU.Build.0 = Release|Any CPU
		{6F00AEE1-5D32-4ACF-9B58-D3B3D12A3D04}.Release2|x86.ActiveCfg = Release|Any CPU
		{6F00AEE1-5D32-4ACF-9B58-D3B3D12A3D04}.Release2|x86.Build.0 = Release|Any CPU
		{6F00AEE1-5D32-4ACF-9B58-D3B3D12A3D04}.staging|Any CPU.ActiveCfg = staging|Any CPU
		{6F00AEE1-5D32-4ACF-9B58-D3B3D12A3D04}.staging|Any CPU.Build.0 = staging|Any CPU
		{6F00AEE1-5D32-4ACF-9B58-D3B3D12A3D04}.staging|x86.ActiveCfg = staging|Any CPU
		{6F00AEE1-5D32-4ACF-9B58-D3B3D12A3D04}.staging|x86.Build.0 = staging|Any CPU
		{6F00AEE1-5D32-4ACF-9B58-D3B3D12A3D04}.TeamCity|Any CPU.ActiveCfg = TeamCity|Any CPU
		{6F00AEE1-5D32-4ACF-9B58-D3B3D12A3D04}.TeamCity|Any CPU.Build.0 = TeamCity|Any CPU
		{6F00AEE1-5D32-4ACF-9B58-D3B3D12A3D04}.TeamCity|x86.ActiveCfg = TeamCity|Any CPU
		{6F00AEE1-5D32-4ACF-9B58-D3B3D12A3D04}.TeamCity|x86.Build.0 = TeamCity|Any CPU
		{6F00AEE1-5D32-4ACF-9B58-D3B3D12A3D04}.test|Any CPU.ActiveCfg = Release|Any CPU
		{6F00AEE1-5D32-4ACF-9B58-D3B3D12A3D04}.test|Any CPU.Build.0 = Release|Any CPU
		{6F00AEE1-5D32-4ACF-9B58-D3B3D12A3D04}.test|x86.ActiveCfg = Release|Any CPU
		{6F00AEE1-5D32-4ACF-9B58-D3B3D12A3D04}.test2|Any CPU.ActiveCfg = test2|Any CPU
		{6F00AEE1-5D32-4ACF-9B58-D3B3D12A3D04}.test2|Any CPU.Build.0 = test2|Any CPU
		{6F00AEE1-5D32-4ACF-9B58-D3B3D12A3D04}.test2|x86.ActiveCfg = test2|Any CPU
		{6F00AEE1-5D32-4ACF-9B58-D3B3D12A3D04}.test2|x86.Build.0 = test2|Any CPU
		{6F00AEE1-5D32-4ACF-9B58-D3B3D12A3D04}.test3|Any CPU.ActiveCfg = test3|Any CPU
		{6F00AEE1-5D32-4ACF-9B58-D3B3D12A3D04}.test3|Any CPU.Build.0 = test3|Any CPU
		{6F00AEE1-5D32-4ACF-9B58-D3B3D12A3D04}.test3|x86.ActiveCfg = test3|Any CPU
		{6F00AEE1-5D32-4ACF-9B58-D3B3D12A3D04}.test3|x86.Build.0 = test3|Any CPU
		{6F00AEE1-5D32-4ACF-9B58-D3B3D12A3D04}.work|Any CPU.ActiveCfg = work|Any CPU
		{6F00AEE1-5D32-4ACF-9B58-D3B3D12A3D04}.work|Any CPU.Build.0 = work|Any CPU
		{6F00AEE1-5D32-4ACF-9B58-D3B3D12A3D04}.work|x86.ActiveCfg = work|Any CPU
		{6F00AEE1-5D32-4ACF-9B58-D3B3D12A3D04}.work|x86.Build.0 = work|Any CPU
		{ADCF6AAD-A8DE-4304-ABCC-B9FB3908A71F}.bellevue|Any CPU.ActiveCfg = staging|Any CPU
		{ADCF6AAD-A8DE-4304-ABCC-B9FB3908A71F}.bellevue|Any CPU.Build.0 = staging|Any CPU
		{ADCF6AAD-A8DE-4304-ABCC-B9FB3908A71F}.bellevue|x86.ActiveCfg = staging|Any CPU
		{ADCF6AAD-A8DE-4304-ABCC-B9FB3908A71F}.bellevue|x86.Build.0 = staging|Any CPU
		{ADCF6AAD-A8DE-4304-ABCC-B9FB3908A71F}.Bellevue3|Any CPU.ActiveCfg = staging|Any CPU
		{ADCF6AAD-A8DE-4304-ABCC-B9FB3908A71F}.Bellevue3|Any CPU.Build.0 = staging|Any CPU
		{ADCF6AAD-A8DE-4304-ABCC-B9FB3908A71F}.Bellevue3|x86.ActiveCfg = staging|Any CPU
		{ADCF6AAD-A8DE-4304-ABCC-B9FB3908A71F}.Bellevue3|x86.Build.0 = staging|Any CPU
		{ADCF6AAD-A8DE-4304-ABCC-B9FB3908A71F}.bvcms|Any CPU.ActiveCfg = staging|Any CPU
		{ADCF6AAD-A8DE-4304-ABCC-B9FB3908A71F}.bvcms|Any CPU.Build.0 = staging|Any CPU
		{ADCF6AAD-A8DE-4304-ABCC-B9FB3908A71F}.bvcms|x86.ActiveCfg = staging|Any CPU
		{ADCF6AAD-A8DE-4304-ABCC-B9FB3908A71F}.bvcms|x86.Build.0 = staging|Any CPU
		{ADCF6AAD-A8DE-4304-ABCC-B9FB3908A71F}.bvcms2|Any CPU.ActiveCfg = staging|Any CPU
		{ADCF6AAD-A8DE-4304-ABCC-B9FB3908A71F}.bvcms2|Any CPU.Build.0 = staging|Any CPU
		{ADCF6AAD-A8DE-4304-ABCC-B9FB3908A71F}.bvcms2|x86.ActiveCfg = staging|Any CPU
		{ADCF6AAD-A8DE-4304-ABCC-B9FB3908A71F}.bvcms2|x86.Build.0 = staging|Any CPU
		{ADCF6AAD-A8DE-4304-ABCC-B9FB3908A71F}.BVCMSProduction|Any CPU.ActiveCfg = staging|Any CPU
		{ADCF6AAD-A8DE-4304-ABCC-B9FB3908A71F}.BVCMSProduction|Any CPU.Build.0 = staging|Any CPU
		{ADCF6AAD-A8DE-4304-ABCC-B9FB3908A71F}.BVCMSProduction|x86.ActiveCfg = staging|Any CPU
		{ADCF6AAD-A8DE-4304-ABCC-B9FB3908A71F}.BVCMSProduction|x86.Build.0 = staging|Any CPU
		{ADCF6AAD-A8DE-4304-ABCC-B9FB3908A71F}.CMS2Production|Any CPU.ActiveCfg = staging|Any CPU
		{ADCF6AAD-A8DE-4304-ABCC-B9FB3908A71F}.CMS2Production|Any CPU.Build.0 = staging|Any CPU
		{ADCF6AAD-A8DE-4304-ABCC-B9FB3908A71F}.CMS2Production|x86.ActiveCfg = staging|Any CPU
		{ADCF6AAD-A8DE-4304-ABCC-B9FB3908A71F}.CMS2Production|x86.Build.0 = staging|Any CPU
		{ADCF6AAD-A8DE-4304-ABCC-B9FB3908A71F}.CMSTest|Any CPU.ActiveCfg = staging|Any CPU
		{ADCF6AAD-A8DE-4304-ABCC-B9FB3908A71F}.CMSTest|Any CPU.Build.0 = staging|Any CPU
		{ADCF6AAD-A8DE-4304-ABCC-B9FB3908A71F}.CMSTest|x86.ActiveCfg = staging|Any CPU
		{ADCF6AAD-A8DE-4304-ABCC-B9FB3908A71F}.CMSTest|x86.Build.0 = staging|Any CPU
		{ADCF6AAD-A8DE-4304-ABCC-B9FB3908A71F}.CMSWebProduction|Any CPU.ActiveCfg = staging|Any CPU
		{ADCF6AAD-A8DE-4304-ABCC-B9FB3908A71F}.CMSWebProduction|Any CPU.Build.0 = staging|Any CPU
		{ADCF6AAD-A8DE-4304-ABCC-B9FB3908A71F}.CMSWebProduction|x86.ActiveCfg = staging|Any CPU
		{ADCF6AAD-A8DE-4304-ABCC-B9FB3908A71F}.CMSWebProduction|x86.Build.0 = staging|Any CPU
		{ADCF6AAD-A8DE-4304-ABCC-B9FB3908A71F}.Debug|Any CPU.ActiveCfg = Debug|Any CPU
		{ADCF6AAD-A8DE-4304-ABCC-B9FB3908A71F}.Debug|Any CPU.Build.0 = Debug|Any CPU
		{ADCF6AAD-A8DE-4304-ABCC-B9FB3908A71F}.Debug|x86.ActiveCfg = Debug|Any CPU
		{ADCF6AAD-A8DE-4304-ABCC-B9FB3908A71F}.Debug|x86.Build.0 = Debug|Any CPU
		{ADCF6AAD-A8DE-4304-ABCC-B9FB3908A71F}.Impersonate|Any CPU.ActiveCfg = staging|Any CPU
		{ADCF6AAD-A8DE-4304-ABCC-B9FB3908A71F}.Impersonate|Any CPU.Build.0 = staging|Any CPU
		{ADCF6AAD-A8DE-4304-ABCC-B9FB3908A71F}.Impersonate|x86.ActiveCfg = staging|Any CPU
		{ADCF6AAD-A8DE-4304-ABCC-B9FB3908A71F}.Impersonate|x86.Build.0 = staging|Any CPU
		{ADCF6AAD-A8DE-4304-ABCC-B9FB3908A71F}.Rackspace|Any CPU.ActiveCfg = Release|Any CPU
		{ADCF6AAD-A8DE-4304-ABCC-B9FB3908A71F}.Rackspace|Any CPU.Build.0 = Release|Any CPU
		{ADCF6AAD-A8DE-4304-ABCC-B9FB3908A71F}.Rackspace|x86.ActiveCfg = Release|Any CPU
		{ADCF6AAD-A8DE-4304-ABCC-B9FB3908A71F}.Rackspace|x86.Build.0 = Release|Any CPU
		{ADCF6AAD-A8DE-4304-ABCC-B9FB3908A71F}.Release|Any CPU.ActiveCfg = Release|Any CPU
		{ADCF6AAD-A8DE-4304-ABCC-B9FB3908A71F}.Release|Any CPU.Build.0 = Release|Any CPU
		{ADCF6AAD-A8DE-4304-ABCC-B9FB3908A71F}.Release|x86.ActiveCfg = Release|Any CPU
		{ADCF6AAD-A8DE-4304-ABCC-B9FB3908A71F}.Release|x86.Build.0 = Release|Any CPU
		{ADCF6AAD-A8DE-4304-ABCC-B9FB3908A71F}.Release2|Any CPU.ActiveCfg = Release|Any CPU
		{ADCF6AAD-A8DE-4304-ABCC-B9FB3908A71F}.Release2|Any CPU.Build.0 = Release|Any CPU
		{ADCF6AAD-A8DE-4304-ABCC-B9FB3908A71F}.Release2|x86.ActiveCfg = Release|Any CPU
		{ADCF6AAD-A8DE-4304-ABCC-B9FB3908A71F}.Release2|x86.Build.0 = Release|Any CPU
		{ADCF6AAD-A8DE-4304-ABCC-B9FB3908A71F}.staging|Any CPU.ActiveCfg = Release|Any CPU
		{ADCF6AAD-A8DE-4304-ABCC-B9FB3908A71F}.staging|Any CPU.Build.0 = Release|Any CPU
		{ADCF6AAD-A8DE-4304-ABCC-B9FB3908A71F}.staging|x86.ActiveCfg = Release|Any CPU
		{ADCF6AAD-A8DE-4304-ABCC-B9FB3908A71F}.staging|x86.Build.0 = Release|Any CPU
		{ADCF6AAD-A8DE-4304-ABCC-B9FB3908A71F}.TeamCity|Any CPU.ActiveCfg = test|Any CPU
		{ADCF6AAD-A8DE-4304-ABCC-B9FB3908A71F}.TeamCity|Any CPU.Build.0 = test|Any CPU
		{ADCF6AAD-A8DE-4304-ABCC-B9FB3908A71F}.TeamCity|x86.ActiveCfg = test|Any CPU
		{ADCF6AAD-A8DE-4304-ABCC-B9FB3908A71F}.TeamCity|x86.Build.0 = test|Any CPU
		{ADCF6AAD-A8DE-4304-ABCC-B9FB3908A71F}.test|Any CPU.ActiveCfg = Release|Any CPU
		{ADCF6AAD-A8DE-4304-ABCC-B9FB3908A71F}.test|Any CPU.Build.0 = Release|Any CPU
		{ADCF6AAD-A8DE-4304-ABCC-B9FB3908A71F}.test|x86.ActiveCfg = Release|Any CPU
		{ADCF6AAD-A8DE-4304-ABCC-B9FB3908A71F}.test|x86.Build.0 = Release|Any CPU
		{ADCF6AAD-A8DE-4304-ABCC-B9FB3908A71F}.test2|Any CPU.ActiveCfg = test|Any CPU
		{ADCF6AAD-A8DE-4304-ABCC-B9FB3908A71F}.test2|Any CPU.Build.0 = test|Any CPU
		{ADCF6AAD-A8DE-4304-ABCC-B9FB3908A71F}.test2|x86.ActiveCfg = test|Any CPU
		{ADCF6AAD-A8DE-4304-ABCC-B9FB3908A71F}.test2|x86.Build.0 = test|Any CPU
		{ADCF6AAD-A8DE-4304-ABCC-B9FB3908A71F}.test3|Any CPU.ActiveCfg = test|Any CPU
		{ADCF6AAD-A8DE-4304-ABCC-B9FB3908A71F}.test3|Any CPU.Build.0 = test|Any CPU
		{ADCF6AAD-A8DE-4304-ABCC-B9FB3908A71F}.test3|x86.ActiveCfg = test|Any CPU
		{ADCF6AAD-A8DE-4304-ABCC-B9FB3908A71F}.test3|x86.Build.0 = test|Any CPU
		{ADCF6AAD-A8DE-4304-ABCC-B9FB3908A71F}.work|Any CPU.ActiveCfg = staging|Any CPU
		{ADCF6AAD-A8DE-4304-ABCC-B9FB3908A71F}.work|Any CPU.Build.0 = staging|Any CPU
		{ADCF6AAD-A8DE-4304-ABCC-B9FB3908A71F}.work|x86.ActiveCfg = staging|Any CPU
		{ADCF6AAD-A8DE-4304-ABCC-B9FB3908A71F}.work|x86.Build.0 = staging|Any CPU
		{A9419D48-27BF-4DA4-B6BD-350FC8E887F4}.bellevue|Any CPU.ActiveCfg = Release|Any CPU
		{A9419D48-27BF-4DA4-B6BD-350FC8E887F4}.bellevue|Any CPU.Build.0 = Release|Any CPU
		{A9419D48-27BF-4DA4-B6BD-350FC8E887F4}.bellevue|x86.ActiveCfg = Release|Any CPU
		{A9419D48-27BF-4DA4-B6BD-350FC8E887F4}.bellevue|x86.Build.0 = Release|Any CPU
		{A9419D48-27BF-4DA4-B6BD-350FC8E887F4}.Bellevue3|Any CPU.ActiveCfg = Release|Any CPU
		{A9419D48-27BF-4DA4-B6BD-350FC8E887F4}.Bellevue3|Any CPU.Build.0 = Release|Any CPU
		{A9419D48-27BF-4DA4-B6BD-350FC8E887F4}.Bellevue3|x86.ActiveCfg = Release|Any CPU
		{A9419D48-27BF-4DA4-B6BD-350FC8E887F4}.Bellevue3|x86.Build.0 = Release|Any CPU
		{A9419D48-27BF-4DA4-B6BD-350FC8E887F4}.bvcms|Any CPU.ActiveCfg = Release|Any CPU
		{A9419D48-27BF-4DA4-B6BD-350FC8E887F4}.bvcms|Any CPU.Build.0 = Release|Any CPU
		{A9419D48-27BF-4DA4-B6BD-350FC8E887F4}.bvcms|x86.ActiveCfg = Release|Any CPU
		{A9419D48-27BF-4DA4-B6BD-350FC8E887F4}.bvcms|x86.Build.0 = Release|Any CPU
		{A9419D48-27BF-4DA4-B6BD-350FC8E887F4}.bvcms2|Any CPU.ActiveCfg = Release|Any CPU
		{A9419D48-27BF-4DA4-B6BD-350FC8E887F4}.bvcms2|Any CPU.Build.0 = Release|Any CPU
		{A9419D48-27BF-4DA4-B6BD-350FC8E887F4}.bvcms2|x86.ActiveCfg = Release|Any CPU
		{A9419D48-27BF-4DA4-B6BD-350FC8E887F4}.bvcms2|x86.Build.0 = Release|Any CPU
		{A9419D48-27BF-4DA4-B6BD-350FC8E887F4}.BVCMSProduction|Any CPU.ActiveCfg = Release|Any CPU
		{A9419D48-27BF-4DA4-B6BD-350FC8E887F4}.BVCMSProduction|Any CPU.Build.0 = Release|Any CPU
		{A9419D48-27BF-4DA4-B6BD-350FC8E887F4}.BVCMSProduction|x86.ActiveCfg = Release|Any CPU
		{A9419D48-27BF-4DA4-B6BD-350FC8E887F4}.BVCMSProduction|x86.Build.0 = Release|Any CPU
		{A9419D48-27BF-4DA4-B6BD-350FC8E887F4}.CMS2Production|Any CPU.ActiveCfg = Release|Any CPU
		{A9419D48-27BF-4DA4-B6BD-350FC8E887F4}.CMS2Production|Any CPU.Build.0 = Release|Any CPU
		{A9419D48-27BF-4DA4-B6BD-350FC8E887F4}.CMS2Production|x86.ActiveCfg = Release|Any CPU
		{A9419D48-27BF-4DA4-B6BD-350FC8E887F4}.CMS2Production|x86.Build.0 = Release|Any CPU
		{A9419D48-27BF-4DA4-B6BD-350FC8E887F4}.CMSTest|Any CPU.ActiveCfg = Release|Any CPU
		{A9419D48-27BF-4DA4-B6BD-350FC8E887F4}.CMSTest|Any CPU.Build.0 = Release|Any CPU
		{A9419D48-27BF-4DA4-B6BD-350FC8E887F4}.CMSTest|x86.ActiveCfg = Release|Any CPU
		{A9419D48-27BF-4DA4-B6BD-350FC8E887F4}.CMSTest|x86.Build.0 = Release|Any CPU
		{A9419D48-27BF-4DA4-B6BD-350FC8E887F4}.CMSWebProduction|Any CPU.ActiveCfg = Release|Any CPU
		{A9419D48-27BF-4DA4-B6BD-350FC8E887F4}.CMSWebProduction|Any CPU.Build.0 = Release|Any CPU
		{A9419D48-27BF-4DA4-B6BD-350FC8E887F4}.CMSWebProduction|x86.ActiveCfg = Release|Any CPU
		{A9419D48-27BF-4DA4-B6BD-350FC8E887F4}.CMSWebProduction|x86.Build.0 = Release|Any CPU
		{A9419D48-27BF-4DA4-B6BD-350FC8E887F4}.Debug|Any CPU.ActiveCfg = Debug|Any CPU
		{A9419D48-27BF-4DA4-B6BD-350FC8E887F4}.Debug|Any CPU.Build.0 = Debug|Any CPU
		{A9419D48-27BF-4DA4-B6BD-350FC8E887F4}.Debug|x86.ActiveCfg = Debug|Any CPU
		{A9419D48-27BF-4DA4-B6BD-350FC8E887F4}.Debug|x86.Build.0 = Debug|Any CPU
		{A9419D48-27BF-4DA4-B6BD-350FC8E887F4}.Impersonate|Any CPU.ActiveCfg = Release|Any CPU
		{A9419D48-27BF-4DA4-B6BD-350FC8E887F4}.Impersonate|Any CPU.Build.0 = Release|Any CPU
		{A9419D48-27BF-4DA4-B6BD-350FC8E887F4}.Impersonate|x86.ActiveCfg = Release|Any CPU
		{A9419D48-27BF-4DA4-B6BD-350FC8E887F4}.Impersonate|x86.Build.0 = Release|Any CPU
		{A9419D48-27BF-4DA4-B6BD-350FC8E887F4}.Rackspace|Any CPU.ActiveCfg = Release|Any CPU
		{A9419D48-27BF-4DA4-B6BD-350FC8E887F4}.Rackspace|Any CPU.Build.0 = Release|Any CPU
		{A9419D48-27BF-4DA4-B6BD-350FC8E887F4}.Rackspace|x86.ActiveCfg = Release|Any CPU
		{A9419D48-27BF-4DA4-B6BD-350FC8E887F4}.Rackspace|x86.Build.0 = Release|Any CPU
		{A9419D48-27BF-4DA4-B6BD-350FC8E887F4}.Release|Any CPU.ActiveCfg = Release|Any CPU
		{A9419D48-27BF-4DA4-B6BD-350FC8E887F4}.Release|Any CPU.Build.0 = Release|Any CPU
		{A9419D48-27BF-4DA4-B6BD-350FC8E887F4}.Release|x86.ActiveCfg = Release|Any CPU
		{A9419D48-27BF-4DA4-B6BD-350FC8E887F4}.Release|x86.Build.0 = Release|Any CPU
		{A9419D48-27BF-4DA4-B6BD-350FC8E887F4}.Release2|Any CPU.ActiveCfg = Release|Any CPU
		{A9419D48-27BF-4DA4-B6BD-350FC8E887F4}.Release2|Any CPU.Build.0 = Release|Any CPU
		{A9419D48-27BF-4DA4-B6BD-350FC8E887F4}.Release2|x86.ActiveCfg = Release|Any CPU
		{A9419D48-27BF-4DA4-B6BD-350FC8E887F4}.Release2|x86.Build.0 = Release|Any CPU
		{A9419D48-27BF-4DA4-B6BD-350FC8E887F4}.staging|Any CPU.ActiveCfg = Release|Any CPU
		{A9419D48-27BF-4DA4-B6BD-350FC8E887F4}.staging|Any CPU.Build.0 = Release|Any CPU
		{A9419D48-27BF-4DA4-B6BD-350FC8E887F4}.staging|x86.ActiveCfg = Release|Any CPU
		{A9419D48-27BF-4DA4-B6BD-350FC8E887F4}.staging|x86.Build.0 = Release|Any CPU
		{A9419D48-27BF-4DA4-B6BD-350FC8E887F4}.TeamCity|Any CPU.ActiveCfg = Release|Any CPU
		{A9419D48-27BF-4DA4-B6BD-350FC8E887F4}.TeamCity|Any CPU.Build.0 = Release|Any CPU
		{A9419D48-27BF-4DA4-B6BD-350FC8E887F4}.TeamCity|x86.ActiveCfg = Release|Any CPU
		{A9419D48-27BF-4DA4-B6BD-350FC8E887F4}.TeamCity|x86.Build.0 = Release|Any CPU
		{A9419D48-27BF-4DA4-B6BD-350FC8E887F4}.test|Any CPU.ActiveCfg = Release|Any CPU
		{A9419D48-27BF-4DA4-B6BD-350FC8E887F4}.test|Any CPU.Build.0 = Release|Any CPU
		{A9419D48-27BF-4DA4-B6BD-350FC8E887F4}.test|x86.ActiveCfg = Release|Any CPU
		{A9419D48-27BF-4DA4-B6BD-350FC8E887F4}.test|x86.Build.0 = Release|Any CPU
		{A9419D48-27BF-4DA4-B6BD-350FC8E887F4}.test2|Any CPU.ActiveCfg = Release|Any CPU
		{A9419D48-27BF-4DA4-B6BD-350FC8E887F4}.test2|Any CPU.Build.0 = Release|Any CPU
		{A9419D48-27BF-4DA4-B6BD-350FC8E887F4}.test2|x86.ActiveCfg = Release|Any CPU
		{A9419D48-27BF-4DA4-B6BD-350FC8E887F4}.test2|x86.Build.0 = Release|Any CPU
		{A9419D48-27BF-4DA4-B6BD-350FC8E887F4}.test3|Any CPU.ActiveCfg = Release|Any CPU
		{A9419D48-27BF-4DA4-B6BD-350FC8E887F4}.test3|Any CPU.Build.0 = Release|Any CPU
		{A9419D48-27BF-4DA4-B6BD-350FC8E887F4}.test3|x86.ActiveCfg = Release|Any CPU
		{A9419D48-27BF-4DA4-B6BD-350FC8E887F4}.test3|x86.Build.0 = Release|Any CPU
		{A9419D48-27BF-4DA4-B6BD-350FC8E887F4}.work|Any CPU.ActiveCfg = Release|Any CPU
		{A9419D48-27BF-4DA4-B6BD-350FC8E887F4}.work|Any CPU.Build.0 = Release|Any CPU
		{A9419D48-27BF-4DA4-B6BD-350FC8E887F4}.work|x86.ActiveCfg = Release|Any CPU
		{A9419D48-27BF-4DA4-B6BD-350FC8E887F4}.work|x86.Build.0 = Release|Any CPU
		{BC0C6E33-DFEF-4C4E-9E96-997AF3D78BCF}.bellevue|Any CPU.ActiveCfg = test|Any CPU
		{BC0C6E33-DFEF-4C4E-9E96-997AF3D78BCF}.bellevue|Any CPU.Build.0 = test|Any CPU
		{BC0C6E33-DFEF-4C4E-9E96-997AF3D78BCF}.bellevue|x86.ActiveCfg = test|Any CPU
		{BC0C6E33-DFEF-4C4E-9E96-997AF3D78BCF}.bellevue|x86.Build.0 = test|Any CPU
		{BC0C6E33-DFEF-4C4E-9E96-997AF3D78BCF}.Bellevue3|Any CPU.ActiveCfg = test|Any CPU
		{BC0C6E33-DFEF-4C4E-9E96-997AF3D78BCF}.Bellevue3|Any CPU.Build.0 = test|Any CPU
		{BC0C6E33-DFEF-4C4E-9E96-997AF3D78BCF}.Bellevue3|x86.ActiveCfg = test|Any CPU
		{BC0C6E33-DFEF-4C4E-9E96-997AF3D78BCF}.Bellevue3|x86.Build.0 = test|Any CPU
		{BC0C6E33-DFEF-4C4E-9E96-997AF3D78BCF}.bvcms|Any CPU.ActiveCfg = test|Any CPU
		{BC0C6E33-DFEF-4C4E-9E96-997AF3D78BCF}.bvcms|Any CPU.Build.0 = test|Any CPU
		{BC0C6E33-DFEF-4C4E-9E96-997AF3D78BCF}.bvcms|x86.ActiveCfg = test|Any CPU
		{BC0C6E33-DFEF-4C4E-9E96-997AF3D78BCF}.bvcms|x86.Build.0 = test|Any CPU
		{BC0C6E33-DFEF-4C4E-9E96-997AF3D78BCF}.bvcms2|Any CPU.ActiveCfg = test|Any CPU
		{BC0C6E33-DFEF-4C4E-9E96-997AF3D78BCF}.bvcms2|Any CPU.Build.0 = test|Any CPU
		{BC0C6E33-DFEF-4C4E-9E96-997AF3D78BCF}.bvcms2|x86.ActiveCfg = test|Any CPU
		{BC0C6E33-DFEF-4C4E-9E96-997AF3D78BCF}.bvcms2|x86.Build.0 = test|Any CPU
		{BC0C6E33-DFEF-4C4E-9E96-997AF3D78BCF}.BVCMSProduction|Any CPU.ActiveCfg = test|Any CPU
		{BC0C6E33-DFEF-4C4E-9E96-997AF3D78BCF}.BVCMSProduction|Any CPU.Build.0 = test|Any CPU
		{BC0C6E33-DFEF-4C4E-9E96-997AF3D78BCF}.BVCMSProduction|x86.ActiveCfg = test|Any CPU
		{BC0C6E33-DFEF-4C4E-9E96-997AF3D78BCF}.BVCMSProduction|x86.Build.0 = test|Any CPU
		{BC0C6E33-DFEF-4C4E-9E96-997AF3D78BCF}.CMS2Production|Any CPU.ActiveCfg = test|Any CPU
		{BC0C6E33-DFEF-4C4E-9E96-997AF3D78BCF}.CMS2Production|Any CPU.Build.0 = test|Any CPU
		{BC0C6E33-DFEF-4C4E-9E96-997AF3D78BCF}.CMS2Production|x86.ActiveCfg = test|Any CPU
		{BC0C6E33-DFEF-4C4E-9E96-997AF3D78BCF}.CMS2Production|x86.Build.0 = test|Any CPU
		{BC0C6E33-DFEF-4C4E-9E96-997AF3D78BCF}.CMSTest|Any CPU.ActiveCfg = test|Any CPU
		{BC0C6E33-DFEF-4C4E-9E96-997AF3D78BCF}.CMSTest|Any CPU.Build.0 = test|Any CPU
		{BC0C6E33-DFEF-4C4E-9E96-997AF3D78BCF}.CMSTest|x86.ActiveCfg = test|Any CPU
		{BC0C6E33-DFEF-4C4E-9E96-997AF3D78BCF}.CMSTest|x86.Build.0 = test|Any CPU
		{BC0C6E33-DFEF-4C4E-9E96-997AF3D78BCF}.CMSWebProduction|Any CPU.ActiveCfg = test|Any CPU
		{BC0C6E33-DFEF-4C4E-9E96-997AF3D78BCF}.CMSWebProduction|Any CPU.Build.0 = test|Any CPU
		{BC0C6E33-DFEF-4C4E-9E96-997AF3D78BCF}.CMSWebProduction|x86.ActiveCfg = test|Any CPU
		{BC0C6E33-DFEF-4C4E-9E96-997AF3D78BCF}.CMSWebProduction|x86.Build.0 = test|Any CPU
		{BC0C6E33-DFEF-4C4E-9E96-997AF3D78BCF}.Debug|Any CPU.ActiveCfg = Debug|Any CPU
		{BC0C6E33-DFEF-4C4E-9E96-997AF3D78BCF}.Debug|Any CPU.Build.0 = Debug|Any CPU
		{BC0C6E33-DFEF-4C4E-9E96-997AF3D78BCF}.Debug|x86.ActiveCfg = Debug|Any CPU
		{BC0C6E33-DFEF-4C4E-9E96-997AF3D78BCF}.Debug|x86.Build.0 = Debug|Any CPU
		{BC0C6E33-DFEF-4C4E-9E96-997AF3D78BCF}.Impersonate|Any CPU.ActiveCfg = test|Any CPU
		{BC0C6E33-DFEF-4C4E-9E96-997AF3D78BCF}.Impersonate|Any CPU.Build.0 = test|Any CPU
		{BC0C6E33-DFEF-4C4E-9E96-997AF3D78BCF}.Impersonate|x86.ActiveCfg = test|Any CPU
		{BC0C6E33-DFEF-4C4E-9E96-997AF3D78BCF}.Impersonate|x86.Build.0 = test|Any CPU
		{BC0C6E33-DFEF-4C4E-9E96-997AF3D78BCF}.Rackspace|Any CPU.ActiveCfg = Release|Any CPU
		{BC0C6E33-DFEF-4C4E-9E96-997AF3D78BCF}.Rackspace|Any CPU.Build.0 = Release|Any CPU
		{BC0C6E33-DFEF-4C4E-9E96-997AF3D78BCF}.Rackspace|x86.ActiveCfg = Release|Any CPU
		{BC0C6E33-DFEF-4C4E-9E96-997AF3D78BCF}.Rackspace|x86.Build.0 = Release|Any CPU
		{BC0C6E33-DFEF-4C4E-9E96-997AF3D78BCF}.Release|Any CPU.ActiveCfg = Release|Any CPU
		{BC0C6E33-DFEF-4C4E-9E96-997AF3D78BCF}.Release|Any CPU.Build.0 = Release|Any CPU
		{BC0C6E33-DFEF-4C4E-9E96-997AF3D78BCF}.Release|x86.ActiveCfg = Release|Any CPU
		{BC0C6E33-DFEF-4C4E-9E96-997AF3D78BCF}.Release|x86.Build.0 = Release|Any CPU
		{BC0C6E33-DFEF-4C4E-9E96-997AF3D78BCF}.Release2|Any CPU.ActiveCfg = Release|Any CPU
		{BC0C6E33-DFEF-4C4E-9E96-997AF3D78BCF}.Release2|Any CPU.Build.0 = Release|Any CPU
		{BC0C6E33-DFEF-4C4E-9E96-997AF3D78BCF}.Release2|x86.ActiveCfg = Release|Any CPU
		{BC0C6E33-DFEF-4C4E-9E96-997AF3D78BCF}.Release2|x86.Build.0 = Release|Any CPU
		{BC0C6E33-DFEF-4C4E-9E96-997AF3D78BCF}.staging|Any CPU.ActiveCfg = Release|Any CPU
		{BC0C6E33-DFEF-4C4E-9E96-997AF3D78BCF}.staging|Any CPU.Build.0 = Release|Any CPU
		{BC0C6E33-DFEF-4C4E-9E96-997AF3D78BCF}.staging|x86.ActiveCfg = Release|Any CPU
		{BC0C6E33-DFEF-4C4E-9E96-997AF3D78BCF}.staging|x86.Build.0 = Release|Any CPU
		{BC0C6E33-DFEF-4C4E-9E96-997AF3D78BCF}.TeamCity|Any CPU.ActiveCfg = test|Any CPU
		{BC0C6E33-DFEF-4C4E-9E96-997AF3D78BCF}.TeamCity|Any CPU.Build.0 = test|Any CPU
		{BC0C6E33-DFEF-4C4E-9E96-997AF3D78BCF}.TeamCity|x86.ActiveCfg = test|Any CPU
		{BC0C6E33-DFEF-4C4E-9E96-997AF3D78BCF}.TeamCity|x86.Build.0 = test|Any CPU
		{BC0C6E33-DFEF-4C4E-9E96-997AF3D78BCF}.test|Any CPU.ActiveCfg = Release|Any CPU
		{BC0C6E33-DFEF-4C4E-9E96-997AF3D78BCF}.test|Any CPU.Build.0 = Release|Any CPU
		{BC0C6E33-DFEF-4C4E-9E96-997AF3D78BCF}.test|x86.ActiveCfg = Release|Any CPU
		{BC0C6E33-DFEF-4C4E-9E96-997AF3D78BCF}.test|x86.Build.0 = Release|Any CPU
		{BC0C6E33-DFEF-4C4E-9E96-997AF3D78BCF}.test2|Any CPU.ActiveCfg = test|Any CPU
		{BC0C6E33-DFEF-4C4E-9E96-997AF3D78BCF}.test2|Any CPU.Build.0 = test|Any CPU
		{BC0C6E33-DFEF-4C4E-9E96-997AF3D78BCF}.test2|x86.ActiveCfg = test|Any CPU
		{BC0C6E33-DFEF-4C4E-9E96-997AF3D78BCF}.test2|x86.Build.0 = test|Any CPU
		{BC0C6E33-DFEF-4C4E-9E96-997AF3D78BCF}.test3|Any CPU.ActiveCfg = test|Any CPU
		{BC0C6E33-DFEF-4C4E-9E96-997AF3D78BCF}.test3|Any CPU.Build.0 = test|Any CPU
		{BC0C6E33-DFEF-4C4E-9E96-997AF3D78BCF}.test3|x86.ActiveCfg = test|Any CPU
		{BC0C6E33-DFEF-4C4E-9E96-997AF3D78BCF}.test3|x86.Build.0 = test|Any CPU
		{BC0C6E33-DFEF-4C4E-9E96-997AF3D78BCF}.work|Any CPU.ActiveCfg = test|Any CPU
		{BC0C6E33-DFEF-4C4E-9E96-997AF3D78BCF}.work|Any CPU.Build.0 = test|Any CPU
		{BC0C6E33-DFEF-4C4E-9E96-997AF3D78BCF}.work|x86.ActiveCfg = test|Any CPU
		{BC0C6E33-DFEF-4C4E-9E96-997AF3D78BCF}.work|x86.Build.0 = test|Any CPU
		{9F19265D-148A-4C08-877D-1F686A802BE3}.bellevue|Any CPU.ActiveCfg = Release|Any CPU
		{9F19265D-148A-4C08-877D-1F686A802BE3}.bellevue|Any CPU.Build.0 = Release|Any CPU
		{9F19265D-148A-4C08-877D-1F686A802BE3}.bellevue|x86.ActiveCfg = Release|Any CPU
		{9F19265D-148A-4C08-877D-1F686A802BE3}.bellevue|x86.Build.0 = Release|Any CPU
		{9F19265D-148A-4C08-877D-1F686A802BE3}.Bellevue3|Any CPU.ActiveCfg = Release|Any CPU
		{9F19265D-148A-4C08-877D-1F686A802BE3}.Bellevue3|Any CPU.Build.0 = Release|Any CPU
		{9F19265D-148A-4C08-877D-1F686A802BE3}.Bellevue3|x86.ActiveCfg = Release|Any CPU
		{9F19265D-148A-4C08-877D-1F686A802BE3}.Bellevue3|x86.Build.0 = Release|Any CPU
		{9F19265D-148A-4C08-877D-1F686A802BE3}.bvcms|Any CPU.ActiveCfg = Release|Any CPU
		{9F19265D-148A-4C08-877D-1F686A802BE3}.bvcms|Any CPU.Build.0 = Release|Any CPU
		{9F19265D-148A-4C08-877D-1F686A802BE3}.bvcms|x86.ActiveCfg = Release|Any CPU
		{9F19265D-148A-4C08-877D-1F686A802BE3}.bvcms|x86.Build.0 = Release|Any CPU
		{9F19265D-148A-4C08-877D-1F686A802BE3}.bvcms2|Any CPU.ActiveCfg = Release|Any CPU
		{9F19265D-148A-4C08-877D-1F686A802BE3}.bvcms2|Any CPU.Build.0 = Release|Any CPU
		{9F19265D-148A-4C08-877D-1F686A802BE3}.bvcms2|x86.ActiveCfg = Release|Any CPU
		{9F19265D-148A-4C08-877D-1F686A802BE3}.bvcms2|x86.Build.0 = Release|Any CPU
		{9F19265D-148A-4C08-877D-1F686A802BE3}.BVCMSProduction|Any CPU.ActiveCfg = Release|Any CPU
		{9F19265D-148A-4C08-877D-1F686A802BE3}.BVCMSProduction|Any CPU.Build.0 = Release|Any CPU
		{9F19265D-148A-4C08-877D-1F686A802BE3}.BVCMSProduction|x86.ActiveCfg = Release|Any CPU
		{9F19265D-148A-4C08-877D-1F686A802BE3}.BVCMSProduction|x86.Build.0 = Release|Any CPU
		{9F19265D-148A-4C08-877D-1F686A802BE3}.CMS2Production|Any CPU.ActiveCfg = Release|Any CPU
		{9F19265D-148A-4C08-877D-1F686A802BE3}.CMS2Production|Any CPU.Build.0 = Release|Any CPU
		{9F19265D-148A-4C08-877D-1F686A802BE3}.CMS2Production|x86.ActiveCfg = Release|Any CPU
		{9F19265D-148A-4C08-877D-1F686A802BE3}.CMS2Production|x86.Build.0 = Release|Any CPU
		{9F19265D-148A-4C08-877D-1F686A802BE3}.CMSTest|Any CPU.ActiveCfg = Release|Any CPU
		{9F19265D-148A-4C08-877D-1F686A802BE3}.CMSTest|Any CPU.Build.0 = Release|Any CPU
		{9F19265D-148A-4C08-877D-1F686A802BE3}.CMSTest|x86.ActiveCfg = Release|Any CPU
		{9F19265D-148A-4C08-877D-1F686A802BE3}.CMSTest|x86.Build.0 = Release|Any CPU
		{9F19265D-148A-4C08-877D-1F686A802BE3}.CMSWebProduction|Any CPU.ActiveCfg = Release|Any CPU
		{9F19265D-148A-4C08-877D-1F686A802BE3}.CMSWebProduction|Any CPU.Build.0 = Release|Any CPU
		{9F19265D-148A-4C08-877D-1F686A802BE3}.CMSWebProduction|x86.ActiveCfg = Release|Any CPU
		{9F19265D-148A-4C08-877D-1F686A802BE3}.CMSWebProduction|x86.Build.0 = Release|Any CPU
		{9F19265D-148A-4C08-877D-1F686A802BE3}.Debug|Any CPU.ActiveCfg = Debug|Any CPU
		{9F19265D-148A-4C08-877D-1F686A802BE3}.Debug|Any CPU.Build.0 = Debug|Any CPU
		{9F19265D-148A-4C08-877D-1F686A802BE3}.Debug|x86.ActiveCfg = Debug|Any CPU
		{9F19265D-148A-4C08-877D-1F686A802BE3}.Debug|x86.Build.0 = Debug|Any CPU
		{9F19265D-148A-4C08-877D-1F686A802BE3}.Impersonate|Any CPU.ActiveCfg = Release|Any CPU
		{9F19265D-148A-4C08-877D-1F686A802BE3}.Impersonate|Any CPU.Build.0 = Release|Any CPU
		{9F19265D-148A-4C08-877D-1F686A802BE3}.Impersonate|x86.ActiveCfg = Release|Any CPU
		{9F19265D-148A-4C08-877D-1F686A802BE3}.Impersonate|x86.Build.0 = Release|Any CPU
		{9F19265D-148A-4C08-877D-1F686A802BE3}.Rackspace|Any CPU.ActiveCfg = Release|Any CPU
		{9F19265D-148A-4C08-877D-1F686A802BE3}.Rackspace|Any CPU.Build.0 = Release|Any CPU
		{9F19265D-148A-4C08-877D-1F686A802BE3}.Rackspace|x86.ActiveCfg = Release|Any CPU
		{9F19265D-148A-4C08-877D-1F686A802BE3}.Rackspace|x86.Build.0 = Release|Any CPU
		{9F19265D-148A-4C08-877D-1F686A802BE3}.Release|Any CPU.ActiveCfg = Release|Any CPU
		{9F19265D-148A-4C08-877D-1F686A802BE3}.Release|Any CPU.Build.0 = Release|Any CPU
		{9F19265D-148A-4C08-877D-1F686A802BE3}.Release|x86.ActiveCfg = Release|Any CPU
		{9F19265D-148A-4C08-877D-1F686A802BE3}.Release|x86.Build.0 = Release|Any CPU
		{9F19265D-148A-4C08-877D-1F686A802BE3}.Release2|Any CPU.ActiveCfg = Release|Any CPU
		{9F19265D-148A-4C08-877D-1F686A802BE3}.Release2|Any CPU.Build.0 = Release|Any CPU
		{9F19265D-148A-4C08-877D-1F686A802BE3}.Release2|x86.ActiveCfg = Release|Any CPU
		{9F19265D-148A-4C08-877D-1F686A802BE3}.Release2|x86.Build.0 = Release|Any CPU
		{9F19265D-148A-4C08-877D-1F686A802BE3}.staging|Any CPU.ActiveCfg = Release|Any CPU
		{9F19265D-148A-4C08-877D-1F686A802BE3}.staging|Any CPU.Build.0 = Release|Any CPU
		{9F19265D-148A-4C08-877D-1F686A802BE3}.staging|x86.ActiveCfg = Release|Any CPU
		{9F19265D-148A-4C08-877D-1F686A802BE3}.staging|x86.Build.0 = Release|Any CPU
		{9F19265D-148A-4C08-877D-1F686A802BE3}.TeamCity|Any CPU.ActiveCfg = Release|Any CPU
		{9F19265D-148A-4C08-877D-1F686A802BE3}.TeamCity|Any CPU.Build.0 = Release|Any CPU
		{9F19265D-148A-4C08-877D-1F686A802BE3}.TeamCity|x86.ActiveCfg = Release|Any CPU
		{9F19265D-148A-4C08-877D-1F686A802BE3}.TeamCity|x86.Build.0 = Release|Any CPU
		{9F19265D-148A-4C08-877D-1F686A802BE3}.test|Any CPU.ActiveCfg = Release|Any CPU
		{9F19265D-148A-4C08-877D-1F686A802BE3}.test|Any CPU.Build.0 = Release|Any CPU
		{9F19265D-148A-4C08-877D-1F686A802BE3}.test|x86.ActiveCfg = Release|Any CPU
		{9F19265D-148A-4C08-877D-1F686A802BE3}.test|x86.Build.0 = Release|Any CPU
		{9F19265D-148A-4C08-877D-1F686A802BE3}.test2|Any CPU.ActiveCfg = Release|Any CPU
		{9F19265D-148A-4C08-877D-1F686A802BE3}.test2|Any CPU.Build.0 = Release|Any CPU
		{9F19265D-148A-4C08-877D-1F686A802BE3}.test2|x86.ActiveCfg = Release|Any CPU
		{9F19265D-148A-4C08-877D-1F686A802BE3}.test2|x86.Build.0 = Release|Any CPU
		{9F19265D-148A-4C08-877D-1F686A802BE3}.test3|Any CPU.ActiveCfg = Release|Any CPU
		{9F19265D-148A-4C08-877D-1F686A802BE3}.test3|Any CPU.Build.0 = Release|Any CPU
		{9F19265D-148A-4C08-877D-1F686A802BE3}.test3|x86.ActiveCfg = Release|Any CPU
		{9F19265D-148A-4C08-877D-1F686A802BE3}.test3|x86.Build.0 = Release|Any CPU
		{9F19265D-148A-4C08-877D-1F686A802BE3}.work|Any CPU.ActiveCfg = Release|Any CPU
		{9F19265D-148A-4C08-877D-1F686A802BE3}.work|Any CPU.Build.0 = Release|Any CPU
		{9F19265D-148A-4C08-877D-1F686A802BE3}.work|x86.ActiveCfg = Release|Any CPU
		{9F19265D-148A-4C08-877D-1F686A802BE3}.work|x86.Build.0 = Release|Any CPU
		{DE5B0E8B-5197-4087-BF40-640BFED3B751}.bellevue|Any CPU.ActiveCfg = Release|Any CPU
		{DE5B0E8B-5197-4087-BF40-640BFED3B751}.bellevue|Any CPU.Build.0 = Release|Any CPU
		{DE5B0E8B-5197-4087-BF40-640BFED3B751}.bellevue|x86.ActiveCfg = Release|Any CPU
		{DE5B0E8B-5197-4087-BF40-640BFED3B751}.bellevue|x86.Build.0 = Release|Any CPU
		{DE5B0E8B-5197-4087-BF40-640BFED3B751}.Bellevue3|Any CPU.ActiveCfg = Release|Any CPU
		{DE5B0E8B-5197-4087-BF40-640BFED3B751}.Bellevue3|Any CPU.Build.0 = Release|Any CPU
		{DE5B0E8B-5197-4087-BF40-640BFED3B751}.Bellevue3|x86.ActiveCfg = Release|Any CPU
		{DE5B0E8B-5197-4087-BF40-640BFED3B751}.Bellevue3|x86.Build.0 = Release|Any CPU
		{DE5B0E8B-5197-4087-BF40-640BFED3B751}.bvcms|Any CPU.ActiveCfg = Release|Any CPU
		{DE5B0E8B-5197-4087-BF40-640BFED3B751}.bvcms|Any CPU.Build.0 = Release|Any CPU
		{DE5B0E8B-5197-4087-BF40-640BFED3B751}.bvcms|x86.ActiveCfg = Release|Any CPU
		{DE5B0E8B-5197-4087-BF40-640BFED3B751}.bvcms|x86.Build.0 = Release|Any CPU
		{DE5B0E8B-5197-4087-BF40-640BFED3B751}.bvcms2|Any CPU.ActiveCfg = Release|Any CPU
		{DE5B0E8B-5197-4087-BF40-640BFED3B751}.bvcms2|Any CPU.Build.0 = Release|Any CPU
		{DE5B0E8B-5197-4087-BF40-640BFED3B751}.bvcms2|x86.ActiveCfg = Release|Any CPU
		{DE5B0E8B-5197-4087-BF40-640BFED3B751}.bvcms2|x86.Build.0 = Release|Any CPU
		{DE5B0E8B-5197-4087-BF40-640BFED3B751}.BVCMSProduction|Any CPU.ActiveCfg = Release|Any CPU
		{DE5B0E8B-5197-4087-BF40-640BFED3B751}.BVCMSProduction|Any CPU.Build.0 = Release|Any CPU
		{DE5B0E8B-5197-4087-BF40-640BFED3B751}.BVCMSProduction|x86.ActiveCfg = Release|Any CPU
		{DE5B0E8B-5197-4087-BF40-640BFED3B751}.BVCMSProduction|x86.Build.0 = Release|Any CPU
		{DE5B0E8B-5197-4087-BF40-640BFED3B751}.CMS2Production|Any CPU.ActiveCfg = Release|Any CPU
		{DE5B0E8B-5197-4087-BF40-640BFED3B751}.CMS2Production|Any CPU.Build.0 = Release|Any CPU
		{DE5B0E8B-5197-4087-BF40-640BFED3B751}.CMS2Production|x86.ActiveCfg = Release|Any CPU
		{DE5B0E8B-5197-4087-BF40-640BFED3B751}.CMS2Production|x86.Build.0 = Release|Any CPU
		{DE5B0E8B-5197-4087-BF40-640BFED3B751}.CMSTest|Any CPU.ActiveCfg = Release|Any CPU
		{DE5B0E8B-5197-4087-BF40-640BFED3B751}.CMSTest|Any CPU.Build.0 = Release|Any CPU
		{DE5B0E8B-5197-4087-BF40-640BFED3B751}.CMSTest|x86.ActiveCfg = Release|Any CPU
		{DE5B0E8B-5197-4087-BF40-640BFED3B751}.CMSTest|x86.Build.0 = Release|Any CPU
		{DE5B0E8B-5197-4087-BF40-640BFED3B751}.CMSWebProduction|Any CPU.ActiveCfg = Release|Any CPU
		{DE5B0E8B-5197-4087-BF40-640BFED3B751}.CMSWebProduction|Any CPU.Build.0 = Release|Any CPU
		{DE5B0E8B-5197-4087-BF40-640BFED3B751}.CMSWebProduction|x86.ActiveCfg = Release|Any CPU
		{DE5B0E8B-5197-4087-BF40-640BFED3B751}.CMSWebProduction|x86.Build.0 = Release|Any CPU
		{DE5B0E8B-5197-4087-BF40-640BFED3B751}.Debug|Any CPU.ActiveCfg = Debug|Any CPU
		{DE5B0E8B-5197-4087-BF40-640BFED3B751}.Debug|Any CPU.Build.0 = Debug|Any CPU
		{DE5B0E8B-5197-4087-BF40-640BFED3B751}.Debug|x86.ActiveCfg = Debug|Any CPU
		{DE5B0E8B-5197-4087-BF40-640BFED3B751}.Debug|x86.Build.0 = Debug|Any CPU
		{DE5B0E8B-5197-4087-BF40-640BFED3B751}.Impersonate|Any CPU.ActiveCfg = Release|Any CPU
		{DE5B0E8B-5197-4087-BF40-640BFED3B751}.Impersonate|Any CPU.Build.0 = Release|Any CPU
		{DE5B0E8B-5197-4087-BF40-640BFED3B751}.Impersonate|x86.ActiveCfg = Release|Any CPU
		{DE5B0E8B-5197-4087-BF40-640BFED3B751}.Impersonate|x86.Build.0 = Release|Any CPU
		{DE5B0E8B-5197-4087-BF40-640BFED3B751}.Rackspace|Any CPU.ActiveCfg = Release|Any CPU
		{DE5B0E8B-5197-4087-BF40-640BFED3B751}.Rackspace|Any CPU.Build.0 = Release|Any CPU
		{DE5B0E8B-5197-4087-BF40-640BFED3B751}.Rackspace|x86.ActiveCfg = Release|Any CPU
		{DE5B0E8B-5197-4087-BF40-640BFED3B751}.Rackspace|x86.Build.0 = Release|Any CPU
		{DE5B0E8B-5197-4087-BF40-640BFED3B751}.Release|Any CPU.ActiveCfg = Release|Any CPU
		{DE5B0E8B-5197-4087-BF40-640BFED3B751}.Release|Any CPU.Build.0 = Release|Any CPU
		{DE5B0E8B-5197-4087-BF40-640BFED3B751}.Release|x86.ActiveCfg = Release|Any CPU
		{DE5B0E8B-5197-4087-BF40-640BFED3B751}.Release|x86.Build.0 = Release|Any CPU
		{DE5B0E8B-5197-4087-BF40-640BFED3B751}.Release2|Any CPU.ActiveCfg = Release|Any CPU
		{DE5B0E8B-5197-4087-BF40-640BFED3B751}.Release2|Any CPU.Build.0 = Release|Any CPU
		{DE5B0E8B-5197-4087-BF40-640BFED3B751}.Release2|x86.ActiveCfg = Release|Any CPU
		{DE5B0E8B-5197-4087-BF40-640BFED3B751}.Release2|x86.Build.0 = Release|Any CPU
		{DE5B0E8B-5197-4087-BF40-640BFED3B751}.staging|Any CPU.ActiveCfg = Release|Any CPU
		{DE5B0E8B-5197-4087-BF40-640BFED3B751}.staging|Any CPU.Build.0 = Release|Any CPU
		{DE5B0E8B-5197-4087-BF40-640BFED3B751}.staging|x86.ActiveCfg = Release|Any CPU
		{DE5B0E8B-5197-4087-BF40-640BFED3B751}.staging|x86.Build.0 = Release|Any CPU
		{DE5B0E8B-5197-4087-BF40-640BFED3B751}.TeamCity|Any CPU.ActiveCfg = Release|Any CPU
		{DE5B0E8B-5197-4087-BF40-640BFED3B751}.TeamCity|Any CPU.Build.0 = Release|Any CPU
		{DE5B0E8B-5197-4087-BF40-640BFED3B751}.TeamCity|x86.ActiveCfg = Release|Any CPU
		{DE5B0E8B-5197-4087-BF40-640BFED3B751}.TeamCity|x86.Build.0 = Release|Any CPU
		{DE5B0E8B-5197-4087-BF40-640BFED3B751}.test|Any CPU.ActiveCfg = Release|Any CPU
		{DE5B0E8B-5197-4087-BF40-640BFED3B751}.test|Any CPU.Build.0 = Release|Any CPU
		{DE5B0E8B-5197-4087-BF40-640BFED3B751}.test|x86.ActiveCfg = Release|Any CPU
		{DE5B0E8B-5197-4087-BF40-640BFED3B751}.test|x86.Build.0 = Release|Any CPU
		{DE5B0E8B-5197-4087-BF40-640BFED3B751}.test2|Any CPU.ActiveCfg = Release|Any CPU
		{DE5B0E8B-5197-4087-BF40-640BFED3B751}.test2|Any CPU.Build.0 = Release|Any CPU
		{DE5B0E8B-5197-4087-BF40-640BFED3B751}.test2|x86.ActiveCfg = Release|Any CPU
		{DE5B0E8B-5197-4087-BF40-640BFED3B751}.test2|x86.Build.0 = Release|Any CPU
		{DE5B0E8B-5197-4087-BF40-640BFED3B751}.test3|Any CPU.ActiveCfg = Release|Any CPU
		{DE5B0E8B-5197-4087-BF40-640BFED3B751}.test3|Any CPU.Build.0 = Release|Any CPU
		{DE5B0E8B-5197-4087-BF40-640BFED3B751}.test3|x86.ActiveCfg = Release|Any CPU
		{DE5B0E8B-5197-4087-BF40-640BFED3B751}.test3|x86.Build.0 = Release|Any CPU
		{DE5B0E8B-5197-4087-BF40-640BFED3B751}.work|Any CPU.ActiveCfg = Release|Any CPU
		{DE5B0E8B-5197-4087-BF40-640BFED3B751}.work|Any CPU.Build.0 = Release|Any CPU
		{DE5B0E8B-5197-4087-BF40-640BFED3B751}.work|x86.ActiveCfg = Release|Any CPU
		{DE5B0E8B-5197-4087-BF40-640BFED3B751}.work|x86.Build.0 = Release|Any CPU
		{298AF160-14F1-4CA2-8413-F74E100DF3EB}.bellevue|Any CPU.ActiveCfg = Release|Any CPU
		{298AF160-14F1-4CA2-8413-F74E100DF3EB}.bellevue|Any CPU.Build.0 = Release|Any CPU
		{298AF160-14F1-4CA2-8413-F74E100DF3EB}.bellevue|x86.ActiveCfg = Release|Any CPU
		{298AF160-14F1-4CA2-8413-F74E100DF3EB}.bellevue|x86.Build.0 = Release|Any CPU
		{298AF160-14F1-4CA2-8413-F74E100DF3EB}.Bellevue3|Any CPU.ActiveCfg = Release|Any CPU
		{298AF160-14F1-4CA2-8413-F74E100DF3EB}.Bellevue3|Any CPU.Build.0 = Release|Any CPU
		{298AF160-14F1-4CA2-8413-F74E100DF3EB}.Bellevue3|x86.ActiveCfg = Release|Any CPU
		{298AF160-14F1-4CA2-8413-F74E100DF3EB}.Bellevue3|x86.Build.0 = Release|Any CPU
		{298AF160-14F1-4CA2-8413-F74E100DF3EB}.bvcms|Any CPU.ActiveCfg = Release|Any CPU
		{298AF160-14F1-4CA2-8413-F74E100DF3EB}.bvcms|Any CPU.Build.0 = Release|Any CPU
		{298AF160-14F1-4CA2-8413-F74E100DF3EB}.bvcms|x86.ActiveCfg = Release|Any CPU
		{298AF160-14F1-4CA2-8413-F74E100DF3EB}.bvcms|x86.Build.0 = Release|Any CPU
		{298AF160-14F1-4CA2-8413-F74E100DF3EB}.bvcms2|Any CPU.ActiveCfg = Release|Any CPU
		{298AF160-14F1-4CA2-8413-F74E100DF3EB}.bvcms2|Any CPU.Build.0 = Release|Any CPU
		{298AF160-14F1-4CA2-8413-F74E100DF3EB}.bvcms2|x86.ActiveCfg = Release|Any CPU
		{298AF160-14F1-4CA2-8413-F74E100DF3EB}.bvcms2|x86.Build.0 = Release|Any CPU
		{298AF160-14F1-4CA2-8413-F74E100DF3EB}.BVCMSProduction|Any CPU.ActiveCfg = Release|Any CPU
		{298AF160-14F1-4CA2-8413-F74E100DF3EB}.BVCMSProduction|Any CPU.Build.0 = Release|Any CPU
		{298AF160-14F1-4CA2-8413-F74E100DF3EB}.BVCMSProduction|x86.ActiveCfg = Release|Any CPU
		{298AF160-14F1-4CA2-8413-F74E100DF3EB}.BVCMSProduction|x86.Build.0 = Release|Any CPU
		{298AF160-14F1-4CA2-8413-F74E100DF3EB}.CMS2Production|Any CPU.ActiveCfg = Release|Any CPU
		{298AF160-14F1-4CA2-8413-F74E100DF3EB}.CMS2Production|Any CPU.Build.0 = Release|Any CPU
		{298AF160-14F1-4CA2-8413-F74E100DF3EB}.CMS2Production|x86.ActiveCfg = Release|Any CPU
		{298AF160-14F1-4CA2-8413-F74E100DF3EB}.CMS2Production|x86.Build.0 = Release|Any CPU
		{298AF160-14F1-4CA2-8413-F74E100DF3EB}.CMSTest|Any CPU.ActiveCfg = Release|Any CPU
		{298AF160-14F1-4CA2-8413-F74E100DF3EB}.CMSTest|Any CPU.Build.0 = Release|Any CPU
		{298AF160-14F1-4CA2-8413-F74E100DF3EB}.CMSTest|x86.ActiveCfg = Release|Any CPU
		{298AF160-14F1-4CA2-8413-F74E100DF3EB}.CMSTest|x86.Build.0 = Release|Any CPU
		{298AF160-14F1-4CA2-8413-F74E100DF3EB}.CMSWebProduction|Any CPU.ActiveCfg = Release|Any CPU
		{298AF160-14F1-4CA2-8413-F74E100DF3EB}.CMSWebProduction|Any CPU.Build.0 = Release|Any CPU
		{298AF160-14F1-4CA2-8413-F74E100DF3EB}.CMSWebProduction|x86.ActiveCfg = Release|Any CPU
		{298AF160-14F1-4CA2-8413-F74E100DF3EB}.CMSWebProduction|x86.Build.0 = Release|Any CPU
		{298AF160-14F1-4CA2-8413-F74E100DF3EB}.Debug|Any CPU.ActiveCfg = Debug|Any CPU
		{298AF160-14F1-4CA2-8413-F74E100DF3EB}.Debug|Any CPU.Build.0 = Debug|Any CPU
		{298AF160-14F1-4CA2-8413-F74E100DF3EB}.Debug|x86.ActiveCfg = Debug|Any CPU
		{298AF160-14F1-4CA2-8413-F74E100DF3EB}.Debug|x86.Build.0 = Debug|Any CPU
		{298AF160-14F1-4CA2-8413-F74E100DF3EB}.Impersonate|Any CPU.ActiveCfg = Release|Any CPU
		{298AF160-14F1-4CA2-8413-F74E100DF3EB}.Impersonate|Any CPU.Build.0 = Release|Any CPU
		{298AF160-14F1-4CA2-8413-F74E100DF3EB}.Impersonate|x86.ActiveCfg = Release|Any CPU
		{298AF160-14F1-4CA2-8413-F74E100DF3EB}.Impersonate|x86.Build.0 = Release|Any CPU
		{298AF160-14F1-4CA2-8413-F74E100DF3EB}.Rackspace|Any CPU.ActiveCfg = Release|Any CPU
		{298AF160-14F1-4CA2-8413-F74E100DF3EB}.Rackspace|Any CPU.Build.0 = Release|Any CPU
		{298AF160-14F1-4CA2-8413-F74E100DF3EB}.Rackspace|x86.ActiveCfg = Release|Any CPU
		{298AF160-14F1-4CA2-8413-F74E100DF3EB}.Rackspace|x86.Build.0 = Release|Any CPU
		{298AF160-14F1-4CA2-8413-F74E100DF3EB}.Release|Any CPU.ActiveCfg = Release|Any CPU
		{298AF160-14F1-4CA2-8413-F74E100DF3EB}.Release|Any CPU.Build.0 = Release|Any CPU
		{298AF160-14F1-4CA2-8413-F74E100DF3EB}.Release|x86.ActiveCfg = Release|Any CPU
		{298AF160-14F1-4CA2-8413-F74E100DF3EB}.Release|x86.Build.0 = Release|Any CPU
		{298AF160-14F1-4CA2-8413-F74E100DF3EB}.Release2|Any CPU.ActiveCfg = Release|Any CPU
		{298AF160-14F1-4CA2-8413-F74E100DF3EB}.Release2|Any CPU.Build.0 = Release|Any CPU
		{298AF160-14F1-4CA2-8413-F74E100DF3EB}.Release2|x86.ActiveCfg = Release|Any CPU
		{298AF160-14F1-4CA2-8413-F74E100DF3EB}.Release2|x86.Build.0 = Release|Any CPU
		{298AF160-14F1-4CA2-8413-F74E100DF3EB}.staging|Any CPU.ActiveCfg = Release|Any CPU
		{298AF160-14F1-4CA2-8413-F74E100DF3EB}.staging|Any CPU.Build.0 = Release|Any CPU
		{298AF160-14F1-4CA2-8413-F74E100DF3EB}.staging|x86.ActiveCfg = Release|Any CPU
		{298AF160-14F1-4CA2-8413-F74E100DF3EB}.staging|x86.Build.0 = Release|Any CPU
		{298AF160-14F1-4CA2-8413-F74E100DF3EB}.TeamCity|Any CPU.ActiveCfg = Release|Any CPU
		{298AF160-14F1-4CA2-8413-F74E100DF3EB}.TeamCity|Any CPU.Build.0 = Release|Any CPU
		{298AF160-14F1-4CA2-8413-F74E100DF3EB}.TeamCity|x86.ActiveCfg = Release|Any CPU
		{298AF160-14F1-4CA2-8413-F74E100DF3EB}.TeamCity|x86.Build.0 = Release|Any CPU
		{298AF160-14F1-4CA2-8413-F74E100DF3EB}.test|Any CPU.ActiveCfg = Release|Any CPU
		{298AF160-14F1-4CA2-8413-F74E100DF3EB}.test|Any CPU.Build.0 = Release|Any CPU
		{298AF160-14F1-4CA2-8413-F74E100DF3EB}.test|x86.ActiveCfg = Release|Any CPU
		{298AF160-14F1-4CA2-8413-F74E100DF3EB}.test|x86.Build.0 = Release|Any CPU
		{298AF160-14F1-4CA2-8413-F74E100DF3EB}.test2|Any CPU.ActiveCfg = Release|Any CPU
		{298AF160-14F1-4CA2-8413-F74E100DF3EB}.test2|Any CPU.Build.0 = Release|Any CPU
		{298AF160-14F1-4CA2-8413-F74E100DF3EB}.test2|x86.ActiveCfg = Release|Any CPU
		{298AF160-14F1-4CA2-8413-F74E100DF3EB}.test2|x86.Build.0 = Release|Any CPU
		{298AF160-14F1-4CA2-8413-F74E100DF3EB}.test3|Any CPU.ActiveCfg = Release|Any CPU
		{298AF160-14F1-4CA2-8413-F74E100DF3EB}.test3|Any CPU.Build.0 = Release|Any CPU
		{298AF160-14F1-4CA2-8413-F74E100DF3EB}.test3|x86.ActiveCfg = Release|Any CPU
		{298AF160-14F1-4CA2-8413-F74E100DF3EB}.test3|x86.Build.0 = Release|Any CPU
		{298AF160-14F1-4CA2-8413-F74E100DF3EB}.work|Any CPU.ActiveCfg = Release|Any CPU
		{298AF160-14F1-4CA2-8413-F74E100DF3EB}.work|Any CPU.Build.0 = Release|Any CPU
		{298AF160-14F1-4CA2-8413-F74E100DF3EB}.work|x86.ActiveCfg = Release|Any CPU
		{298AF160-14F1-4CA2-8413-F74E100DF3EB}.work|x86.Build.0 = Release|Any CPU
		{AA7EC494-B0CD-41DB-8BCF-76835AF223B8}.bellevue|Any CPU.ActiveCfg = Release|Any CPU
		{AA7EC494-B0CD-41DB-8BCF-76835AF223B8}.bellevue|Any CPU.Build.0 = Release|Any CPU
		{AA7EC494-B0CD-41DB-8BCF-76835AF223B8}.bellevue|x86.ActiveCfg = Release|Any CPU
		{AA7EC494-B0CD-41DB-8BCF-76835AF223B8}.bellevue|x86.Build.0 = Release|Any CPU
		{AA7EC494-B0CD-41DB-8BCF-76835AF223B8}.Bellevue3|Any CPU.ActiveCfg = Release|Any CPU
		{AA7EC494-B0CD-41DB-8BCF-76835AF223B8}.Bellevue3|Any CPU.Build.0 = Release|Any CPU
		{AA7EC494-B0CD-41DB-8BCF-76835AF223B8}.Bellevue3|x86.ActiveCfg = Release|Any CPU
		{AA7EC494-B0CD-41DB-8BCF-76835AF223B8}.Bellevue3|x86.Build.0 = Release|Any CPU
		{AA7EC494-B0CD-41DB-8BCF-76835AF223B8}.bvcms|Any CPU.ActiveCfg = Release|Any CPU
		{AA7EC494-B0CD-41DB-8BCF-76835AF223B8}.bvcms|Any CPU.Build.0 = Release|Any CPU
		{AA7EC494-B0CD-41DB-8BCF-76835AF223B8}.bvcms|x86.ActiveCfg = Release|Any CPU
		{AA7EC494-B0CD-41DB-8BCF-76835AF223B8}.bvcms|x86.Build.0 = Release|Any CPU
		{AA7EC494-B0CD-41DB-8BCF-76835AF223B8}.bvcms2|Any CPU.ActiveCfg = Release|Any CPU
		{AA7EC494-B0CD-41DB-8BCF-76835AF223B8}.bvcms2|Any CPU.Build.0 = Release|Any CPU
		{AA7EC494-B0CD-41DB-8BCF-76835AF223B8}.bvcms2|x86.ActiveCfg = Release|Any CPU
		{AA7EC494-B0CD-41DB-8BCF-76835AF223B8}.bvcms2|x86.Build.0 = Release|Any CPU
		{AA7EC494-B0CD-41DB-8BCF-76835AF223B8}.BVCMSProduction|Any CPU.ActiveCfg = Release|Any CPU
		{AA7EC494-B0CD-41DB-8BCF-76835AF223B8}.BVCMSProduction|Any CPU.Build.0 = Release|Any CPU
		{AA7EC494-B0CD-41DB-8BCF-76835AF223B8}.BVCMSProduction|x86.ActiveCfg = Release|Any CPU
		{AA7EC494-B0CD-41DB-8BCF-76835AF223B8}.BVCMSProduction|x86.Build.0 = Release|Any CPU
		{AA7EC494-B0CD-41DB-8BCF-76835AF223B8}.CMS2Production|Any CPU.ActiveCfg = Release|Any CPU
		{AA7EC494-B0CD-41DB-8BCF-76835AF223B8}.CMS2Production|Any CPU.Build.0 = Release|Any CPU
		{AA7EC494-B0CD-41DB-8BCF-76835AF223B8}.CMS2Production|x86.ActiveCfg = Release|Any CPU
		{AA7EC494-B0CD-41DB-8BCF-76835AF223B8}.CMS2Production|x86.Build.0 = Release|Any CPU
		{AA7EC494-B0CD-41DB-8BCF-76835AF223B8}.CMSTest|Any CPU.ActiveCfg = Release|Any CPU
		{AA7EC494-B0CD-41DB-8BCF-76835AF223B8}.CMSTest|Any CPU.Build.0 = Release|Any CPU
		{AA7EC494-B0CD-41DB-8BCF-76835AF223B8}.CMSTest|x86.ActiveCfg = Release|Any CPU
		{AA7EC494-B0CD-41DB-8BCF-76835AF223B8}.CMSTest|x86.Build.0 = Release|Any CPU
		{AA7EC494-B0CD-41DB-8BCF-76835AF223B8}.CMSWebProduction|Any CPU.ActiveCfg = Release|Any CPU
		{AA7EC494-B0CD-41DB-8BCF-76835AF223B8}.CMSWebProduction|Any CPU.Build.0 = Release|Any CPU
		{AA7EC494-B0CD-41DB-8BCF-76835AF223B8}.CMSWebProduction|x86.ActiveCfg = Release|Any CPU
		{AA7EC494-B0CD-41DB-8BCF-76835AF223B8}.CMSWebProduction|x86.Build.0 = Release|Any CPU
		{AA7EC494-B0CD-41DB-8BCF-76835AF223B8}.Debug|Any CPU.ActiveCfg = Debug|Any CPU
		{AA7EC494-B0CD-41DB-8BCF-76835AF223B8}.Debug|Any CPU.Build.0 = Debug|Any CPU
		{AA7EC494-B0CD-41DB-8BCF-76835AF223B8}.Debug|x86.ActiveCfg = Debug|Any CPU
		{AA7EC494-B0CD-41DB-8BCF-76835AF223B8}.Debug|x86.Build.0 = Debug|Any CPU
		{AA7EC494-B0CD-41DB-8BCF-76835AF223B8}.Impersonate|Any CPU.ActiveCfg = Release|Any CPU
		{AA7EC494-B0CD-41DB-8BCF-76835AF223B8}.Impersonate|Any CPU.Build.0 = Release|Any CPU
		{AA7EC494-B0CD-41DB-8BCF-76835AF223B8}.Impersonate|x86.ActiveCfg = Release|Any CPU
		{AA7EC494-B0CD-41DB-8BCF-76835AF223B8}.Impersonate|x86.Build.0 = Release|Any CPU
		{AA7EC494-B0CD-41DB-8BCF-76835AF223B8}.Rackspace|Any CPU.ActiveCfg = Release|Any CPU
		{AA7EC494-B0CD-41DB-8BCF-76835AF223B8}.Rackspace|Any CPU.Build.0 = Release|Any CPU
		{AA7EC494-B0CD-41DB-8BCF-76835AF223B8}.Rackspace|x86.ActiveCfg = Release|Any CPU
		{AA7EC494-B0CD-41DB-8BCF-76835AF223B8}.Rackspace|x86.Build.0 = Release|Any CPU
		{AA7EC494-B0CD-41DB-8BCF-76835AF223B8}.Release|Any CPU.ActiveCfg = Release|Any CPU
		{AA7EC494-B0CD-41DB-8BCF-76835AF223B8}.Release|Any CPU.Build.0 = Release|Any CPU
		{AA7EC494-B0CD-41DB-8BCF-76835AF223B8}.Release|x86.ActiveCfg = Release|Any CPU
		{AA7EC494-B0CD-41DB-8BCF-76835AF223B8}.Release|x86.Build.0 = Release|Any CPU
		{AA7EC494-B0CD-41DB-8BCF-76835AF223B8}.Release2|Any CPU.ActiveCfg = Release|Any CPU
		{AA7EC494-B0CD-41DB-8BCF-76835AF223B8}.Release2|Any CPU.Build.0 = Release|Any CPU
		{AA7EC494-B0CD-41DB-8BCF-76835AF223B8}.Release2|x86.ActiveCfg = Release|Any CPU
		{AA7EC494-B0CD-41DB-8BCF-76835AF223B8}.Release2|x86.Build.0 = Release|Any CPU
		{AA7EC494-B0CD-41DB-8BCF-76835AF223B8}.staging|Any CPU.ActiveCfg = Release|Any CPU
		{AA7EC494-B0CD-41DB-8BCF-76835AF223B8}.staging|Any CPU.Build.0 = Release|Any CPU
		{AA7EC494-B0CD-41DB-8BCF-76835AF223B8}.staging|x86.ActiveCfg = Release|Any CPU
		{AA7EC494-B0CD-41DB-8BCF-76835AF223B8}.staging|x86.Build.0 = Release|Any CPU
		{AA7EC494-B0CD-41DB-8BCF-76835AF223B8}.TeamCity|Any CPU.ActiveCfg = Release|Any CPU
		{AA7EC494-B0CD-41DB-8BCF-76835AF223B8}.TeamCity|Any CPU.Build.0 = Release|Any CPU
		{AA7EC494-B0CD-41DB-8BCF-76835AF223B8}.TeamCity|x86.ActiveCfg = Release|Any CPU
		{AA7EC494-B0CD-41DB-8BCF-76835AF223B8}.TeamCity|x86.Build.0 = Release|Any CPU
		{AA7EC494-B0CD-41DB-8BCF-76835AF223B8}.test|Any CPU.ActiveCfg = Release|Any CPU
		{AA7EC494-B0CD-41DB-8BCF-76835AF223B8}.test|Any CPU.Build.0 = Release|Any CPU
		{AA7EC494-B0CD-41DB-8BCF-76835AF223B8}.test|x86.ActiveCfg = Release|Any CPU
		{AA7EC494-B0CD-41DB-8BCF-76835AF223B8}.test|x86.Build.0 = Release|Any CPU
		{AA7EC494-B0CD-41DB-8BCF-76835AF223B8}.test2|Any CPU.ActiveCfg = Release|Any CPU
		{AA7EC494-B0CD-41DB-8BCF-76835AF223B8}.test2|Any CPU.Build.0 = Release|Any CPU
		{AA7EC494-B0CD-41DB-8BCF-76835AF223B8}.test2|x86.ActiveCfg = Release|Any CPU
		{AA7EC494-B0CD-41DB-8BCF-76835AF223B8}.test2|x86.Build.0 = Release|Any CPU
		{AA7EC494-B0CD-41DB-8BCF-76835AF223B8}.test3|Any CPU.ActiveCfg = Release|Any CPU
		{AA7EC494-B0CD-41DB-8BCF-76835AF223B8}.test3|Any CPU.Build.0 = Release|Any CPU
		{AA7EC494-B0CD-41DB-8BCF-76835AF223B8}.test3|x86.ActiveCfg = Release|Any CPU
		{AA7EC494-B0CD-41DB-8BCF-76835AF223B8}.test3|x86.Build.0 = Release|Any CPU
		{AA7EC494-B0CD-41DB-8BCF-76835AF223B8}.work|Any CPU.ActiveCfg = Release|Any CPU
		{AA7EC494-B0CD-41DB-8BCF-76835AF223B8}.work|Any CPU.Build.0 = Release|Any CPU
		{AA7EC494-B0CD-41DB-8BCF-76835AF223B8}.work|x86.ActiveCfg = Release|Any CPU
		{AA7EC494-B0CD-41DB-8BCF-76835AF223B8}.work|x86.Build.0 = Release|Any CPU
		{37B7DD60-A2CE-4E69-8CC5-4370B95AD908}.bellevue|Any CPU.ActiveCfg = Release|Any CPU
		{37B7DD60-A2CE-4E69-8CC5-4370B95AD908}.bellevue|Any CPU.Build.0 = Release|Any CPU
		{37B7DD60-A2CE-4E69-8CC5-4370B95AD908}.bellevue|x86.ActiveCfg = Release|Any CPU
		{37B7DD60-A2CE-4E69-8CC5-4370B95AD908}.bellevue|x86.Build.0 = Release|Any CPU
		{37B7DD60-A2CE-4E69-8CC5-4370B95AD908}.Bellevue3|Any CPU.ActiveCfg = Release|Any CPU
		{37B7DD60-A2CE-4E69-8CC5-4370B95AD908}.Bellevue3|Any CPU.Build.0 = Release|Any CPU
		{37B7DD60-A2CE-4E69-8CC5-4370B95AD908}.Bellevue3|x86.ActiveCfg = Release|Any CPU
		{37B7DD60-A2CE-4E69-8CC5-4370B95AD908}.Bellevue3|x86.Build.0 = Release|Any CPU
		{37B7DD60-A2CE-4E69-8CC5-4370B95AD908}.bvcms|Any CPU.ActiveCfg = Release|Any CPU
		{37B7DD60-A2CE-4E69-8CC5-4370B95AD908}.bvcms|Any CPU.Build.0 = Release|Any CPU
		{37B7DD60-A2CE-4E69-8CC5-4370B95AD908}.bvcms|x86.ActiveCfg = Release|Any CPU
		{37B7DD60-A2CE-4E69-8CC5-4370B95AD908}.bvcms|x86.Build.0 = Release|Any CPU
		{37B7DD60-A2CE-4E69-8CC5-4370B95AD908}.bvcms2|Any CPU.ActiveCfg = Release|Any CPU
		{37B7DD60-A2CE-4E69-8CC5-4370B95AD908}.bvcms2|Any CPU.Build.0 = Release|Any CPU
		{37B7DD60-A2CE-4E69-8CC5-4370B95AD908}.bvcms2|x86.ActiveCfg = Release|Any CPU
		{37B7DD60-A2CE-4E69-8CC5-4370B95AD908}.bvcms2|x86.Build.0 = Release|Any CPU
		{37B7DD60-A2CE-4E69-8CC5-4370B95AD908}.BVCMSProduction|Any CPU.ActiveCfg = Release|Any CPU
		{37B7DD60-A2CE-4E69-8CC5-4370B95AD908}.BVCMSProduction|Any CPU.Build.0 = Release|Any CPU
		{37B7DD60-A2CE-4E69-8CC5-4370B95AD908}.BVCMSProduction|x86.ActiveCfg = Release|Any CPU
		{37B7DD60-A2CE-4E69-8CC5-4370B95AD908}.BVCMSProduction|x86.Build.0 = Release|Any CPU
		{37B7DD60-A2CE-4E69-8CC5-4370B95AD908}.CMS2Production|Any CPU.ActiveCfg = Release|Any CPU
		{37B7DD60-A2CE-4E69-8CC5-4370B95AD908}.CMS2Production|Any CPU.Build.0 = Release|Any CPU
		{37B7DD60-A2CE-4E69-8CC5-4370B95AD908}.CMS2Production|x86.ActiveCfg = Release|Any CPU
		{37B7DD60-A2CE-4E69-8CC5-4370B95AD908}.CMS2Production|x86.Build.0 = Release|Any CPU
		{37B7DD60-A2CE-4E69-8CC5-4370B95AD908}.CMSTest|Any CPU.ActiveCfg = Release|Any CPU
		{37B7DD60-A2CE-4E69-8CC5-4370B95AD908}.CMSTest|Any CPU.Build.0 = Release|Any CPU
		{37B7DD60-A2CE-4E69-8CC5-4370B95AD908}.CMSTest|x86.ActiveCfg = Release|Any CPU
		{37B7DD60-A2CE-4E69-8CC5-4370B95AD908}.CMSTest|x86.Build.0 = Release|Any CPU
		{37B7DD60-A2CE-4E69-8CC5-4370B95AD908}.CMSWebProduction|Any CPU.ActiveCfg = Release|Any CPU
		{37B7DD60-A2CE-4E69-8CC5-4370B95AD908}.CMSWebProduction|Any CPU.Build.0 = Release|Any CPU
		{37B7DD60-A2CE-4E69-8CC5-4370B95AD908}.CMSWebProduction|x86.ActiveCfg = Release|Any CPU
		{37B7DD60-A2CE-4E69-8CC5-4370B95AD908}.CMSWebProduction|x86.Build.0 = Release|Any CPU
		{37B7DD60-A2CE-4E69-8CC5-4370B95AD908}.Debug|Any CPU.ActiveCfg = Debug|Any CPU
		{37B7DD60-A2CE-4E69-8CC5-4370B95AD908}.Debug|Any CPU.Build.0 = Debug|Any CPU
		{37B7DD60-A2CE-4E69-8CC5-4370B95AD908}.Debug|x86.ActiveCfg = Debug|Any CPU
		{37B7DD60-A2CE-4E69-8CC5-4370B95AD908}.Debug|x86.Build.0 = Debug|Any CPU
		{37B7DD60-A2CE-4E69-8CC5-4370B95AD908}.Impersonate|Any CPU.ActiveCfg = Release|Any CPU
		{37B7DD60-A2CE-4E69-8CC5-4370B95AD908}.Impersonate|Any CPU.Build.0 = Release|Any CPU
		{37B7DD60-A2CE-4E69-8CC5-4370B95AD908}.Impersonate|x86.ActiveCfg = Release|Any CPU
		{37B7DD60-A2CE-4E69-8CC5-4370B95AD908}.Impersonate|x86.Build.0 = Release|Any CPU
		{37B7DD60-A2CE-4E69-8CC5-4370B95AD908}.Rackspace|Any CPU.ActiveCfg = Release|Any CPU
		{37B7DD60-A2CE-4E69-8CC5-4370B95AD908}.Rackspace|Any CPU.Build.0 = Release|Any CPU
		{37B7DD60-A2CE-4E69-8CC5-4370B95AD908}.Rackspace|x86.ActiveCfg = Release|Any CPU
		{37B7DD60-A2CE-4E69-8CC5-4370B95AD908}.Rackspace|x86.Build.0 = Release|Any CPU
		{37B7DD60-A2CE-4E69-8CC5-4370B95AD908}.Release|Any CPU.ActiveCfg = Release|Any CPU
		{37B7DD60-A2CE-4E69-8CC5-4370B95AD908}.Release|Any CPU.Build.0 = Release|Any CPU
		{37B7DD60-A2CE-4E69-8CC5-4370B95AD908}.Release|x86.ActiveCfg = Release|Any CPU
		{37B7DD60-A2CE-4E69-8CC5-4370B95AD908}.Release|x86.Build.0 = Release|Any CPU
		{37B7DD60-A2CE-4E69-8CC5-4370B95AD908}.Release2|Any CPU.ActiveCfg = Release|Any CPU
		{37B7DD60-A2CE-4E69-8CC5-4370B95AD908}.Release2|Any CPU.Build.0 = Release|Any CPU
		{37B7DD60-A2CE-4E69-8CC5-4370B95AD908}.Release2|x86.ActiveCfg = Release|Any CPU
		{37B7DD60-A2CE-4E69-8CC5-4370B95AD908}.Release2|x86.Build.0 = Release|Any CPU
		{37B7DD60-A2CE-4E69-8CC5-4370B95AD908}.staging|Any CPU.ActiveCfg = Release|Any CPU
		{37B7DD60-A2CE-4E69-8CC5-4370B95AD908}.staging|Any CPU.Build.0 = Release|Any CPU
		{37B7DD60-A2CE-4E69-8CC5-4370B95AD908}.staging|x86.ActiveCfg = Release|Any CPU
		{37B7DD60-A2CE-4E69-8CC5-4370B95AD908}.staging|x86.Build.0 = Release|Any CPU
		{37B7DD60-A2CE-4E69-8CC5-4370B95AD908}.TeamCity|Any CPU.ActiveCfg = Release|Any CPU
		{37B7DD60-A2CE-4E69-8CC5-4370B95AD908}.TeamCity|Any CPU.Build.0 = Release|Any CPU
		{37B7DD60-A2CE-4E69-8CC5-4370B95AD908}.TeamCity|x86.ActiveCfg = Release|Any CPU
		{37B7DD60-A2CE-4E69-8CC5-4370B95AD908}.TeamCity|x86.Build.0 = Release|Any CPU
		{37B7DD60-A2CE-4E69-8CC5-4370B95AD908}.test|Any CPU.ActiveCfg = Release|Any CPU
		{37B7DD60-A2CE-4E69-8CC5-4370B95AD908}.test|Any CPU.Build.0 = Release|Any CPU
		{37B7DD60-A2CE-4E69-8CC5-4370B95AD908}.test|x86.ActiveCfg = Release|Any CPU
		{37B7DD60-A2CE-4E69-8CC5-4370B95AD908}.test|x86.Build.0 = Release|Any CPU
		{37B7DD60-A2CE-4E69-8CC5-4370B95AD908}.test2|Any CPU.ActiveCfg = Release|Any CPU
		{37B7DD60-A2CE-4E69-8CC5-4370B95AD908}.test2|Any CPU.Build.0 = Release|Any CPU
		{37B7DD60-A2CE-4E69-8CC5-4370B95AD908}.test2|x86.ActiveCfg = Release|Any CPU
		{37B7DD60-A2CE-4E69-8CC5-4370B95AD908}.test2|x86.Build.0 = Release|Any CPU
		{37B7DD60-A2CE-4E69-8CC5-4370B95AD908}.test3|Any CPU.ActiveCfg = Release|Any CPU
		{37B7DD60-A2CE-4E69-8CC5-4370B95AD908}.test3|Any CPU.Build.0 = Release|Any CPU
		{37B7DD60-A2CE-4E69-8CC5-4370B95AD908}.test3|x86.ActiveCfg = Release|Any CPU
		{37B7DD60-A2CE-4E69-8CC5-4370B95AD908}.test3|x86.Build.0 = Release|Any CPU
		{37B7DD60-A2CE-4E69-8CC5-4370B95AD908}.work|Any CPU.ActiveCfg = Release|Any CPU
		{37B7DD60-A2CE-4E69-8CC5-4370B95AD908}.work|Any CPU.Build.0 = Release|Any CPU
		{37B7DD60-A2CE-4E69-8CC5-4370B95AD908}.work|x86.ActiveCfg = Release|Any CPU
		{37B7DD60-A2CE-4E69-8CC5-4370B95AD908}.work|x86.Build.0 = Release|Any CPU
	EndGlobalSection
	GlobalSection(SolutionProperties) = preSolution
		HideSolutionNode = FALSE
	EndGlobalSection
	GlobalSection(NestedProjects) = preSolution
		{98AEE43C-4226-49E7-BD46-C1A85467ECED} = {2F5AFEE8-D44F-4D81-BC89-4E17A3180C58}
		{C504E3D2-5498-451B-BF82-309623706F11} = {2F5AFEE8-D44F-4D81-BC89-4E17A3180C58}
		{512DA381-E81B-4121-B978-FC850EC88353} = {2F5AFEE8-D44F-4D81-BC89-4E17A3180C58}
		{A9419D48-27BF-4DA4-B6BD-350FC8E887F4} = {E67027B6-AA0A-46DB-94D4-6E9F8288100C}
		{BC0C6E33-DFEF-4C4E-9E96-997AF3D78BCF} = {2F5AFEE8-D44F-4D81-BC89-4E17A3180C58}
		{9F19265D-148A-4C08-877D-1F686A802BE3} = {E67027B6-AA0A-46DB-94D4-6E9F8288100C}
		{298AF160-14F1-4CA2-8413-F74E100DF3EB} = {E67027B6-AA0A-46DB-94D4-6E9F8288100C}
		{AA7EC494-B0CD-41DB-8BCF-76835AF223B8} = {E67027B6-AA0A-46DB-94D4-6E9F8288100C}
		{37B7DD60-A2CE-4E69-8CC5-4370B95AD908} = {E67027B6-AA0A-46DB-94D4-6E9F8288100C}
	EndGlobalSection
	GlobalSection(ExtensibilityGlobals) = postSolution
		SolutionGuid = {52519C8A-8D4A-40D1-997F-1CCC2E131A39}
	EndGlobalSection
EndGlobal
